
Microsoft Visual Studio Solution File, Format Version 12.00
# Visual Studio 16
#
# This file was generated by MPC.  Any changes made directly to
# this file will be lost the next time it is generated.
#
# MPC Command:
# /home/johnny/DOC_ROOT/stage-9846/ACE_wrappers/bin/mwc.pl -type vs2019 -recurse -hierarchy -relative ACE_ROOT=/home/johnny/DOC_ROOT/stage-9846/ACE_wrappers -relative TAO_ROOT=/home/johnny/DOC_ROOT/stage-9846/ACE_wrappers/TAO -workers 12 -name_modifier "*_vs2019"
Project("{8BC9CEB8-8B4A-11D0-8D11-00A0C91BC942}") = "Activate", "Activate_vs2019.vcxproj", "{5FE6A582-FECA-1BAD-3731-F897C8D3AD0C}"
EndProject
Project("{8BC9CEB8-8B4A-11D0-8D11-00A0C91BC942}") = "Condition_Variables", "Condition_Variables_vs2019.vcxproj", "{FC09CCA1-FECA-1BAD-3731-F897C8D3AD0C}"
EndProject
Project("{8BC9CEB8-8B4A-11D0-8D11-00A0C91BC942}") = "Guards", "Guards_vs2019.vcxproj", "{78E473A3-FECA-1BAD-3731-F897C8D3AD0C}"
EndProject
Project("{8BC9CEB8-8B4A-11D0-8D11-00A0C91BC942}") = "Message_Blocks", "Message_Blocks_vs2019.vcxproj", "{685BC8EB-FECA-1BAD-3731-F897C8D3AD0C}"
EndProject
Project("{8BC9CEB8-8B4A-11D0-8D11-00A0C91BC942}") = "Message_Queue", "Message_Queue_vs2019.vcxproj", "{69AA9486-FECA-1BAD-3731-F897C8D3AD0C}"
EndProject
Project("{8BC9CEB8-8B4A-11D0-8D11-00A0C91BC942}") = "Mutexes", "Mutexes_vs2019.vcxproj", "{7C066702-FECA-1BAD-3731-F897C8D3AD0C}"
EndProject
Global
	GlobalSection(SolutionConfigurationPlatforms) = preSolution
		Debug|ARM = Debug|ARM
		Debug|ARM64 = Debug|ARM64
		Debug|Win32 = Debug|Win32
		Debug|x64 = Debug|x64
		Release|ARM = Release|ARM
		Release|ARM64 = Release|ARM64
		Release|Win32 = Release|Win32
		Release|x64 = Release|x64
	EndGlobalSection
	GlobalSection(ProjectConfigurationPlatforms) = postSolution
		{5FE6A582-FECA-1BAD-3731-F897C8D3AD0C}.Debug|ARM.ActiveCfg = Debug|ARM
		{5FE6A582-FECA-1BAD-3731-F897C8D3AD0C}.Debug|ARM.Build.0 = Debug|ARM
		{5FE6A582-FECA-1BAD-3731-F897C8D3AD0C}.Debug|ARM.Deploy.0 = Debug|ARM
		{5FE6A582-FECA-1BAD-3731-F897C8D3AD0C}.Debug|ARM64.ActiveCfg = Debug|ARM64
		{5FE6A582-FECA-1BAD-3731-F897C8D3AD0C}.Debug|ARM64.Build.0 = Debug|ARM64
		{5FE6A582-FECA-1BAD-3731-F897C8D3AD0C}.Debug|ARM64.Deploy.0 = Debug|ARM64
		{5FE6A582-FECA-1BAD-3731-F897C8D3AD0C}.Debug|Win32.ActiveCfg = Debug|Win32
		{5FE6A582-FECA-1BAD-3731-F897C8D3AD0C}.Debug|Win32.Build.0 = Debug|Win32
		{5FE6A582-FECA-1BAD-3731-F897C8D3AD0C}.Debug|x64.ActiveCfg = Debug|x64
		{5FE6A582-FECA-1BAD-3731-F897C8D3AD0C}.Debug|x64.Build.0 = Debug|x64
		{5FE6A582-FECA-1BAD-3731-F897C8D3AD0C}.Release|ARM.ActiveCfg = Release|ARM
		{5FE6A582-FECA-1BAD-3731-F897C8D3AD0C}.Release|ARM.Build.0 = Release|ARM
		{5FE6A582-FECA-1BAD-3731-F897C8D3AD0C}.Release|ARM.Deploy.0 = Release|ARM
		{5FE6A582-FECA-1BAD-3731-F897C8D3AD0C}.Release|ARM64.ActiveCfg = Release|ARM64
		{5FE6A582-FECA-1BAD-3731-F897C8D3AD0C}.Release|ARM64.Build.0 = Release|ARM64
		{5FE6A582-FECA-1BAD-3731-F897C8D3AD0C}.Release|ARM64.Deploy.0 = Release|ARM64
		{5FE6A582-FECA-1BAD-3731-F897C8D3AD0C}.Release|Win32.ActiveCfg = Release|Win32
		{5FE6A582-FECA-1BAD-3731-F897C8D3AD0C}.Release|Win32.Build.0 = Release|Win32
		{5FE6A582-FECA-1BAD-3731-F897C8D3AD0C}.Release|x64.ActiveCfg = Release|x64
		{5FE6A582-FECA-1BAD-3731-F897C8D3AD0C}.Release|x64.Build.0 = Release|x64
		{FC09CCA1-FECA-1BAD-3731-F897C8D3AD0C}.Debug|ARM.ActiveCfg = Debug|ARM
		{FC09CCA1-FECA-1BAD-3731-F897C8D3AD0C}.Debug|ARM.Build.0 = Debug|ARM
		{FC09CCA1-FECA-1BAD-3731-F897C8D3AD0C}.Debug|ARM.Deploy.0 = Debug|ARM
		{FC09CCA1-FECA-1BAD-3731-F897C8D3AD0C}.Debug|ARM64.ActiveCfg = Debug|ARM64
		{FC09CCA1-FECA-1BAD-3731-F897C8D3AD0C}.Debug|ARM64.Build.0 = Debug|ARM64
		{FC09CCA1-FECA-1BAD-3731-F897C8D3AD0C}.Debug|ARM64.Deploy.0 = Debug|ARM64
		{FC09CCA1-FECA-1BAD-3731-F897C8D3AD0C}.Debug|Win32.ActiveCfg = Debug|Win32
		{FC09CCA1-FECA-1BAD-3731-F897C8D3AD0C}.Debug|Win32.Build.0 = Debug|Win32
		{FC09CCA1-FECA-1BAD-3731-F897C8D3AD0C}.Debug|x64.ActiveCfg = Debug|x64
		{FC09CCA1-FECA-1BAD-3731-F897C8D3AD0C}.Debug|x64.Build.0 = Debug|x64
		{FC09CCA1-FECA-1BAD-3731-F897C8D3AD0C}.Release|ARM.ActiveCfg = Release|ARM
		{FC09CCA1-FECA-1BAD-3731-F897C8D3AD0C}.Release|ARM.Build.0 = Release|ARM
		{FC09CCA1-FECA-1BAD-3731-F897C8D3AD0C}.Release|ARM.Deploy.0 = Release|ARM
		{FC09CCA1-FECA-1BAD-3731-F897C8D3AD0C}.Release|ARM64.ActiveCfg = Release|ARM64
		{FC09CCA1-FECA-1BAD-3731-F897C8D3AD0C}.Release|ARM64.Build.0 = Release|ARM64
		{FC09CCA1-FECA-1BAD-3731-F897C8D3AD0C}.Release|ARM64.Deploy.0 = Release|ARM64
		{FC09CCA1-FECA-1BAD-3731-F897C8D3AD0C}.Release|Win32.ActiveCfg = Release|Win32
		{FC09CCA1-FECA-1BAD-3731-F897C8D3AD0C}.Release|Win32.Build.0 = Release|Win32
		{FC09CCA1-FECA-1BAD-3731-F897C8D3AD0C}.Release|x64.ActiveCfg = Release|x64
		{FC09CCA1-FECA-1BAD-3731-F897C8D3AD0C}.Release|x64.Build.0 = Release|x64
		{78E473A3-FECA-1BAD-3731-F897C8D3AD0C}.Debug|ARM.ActiveCfg = Debug|ARM
		{78E473A3-FECA-1BAD-3731-F897C8D3AD0C}.Debug|ARM.Build.0 = Debug|ARM
		{78E473A3-FECA-1BAD-3731-F897C8D3AD0C}.Debug|ARM.Deploy.0 = Debug|ARM
		{78E473A3-FECA-1BAD-3731-F897C8D3AD0C}.Debug|ARM64.ActiveCfg = Debug|ARM64
		{78E473A3-FECA-1BAD-3731-F897C8D3AD0C}.Debug|ARM64.Build.0 = Debug|ARM64
		{78E473A3-FECA-1BAD-3731-F897C8D3AD0C}.Debug|ARM64.Deploy.0 = Debug|ARM64
		{78E473A3-FECA-1BAD-3731-F897C8D3AD0C}.Debug|Win32.ActiveCfg = Debug|Win32
		{78E473A3-FECA-1BAD-3731-F897C8D3AD0C}.Debug|Win32.Build.0 = Debug|Win32
		{78E473A3-FECA-1BAD-3731-F897C8D3AD0C}.Debug|x64.ActiveCfg = Debug|x64
		{78E473A3-FECA-1BAD-3731-F897C8D3AD0C}.Debug|x64.Build.0 = Debug|x64
		{78E473A3-FECA-1BAD-3731-F897C8D3AD0C}.Release|ARM.ActiveCfg = Release|ARM
		{78E473A3-FECA-1BAD-3731-F897C8D3AD0C}.Release|ARM.Build.0 = Release|ARM
		{78E473A3-FECA-1BAD-3731-F897C8D3AD0C}.Release|ARM.Deploy.0 = Release|ARM
		{78E473A3-FECA-1BAD-3731-F897C8D3AD0C}.Release|ARM64.ActiveCfg = Release|ARM64
		{78E473A3-FECA-1BAD-3731-F897C8D3AD0C}.Release|ARM64.Build.0 = Release|ARM64
		{78E473A3-FECA-1BAD-3731-F897C8D3AD0C}.Release|ARM64.Deploy.0 = Release|ARM64
		{78E473A3-FECA-1BAD-3731-F897C8D3AD0C}.Release|Win32.ActiveCfg = Release|Win32
		{78E473A3-FECA-1BAD-3731-F897C8D3AD0C}.Release|Win32.Build.0 = Release|Win32
		{78E473A3-FECA-1BAD-3731-F897C8D3AD0C}.Release|x64.ActiveCfg = Release|x64
		{78E473A3-FECA-1BAD-3731-F897C8D3AD0C}.Release|x64.Build.0 = Release|x64
		{685BC8EB-FECA-1BAD-3731-F897C8D3AD0C}.Debug|ARM.ActiveCfg = Debug|ARM
		{685BC8EB-FECA-1BAD-3731-F897C8D3AD0C}.Debug|ARM.Build.0 = Debug|ARM
		{685BC8EB-FECA-1BAD-3731-F897C8D3AD0C}.Debug|ARM.Deploy.0 = Debug|ARM
		{685BC8EB-FECA-1BAD-3731-F897C8D3AD0C}.Debug|ARM64.ActiveCfg = Debug|ARM64
		{685BC8EB-FECA-1BAD-3731-F897C8D3AD0C}.Debug|ARM64.Build.0 = Debug|ARM64
		{685BC8EB-FECA-1BAD-3731-F897C8D3AD0C}.Debug|ARM64.Deploy.0 = Debug|ARM64
		{685BC8EB-FECA-1BAD-3731-F897C8D3AD0C}.Debug|Win32.ActiveCfg = Debug|Win32
		{685BC8EB-FECA-1BAD-3731-F897C8D3AD0C}.Debug|Win32.Build.0 = Debug|Win32
		{685BC8EB-FECA-1BAD-3731-F897C8D3AD0C}.Debug|x64.ActiveCfg = Debug|x64
		{685BC8EB-FECA-1BAD-3731-F897C8D3AD0C}.Debug|x64.Build.0 = Debug|x64
		{685BC8EB-FECA-1BAD-3731-F897C8D3AD0C}.Release|ARM.ActiveCfg = Release|ARM
		{685BC8EB-FECA-1BAD-3731-F897C8D3AD0C}.Release|ARM.Build.0 = Release|ARM
		{685BC8EB-FECA-1BAD-3731-F897C8D3AD0C}.Release|ARM.Deploy.0 = Release|ARM
		{685BC8EB-FECA-1BAD-3731-F897C8D3AD0C}.Release|ARM64.ActiveCfg = Release|ARM64
		{685BC8EB-FECA-1BAD-3731-F897C8D3AD0C}.Release|ARM64.Build.0 = Release|ARM64
		{685BC8EB-FECA-1BAD-3731-F897C8D3AD0C}.Release|ARM64.Deploy.0 = Release|ARM64
		{685BC8EB-FECA-1BAD-3731-F897C8D3AD0C}.Release|Win32.ActiveCfg = Release|Win32
		{685BC8EB-FECA-1BAD-3731-F897C8D3AD0C}.Release|Win32.Build.0 = Release|Win32
		{685BC8EB-FECA-1BAD-3731-F897C8D3AD0C}.Release|x64.ActiveCfg = Release|x64
		{685BC8EB-FECA-1BAD-3731-F897C8D3AD0C}.Release|x64.Build.0 = Release|x64
		{69AA9486-FECA-1BAD-3731-F897C8D3AD0C}.Debug|ARM.ActiveCfg = Debug|ARM
		{69AA9486-FECA-1BAD-3731-F897C8D3AD0C}.Debug|ARM.Build.0 = Debug|ARM
		{69AA9486-FECA-1BAD-3731-F897C8D3AD0C}.Debug|ARM.Deploy.0 = Debug|ARM
		{69AA9486-FECA-1BAD-3731-F897C8D3AD0C}.Debug|ARM64.ActiveCfg = Debug|ARM64
		{69AA9486-FECA-1BAD-3731-F897C8D3AD0C}.Debug|ARM64.Build.0 = Debug|ARM64
		{69AA9486-FECA-1BAD-3731-F897C8D3AD0C}.Debug|ARM64.Deploy.0 = Debug|ARM64
		{69AA9486-FECA-1BAD-3731-F897C8D3AD0C}.Debug|Win32.ActiveCfg = Debug|Win32
		{69AA9486-FECA-1BAD-3731-F897C8D3AD0C}.Debug|Win32.Build.0 = Debug|Win32
		{69AA9486-FECA-1BAD-3731-F897C8D3AD0C}.Debug|x64.ActiveCfg = Debug|x64
		{69AA9486-FECA-1BAD-3731-F897C8D3AD0C}.Debug|x64.Build.0 = Debug|x64
		{69AA9486-FECA-1BAD-3731-F897C8D3AD0C}.Release|ARM.ActiveCfg = Release|ARM
		{69AA9486-FECA-1BAD-3731-F897C8D3AD0C}.Release|ARM.Build.0 = Release|ARM
		{69AA9486-FECA-1BAD-3731-F897C8D3AD0C}.Release|ARM.Deploy.0 = Release|ARM
		{69AA9486-FECA-1BAD-3731-F897C8D3AD0C}.Release|ARM64.ActiveCfg = Release|ARM64
		{69AA9486-FECA-1BAD-3731-F897C8D3AD0C}.Release|ARM64.Build.0 = Release|ARM64
		{69AA9486-FECA-1BAD-3731-F897C8D3AD0C}.Release|ARM64.Deploy.0 = Release|ARM64
		{69AA9486-FECA-1BAD-3731-F897C8D3AD0C}.Release|Win32.ActiveCfg = Release|Win32
		{69AA9486-FECA-1BAD-3731-F897C8D3AD0C}.Release|Win32.Build.0 = Release|Win32
		{69AA9486-FECA-1BAD-3731-F897C8D3AD0C}.Release|x64.ActiveCfg = Release|x64
		{69AA9486-FECA-1BAD-3731-F897C8D3AD0C}.Release|x64.Build.0 = Release|x64
		{7C066702-FECA-1BAD-3731-F897C8D3AD0C}.Debug|ARM.ActiveCfg = Debug|ARM
		{7C066702-FECA-1BAD-3731-F897C8D3AD0C}.Debug|ARM.Build.0 = Debug|ARM
		{7C066702-FECA-1BAD-3731-F897C8D3AD0C}.Debug|ARM.Deploy.0 = Debug|ARM
		{7C066702-FECA-1BAD-3731-F897C8D3AD0C}.Debug|ARM64.ActiveCfg = Debug|ARM64
		{7C066702-FECA-1BAD-3731-F897C8D3AD0C}.Debug|ARM64.Build.0 = Debug|ARM64
		{7C066702-FECA-1BAD-3731-F897C8D3AD0C}.Debug|ARM64.Deploy.0 = Debug|ARM64
		{7C066702-FECA-1BAD-3731-F897C8D3AD0C}.Debug|Win32.ActiveCfg = Debug|Win32
		{7C066702-FECA-1BAD-3731-F897C8D3AD0C}.Debug|Win32.Build.0 = Debug|Win32
		{7C066702-FECA-1BAD-3731-F897C8D3AD0C}.Debug|x64.ActiveCfg = Debug|x64
		{7C066702-FECA-1BAD-3731-F897C8D3AD0C}.Debug|x64.Build.0 = Debug|x64
		{7C066702-FECA-1BAD-3731-F897C8D3AD0C}.Release|ARM.ActiveCfg = Release|ARM
		{7C066702-FECA-1BAD-3731-F897C8D3AD0C}.Release|ARM.Build.0 = Release|ARM
		{7C066702-FECA-1BAD-3731-F897C8D3AD0C}.Release|ARM.Deploy.0 = Release|ARM
		{7C066702-FECA-1BAD-3731-F897C8D3AD0C}.Release|ARM64.ActiveCfg = Release|ARM64
		{7C066702-FECA-1BAD-3731-F897C8D3AD0C}.Release|ARM64.Build.0 = Release|ARM64
		{7C066702-FECA-1BAD-3731-F897C8D3AD0C}.Release|ARM64.Deploy.0 = Release|ARM64
		{7C066702-FECA-1BAD-3731-F897C8D3AD0C}.Release|Win32.ActiveCfg = Release|Win32
		{7C066702-FECA-1BAD-3731-F897C8D3AD0C}.Release|Win32.Build.0 = Release|Win32
		{7C066702-FECA-1BAD-3731-F897C8D3AD0C}.Release|x64.ActiveCfg = Release|x64
		{7C066702-FECA-1BAD-3731-F897C8D3AD0C}.Release|x64.Build.0 = Release|x64
	EndGlobalSection
	GlobalSection(SolutionProperties) = preSolution
		HideSolutionNode = FALSE
	EndGlobalSection
EndGlobal
