
Microsoft Visual Studio Solution File, Format Version 12.00
# Visual Studio 16
#
# This file was generated by MPC.  Any changes made directly to
# this file will be lost the next time it is generated.
#
# MPC Command:
# /home/johnny/DOC_ROOT/stage-9846/ACE_wrappers/bin/mwc.pl -type vs2019 -recurse -hierarchy -relative ACE_ROOT=/home/johnny/DOC_ROOT/stage-9846/ACE_wrappers -relative TAO_ROOT=/home/johnny/DOC_ROOT/stage-9846/ACE_wrappers/TAO -workers 12 -name_modifier "*_vs2019"
Project("{8BC9CEB8-8B4A-11D0-8D11-00A0C91BC942}") = "ARGV_Example", "ARGV_Example_vs2019.vcxproj", "{238A7BE8-FECA-1BAD-80F5-8C3AFDFBF954}"
EndProject
Project("{8BC9CEB8-8B4A-11D0-8D11-00A0C91BC942}") = "Config_HA_Status", "Config_HA_Status_vs2019.vcxproj", "{F9986CF9-FECA-1BAD-80F5-8C3AFDFBF954}"
EndProject
Project("{8BC9CEB8-8B4A-11D0-8D11-00A0C91BC942}") = "Get_Opt_Long", "Get_Opt_Long_vs2019.vcxproj", "{80D5BE59-FECA-1BAD-80F5-8C3AFDFBF954}"
EndProject
Project("{8BC9CEB8-8B4A-11D0-8D11-00A0C91BC942}") = "Get_Opt", "Get_Opt_vs2019.vcxproj", "{0CB65E67-FECA-1BAD-80F5-8C3AFDFBF954}"
EndProject
Global
	GlobalSection(SolutionConfigurationPlatforms) = preSolution
		Debug|ARM = Debug|ARM
		Debug|ARM64 = Debug|ARM64
		Debug|Win32 = Debug|Win32
		Debug|x64 = Debug|x64
		Release|ARM = Release|ARM
		Release|ARM64 = Release|ARM64
		Release|Win32 = Release|Win32
		Release|x64 = Release|x64
	EndGlobalSection
	GlobalSection(ProjectConfigurationPlatforms) = postSolution
		{238A7BE8-FECA-1BAD-80F5-8C3AFDFBF954}.Debug|ARM.ActiveCfg = Debug|ARM
		{238A7BE8-FECA-1BAD-80F5-8C3AFDFBF954}.Debug|ARM.Build.0 = Debug|ARM
		{238A7BE8-FECA-1BAD-80F5-8C3AFDFBF954}.Debug|ARM.Deploy.0 = Debug|ARM
		{238A7BE8-FECA-1BAD-80F5-8C3AFDFBF954}.Debug|ARM64.ActiveCfg = Debug|ARM64
		{238A7BE8-FECA-1BAD-80F5-8C3AFDFBF954}.Debug|ARM64.Build.0 = Debug|ARM64
		{238A7BE8-FECA-1BAD-80F5-8C3AFDFBF954}.Debug|ARM64.Deploy.0 = Debug|ARM64
		{238A7BE8-FECA-1BAD-80F5-8C3AFDFBF954}.Debug|Win32.ActiveCfg = Debug|Win32
		{238A7BE8-FECA-1BAD-80F5-8C3AFDFBF954}.Debug|Win32.Build.0 = Debug|Win32
		{238A7BE8-FECA-1BAD-80F5-8C3AFDFBF954}.Debug|x64.ActiveCfg = Debug|x64
		{238A7BE8-FECA-1BAD-80F5-8C3AFDFBF954}.Debug|x64.Build.0 = Debug|x64
		{238A7BE8-FECA-1BAD-80F5-8C3AFDFBF954}.Release|ARM.ActiveCfg = Release|ARM
		{238A7BE8-FECA-1BAD-80F5-8C3AFDFBF954}.Release|ARM.Build.0 = Release|ARM
		{238A7BE8-FECA-1BAD-80F5-8C3AFDFBF954}.Release|ARM.Deploy.0 = Release|ARM
		{238A7BE8-FECA-1BAD-80F5-8C3AFDFBF954}.Release|ARM64.ActiveCfg = Release|ARM64
		{238A7BE8-FECA-1BAD-80F5-8C3AFDFBF954}.Release|ARM64.Build.0 = Release|ARM64
		{238A7BE8-FECA-1BAD-80F5-8C3AFDFBF954}.Release|ARM64.Deploy.0 = Release|ARM64
		{238A7BE8-FECA-1BAD-80F5-8C3AFDFBF954}.Release|Win32.ActiveCfg = Release|Win32
		{238A7BE8-FECA-1BAD-80F5-8C3AFDFBF954}.Release|Win32.Build.0 = Release|Win32
		{238A7BE8-FECA-1BAD-80F5-8C3AFDFBF954}.Release|x64.ActiveCfg = Release|x64
		{238A7BE8-FECA-1BAD-80F5-8C3AFDFBF954}.Release|x64.Build.0 = Release|x64
		{F9986CF9-FECA-1BAD-80F5-8C3AFDFBF954}.Debug|ARM.ActiveCfg = Debug|ARM
		{F9986CF9-FECA-1BAD-80F5-8C3AFDFBF954}.Debug|ARM.Build.0 = Debug|ARM
		{F9986CF9-FECA-1BAD-80F5-8C3AFDFBF954}.Debug|ARM.Deploy.0 = Debug|ARM
		{F9986CF9-FECA-1BAD-80F5-8C3AFDFBF954}.Debug|ARM64.ActiveCfg = Debug|ARM64
		{F9986CF9-FECA-1BAD-80F5-8C3AFDFBF954}.Debug|ARM64.Build.0 = Debug|ARM64
		{F9986CF9-FECA-1BAD-80F5-8C3AFDFBF954}.Debug|ARM64.Deploy.0 = Debug|ARM64
		{F9986CF9-FECA-1BAD-80F5-8C3AFDFBF954}.Debug|Win32.ActiveCfg = Debug|Win32
		{F9986CF9-FECA-1BAD-80F5-8C3AFDFBF954}.Debug|Win32.Build.0 = Debug|Win32
		{F9986CF9-FECA-1BAD-80F5-8C3AFDFBF954}.Debug|x64.ActiveCfg = Debug|x64
		{F9986CF9-FECA-1BAD-80F5-8C3AFDFBF954}.Debug|x64.Build.0 = Debug|x64
		{F9986CF9-FECA-1BAD-80F5-8C3AFDFBF954}.Release|ARM.ActiveCfg = Release|ARM
		{F9986CF9-FECA-1BAD-80F5-8C3AFDFBF954}.Release|ARM.Build.0 = Release|ARM
		{F9986CF9-FECA-1BAD-80F5-8C3AFDFBF954}.Release|ARM.Deploy.0 = Release|ARM
		{F9986CF9-FECA-1BAD-80F5-8C3AFDFBF954}.Release|ARM64.ActiveCfg = Release|ARM64
		{F9986CF9-FECA-1BAD-80F5-8C3AFDFBF954}.Release|ARM64.Build.0 = Release|ARM64
		{F9986CF9-FECA-1BAD-80F5-8C3AFDFBF954}.Release|ARM64.Deploy.0 = Release|ARM64
		{F9986CF9-FECA-1BAD-80F5-8C3AFDFBF954}.Release|Win32.ActiveCfg = Release|Win32
		{F9986CF9-FECA-1BAD-80F5-8C3AFDFBF954}.Release|Win32.Build.0 = Release|Win32
		{F9986CF9-FECA-1BAD-80F5-8C3AFDFBF954}.Release|x64.ActiveCfg = Release|x64
		{F9986CF9-FECA-1BAD-80F5-8C3AFDFBF954}.Release|x64.Build.0 = Release|x64
		{80D5BE59-FECA-1BAD-80F5-8C3AFDFBF954}.Debug|ARM.ActiveCfg = Debug|ARM
		{80D5BE59-FECA-1BAD-80F5-8C3AFDFBF954}.Debug|ARM.Build.0 = Debug|ARM
		{80D5BE59-FECA-1BAD-80F5-8C3AFDFBF954}.Debug|ARM.Deploy.0 = Debug|ARM
		{80D5BE59-FECA-1BAD-80F5-8C3AFDFBF954}.Debug|ARM64.ActiveCfg = Debug|ARM64
		{80D5BE59-FECA-1BAD-80F5-8C3AFDFBF954}.Debug|ARM64.Build.0 = Debug|ARM64
		{80D5BE59-FECA-1BAD-80F5-8C3AFDFBF954}.Debug|ARM64.Deploy.0 = Debug|ARM64
		{80D5BE59-FECA-1BAD-80F5-8C3AFDFBF954}.Debug|Win32.ActiveCfg = Debug|Win32
		{80D5BE59-FECA-1BAD-80F5-8C3AFDFBF954}.Debug|Win32.Build.0 = Debug|Win32
		{80D5BE59-FECA-1BAD-80F5-8C3AFDFBF954}.Debug|x64.ActiveCfg = Debug|x64
		{80D5BE59-FECA-1BAD-80F5-8C3AFDFBF954}.Debug|x64.Build.0 = Debug|x64
		{80D5BE59-FECA-1BAD-80F5-8C3AFDFBF954}.Release|ARM.ActiveCfg = Release|ARM
		{80D5BE59-FECA-1BAD-80F5-8C3AFDFBF954}.Release|ARM.Build.0 = Release|ARM
		{80D5BE59-FECA-1BAD-80F5-8C3AFDFBF954}.Release|ARM.Deploy.0 = Release|ARM
		{80D5BE59-FECA-1BAD-80F5-8C3AFDFBF954}.Release|ARM64.ActiveCfg = Release|ARM64
		{80D5BE59-FECA-1BAD-80F5-8C3AFDFBF954}.Release|ARM64.Build.0 = Release|ARM64
		{80D5BE59-FECA-1BAD-80F5-8C3AFDFBF954}.Release|ARM64.Deploy.0 = Release|ARM64
		{80D5BE59-FECA-1BAD-80F5-8C3AFDFBF954}.Release|Win32.ActiveCfg = Release|Win32
		{80D5BE59-FECA-1BAD-80F5-8C3AFDFBF954}.Release|Win32.Build.0 = Release|Win32
		{80D5BE59-FECA-1BAD-80F5-8C3AFDFBF954}.Release|x64.ActiveCfg = Release|x64
		{80D5BE59-FECA-1BAD-80F5-8C3AFDFBF954}.Release|x64.Build.0 = Release|x64
		{0CB65E67-FECA-1BAD-80F5-8C3AFDFBF954}.Debug|ARM.ActiveCfg = Debug|ARM
		{0CB65E67-FECA-1BAD-80F5-8C3AFDFBF954}.Debug|ARM.Build.0 = Debug|ARM
		{0CB65E67-FECA-1BAD-80F5-8C3AFDFBF954}.Debug|ARM.Deploy.0 = Debug|ARM
		{0CB65E67-FECA-1BAD-80F5-8C3AFDFBF954}.Debug|ARM64.ActiveCfg = Debug|ARM64
		{0CB65E67-FECA-1BAD-80F5-8C3AFDFBF954}.Debug|ARM64.Build.0 = Debug|ARM64
		{0CB65E67-FECA-1BAD-80F5-8C3AFDFBF954}.Debug|ARM64.Deploy.0 = Debug|ARM64
		{0CB65E67-FECA-1BAD-80F5-8C3AFDFBF954}.Debug|Win32.ActiveCfg = Debug|Win32
		{0CB65E67-FECA-1BAD-80F5-8C3AFDFBF954}.Debug|Win32.Build.0 = Debug|Win32
		{0CB65E67-FECA-1BAD-80F5-8C3AFDFBF954}.Debug|x64.ActiveCfg = Debug|x64
		{0CB65E67-FECA-1BAD-80F5-8C3AFDFBF954}.Debug|x64.Build.0 = Debug|x64
		{0CB65E67-FECA-1BAD-80F5-8C3AFDFBF954}.Release|ARM.ActiveCfg = Release|ARM
		{0CB65E67-FECA-1BAD-80F5-8C3AFDFBF954}.Release|ARM.Build.0 = Release|ARM
		{0CB65E67-FECA-1BAD-80F5-8C3AFDFBF954}.Release|ARM.Deploy.0 = Release|ARM
		{0CB65E67-FECA-1BAD-80F5-8C3AFDFBF954}.Release|ARM64.ActiveCfg = Release|ARM64
		{0CB65E67-FECA-1BAD-80F5-8C3AFDFBF954}.Release|ARM64.Build.0 = Release|ARM64
		{0CB65E67-FECA-1BAD-80F5-8C3AFDFBF954}.Release|ARM64.Deploy.0 = Release|ARM64
		{0CB65E67-FECA-1BAD-80F5-8C3AFDFBF954}.Release|Win32.ActiveCfg = Release|Win32
		{0CB65E67-FECA-1BAD-80F5-8C3AFDFBF954}.Release|Win32.Build.0 = Release|Win32
		{0CB65E67-FECA-1BAD-80F5-8C3AFDFBF954}.Release|x64.ActiveCfg = Release|x64
		{0CB65E67-FECA-1BAD-80F5-8C3AFDFBF954}.Release|x64.Build.0 = Release|x64
	EndGlobalSection
	GlobalSection(SolutionProperties) = preSolution
		HideSolutionNode = FALSE
	EndGlobalSection
EndGlobal
