
Microsoft Visual Studio Solution File, Format Version 12.00
# Visual Studio 16
#
# This file was generated by MPC.  Any changes made directly to
# this file will be lost the next time it is generated.
#
# MPC Command:
# /home/johnny/DOC_ROOT/stage-9846/ACE_wrappers/bin/mwc.pl -type vs2019 -recurse -hierarchy -relative ACE_ROOT=/home/johnny/DOC_ROOT/stage-9846/ACE_wrappers -relative TAO_ROOT=/home/johnny/DOC_ROOT/stage-9846/ACE_wrappers/TAO -workers 12 -name_modifier "*_vs2019"
Project("{8BC9CEB8-8B4A-11D0-8D11-00A0C91BC942}") = "FTP_Simple_exec", "INet\FTP_Simple_exec_vs2019.vcxproj", "{DA358D5C-FECA-1BAD-F826-8A6564C116DB}"
EndProject
Project("{8BC9CEB8-8B4A-11D0-8D11-00A0C91BC942}") = "HTTP_Simple_exec", "INet\HTTP_Simple_exec_vs2019.vcxproj", "{93158D5C-FECA-1BAD-F826-8A6564C116DB}"
EndProject
Project("{8BC9CEB8-8B4A-11D0-8D11-00A0C91BC942}") = "Send_Msg_Receiver", "RMCast\Send_Msg\Send_Msg_Receiver_vs2019.vcxproj", "{9F10C1B5-FECA-1BAD-BA50-D9E259FB2871}"
EndProject
Project("{8BC9CEB8-8B4A-11D0-8D11-00A0C91BC942}") = "Send_Msg_Sender", "RMCast\Send_Msg\Send_Msg_Sender_vs2019.vcxproj", "{3F52FC78-FECA-1BAD-BA50-D9E259FB2871}"
EndProject
Project("{8BC9CEB8-8B4A-11D0-8D11-00A0C91BC942}") = "Member", "TMCast\Member\Member_vs2019.vcxproj", "{68EF7EA2-FECA-1BAD-B420-8ED027BFCEB0}"
EndProject
Global
	GlobalSection(SolutionConfigurationPlatforms) = preSolution
		Debug|ARM = Debug|ARM
		Debug|ARM64 = Debug|ARM64
		Debug|Win32 = Debug|Win32
		Debug|x64 = Debug|x64
		Release|ARM = Release|ARM
		Release|ARM64 = Release|ARM64
		Release|Win32 = Release|Win32
		Release|x64 = Release|x64
	EndGlobalSection
	GlobalSection(ProjectConfigurationPlatforms) = postSolution
		{DA358D5C-FECA-1BAD-F826-8A6564C116DB}.Debug|ARM.ActiveCfg = Debug|ARM
		{DA358D5C-FECA-1BAD-F826-8A6564C116DB}.Debug|ARM.Build.0 = Debug|ARM
		{DA358D5C-FECA-1BAD-F826-8A6564C116DB}.Debug|ARM.Deploy.0 = Debug|ARM
		{DA358D5C-FECA-1BAD-F826-8A6564C116DB}.Debug|ARM64.ActiveCfg = Debug|ARM64
		{DA358D5C-FECA-1BAD-F826-8A6564C116DB}.Debug|ARM64.Build.0 = Debug|ARM64
		{DA358D5C-FECA-1BAD-F826-8A6564C116DB}.Debug|ARM64.Deploy.0 = Debug|ARM64
		{DA358D5C-FECA-1BAD-F826-8A6564C116DB}.Debug|Win32.ActiveCfg = Debug|Win32
		{DA358D5C-FECA-1BAD-F826-8A6564C116DB}.Debug|Win32.Build.0 = Debug|Win32
		{DA358D5C-FECA-1BAD-F826-8A6564C116DB}.Debug|x64.ActiveCfg = Debug|x64
		{DA358D5C-FECA-1BAD-F826-8A6564C116DB}.Debug|x64.Build.0 = Debug|x64
		{DA358D5C-FECA-1BAD-F826-8A6564C116DB}.Release|ARM.ActiveCfg = Release|ARM
		{DA358D5C-FECA-1BAD-F826-8A6564C116DB}.Release|ARM.Build.0 = Release|ARM
		{DA358D5C-FECA-1BAD-F826-8A6564C116DB}.Release|ARM.Deploy.0 = Release|ARM
		{DA358D5C-FECA-1BAD-F826-8A6564C116DB}.Release|ARM64.ActiveCfg = Release|ARM64
		{DA358D5C-FECA-1BAD-F826-8A6564C116DB}.Release|ARM64.Build.0 = Release|ARM64
		{DA358D5C-FECA-1BAD-F826-8A6564C116DB}.Release|ARM64.Deploy.0 = Release|ARM64
		{DA358D5C-FECA-1BAD-F826-8A6564C116DB}.Release|Win32.ActiveCfg = Release|Win32
		{DA358D5C-FECA-1BAD-F826-8A6564C116DB}.Release|Win32.Build.0 = Release|Win32
		{DA358D5C-FECA-1BAD-F826-8A6564C116DB}.Release|x64.ActiveCfg = Release|x64
		{DA358D5C-FECA-1BAD-F826-8A6564C116DB}.Release|x64.Build.0 = Release|x64
		{93158D5C-FECA-1BAD-F826-8A6564C116DB}.Debug|ARM.ActiveCfg = Debug|ARM
		{93158D5C-FECA-1BAD-F826-8A6564C116DB}.Debug|ARM.Build.0 = Debug|ARM
		{93158D5C-FECA-1BAD-F826-8A6564C116DB}.Debug|ARM.Deploy.0 = Debug|ARM
		{93158D5C-FECA-1BAD-F826-8A6564C116DB}.Debug|ARM64.ActiveCfg = Debug|ARM64
		{93158D5C-FECA-1BAD-F826-8A6564C116DB}.Debug|ARM64.Build.0 = Debug|ARM64
		{93158D5C-FECA-1BAD-F826-8A6564C116DB}.Debug|ARM64.Deploy.0 = Debug|ARM64
		{93158D5C-FECA-1BAD-F826-8A6564C116DB}.Debug|Win32.ActiveCfg = Debug|Win32
		{93158D5C-FECA-1BAD-F826-8A6564C116DB}.Debug|Win32.Build.0 = Debug|Win32
		{93158D5C-FECA-1BAD-F826-8A6564C116DB}.Debug|x64.ActiveCfg = Debug|x64
		{93158D5C-FECA-1BAD-F826-8A6564C116DB}.Debug|x64.Build.0 = Debug|x64
		{93158D5C-FECA-1BAD-F826-8A6564C116DB}.Release|ARM.ActiveCfg = Release|ARM
		{93158D5C-FECA-1BAD-F826-8A6564C116DB}.Release|ARM.Build.0 = Release|ARM
		{93158D5C-FECA-1BAD-F826-8A6564C116DB}.Release|ARM.Deploy.0 = Release|ARM
		{93158D5C-FECA-1BAD-F826-8A6564C116DB}.Release|ARM64.ActiveCfg = Release|ARM64
		{93158D5C-FECA-1BAD-F826-8A6564C116DB}.Release|ARM64.Build.0 = Release|ARM64
		{93158D5C-FECA-1BAD-F826-8A6564C116DB}.Release|ARM64.Deploy.0 = Release|ARM64
		{93158D5C-FECA-1BAD-F826-8A6564C116DB}.Release|Win32.ActiveCfg = Release|Win32
		{93158D5C-FECA-1BAD-F826-8A6564C116DB}.Release|Win32.Build.0 = Release|Win32
		{93158D5C-FECA-1BAD-F826-8A6564C116DB}.Release|x64.ActiveCfg = Release|x64
		{93158D5C-FECA-1BAD-F826-8A6564C116DB}.Release|x64.Build.0 = Release|x64
		{9F10C1B5-FECA-1BAD-BA50-D9E259FB2871}.Debug|ARM.ActiveCfg = Debug|ARM
		{9F10C1B5-FECA-1BAD-BA50-D9E259FB2871}.Debug|ARM.Build.0 = Debug|ARM
		{9F10C1B5-FECA-1BAD-BA50-D9E259FB2871}.Debug|ARM.Deploy.0 = Debug|ARM
		{9F10C1B5-FECA-1BAD-BA50-D9E259FB2871}.Debug|ARM64.ActiveCfg = Debug|ARM64
		{9F10C1B5-FECA-1BAD-BA50-D9E259FB2871}.Debug|ARM64.Build.0 = Debug|ARM64
		{9F10C1B5-FECA-1BAD-BA50-D9E259FB2871}.Debug|ARM64.Deploy.0 = Debug|ARM64
		{9F10C1B5-FECA-1BAD-BA50-D9E259FB2871}.Debug|Win32.ActiveCfg = Debug|Win32
		{9F10C1B5-FECA-1BAD-BA50-D9E259FB2871}.Debug|Win32.Build.0 = Debug|Win32
		{9F10C1B5-FECA-1BAD-BA50-D9E259FB2871}.Debug|x64.ActiveCfg = Debug|x64
		{9F10C1B5-FECA-1BAD-BA50-D9E259FB2871}.Debug|x64.Build.0 = Debug|x64
		{9F10C1B5-FECA-1BAD-BA50-D9E259FB2871}.Release|ARM.ActiveCfg = Release|ARM
		{9F10C1B5-FECA-1BAD-BA50-D9E259FB2871}.Release|ARM.Build.0 = Release|ARM
		{9F10C1B5-FECA-1BAD-BA50-D9E259FB2871}.Release|ARM.Deploy.0 = Release|ARM
		{9F10C1B5-FECA-1BAD-BA50-D9E259FB2871}.Release|ARM64.ActiveCfg = Release|ARM64
		{9F10C1B5-FECA-1BAD-BA50-D9E259FB2871}.Release|ARM64.Build.0 = Release|ARM64
		{9F10C1B5-FECA-1BAD-BA50-D9E259FB2871}.Release|ARM64.Deploy.0 = Release|ARM64
		{9F10C1B5-FECA-1BAD-BA50-D9E259FB2871}.Release|Win32.ActiveCfg = Release|Win32
		{9F10C1B5-FECA-1BAD-BA50-D9E259FB2871}.Release|Win32.Build.0 = Release|Win32
		{9F10C1B5-FECA-1BAD-BA50-D9E259FB2871}.Release|x64.ActiveCfg = Release|x64
		{9F10C1B5-FECA-1BAD-BA50-D9E259FB2871}.Release|x64.Build.0 = Release|x64
		{3F52FC78-FECA-1BAD-BA50-D9E259FB2871}.Debug|ARM.ActiveCfg = Debug|ARM
		{3F52FC78-FECA-1BAD-BA50-D9E259FB2871}.Debug|ARM.Build.0 = Debug|ARM
		{3F52FC78-FECA-1BAD-BA50-D9E259FB2871}.Debug|ARM.Deploy.0 = Debug|ARM
		{3F52FC78-FECA-1BAD-BA50-D9E259FB2871}.Debug|ARM64.ActiveCfg = Debug|ARM64
		{3F52FC78-FECA-1BAD-BA50-D9E259FB2871}.Debug|ARM64.Build.0 = Debug|ARM64
		{3F52FC78-FECA-1BAD-BA50-D9E259FB2871}.Debug|ARM64.Deploy.0 = Debug|ARM64
		{3F52FC78-FECA-1BAD-BA50-D9E259FB2871}.Debug|Win32.ActiveCfg = Debug|Win32
		{3F52FC78-FECA-1BAD-BA50-D9E259FB2871}.Debug|Win32.Build.0 = Debug|Win32
		{3F52FC78-FECA-1BAD-BA50-D9E259FB2871}.Debug|x64.ActiveCfg = Debug|x64
		{3F52FC78-FECA-1BAD-BA50-D9E259FB2871}.Debug|x64.Build.0 = Debug|x64
		{3F52FC78-FECA-1BAD-BA50-D9E259FB2871}.Release|ARM.ActiveCfg = Release|ARM
		{3F52FC78-FECA-1BAD-BA50-D9E259FB2871}.Release|ARM.Build.0 = Release|ARM
		{3F52FC78-FECA-1BAD-BA50-D9E259FB2871}.Release|ARM.Deploy.0 = Release|ARM
		{3F52FC78-FECA-1BAD-BA50-D9E259FB2871}.Release|ARM64.ActiveCfg = Release|ARM64
		{3F52FC78-FECA-1BAD-BA50-D9E259FB2871}.Release|ARM64.Build.0 = Release|ARM64
		{3F52FC78-FECA-1BAD-BA50-D9E259FB2871}.Release|ARM64.Deploy.0 = Release|ARM64
		{3F52FC78-FECA-1BAD-BA50-D9E259FB2871}.Release|Win32.ActiveCfg = Release|Win32
		{3F52FC78-FECA-1BAD-BA50-D9E259FB2871}.Release|Win32.Build.0 = Release|Win32
		{3F52FC78-FECA-1BAD-BA50-D9E259FB2871}.Release|x64.ActiveCfg = Release|x64
		{3F52FC78-FECA-1BAD-BA50-D9E259FB2871}.Release|x64.Build.0 = Release|x64
		{68EF7EA2-FECA-1BAD-B420-8ED027BFCEB0}.Debug|ARM.ActiveCfg = Debug|ARM
		{68EF7EA2-FECA-1BAD-B420-8ED027BFCEB0}.Debug|ARM.Build.0 = Debug|ARM
		{68EF7EA2-FECA-1BAD-B420-8ED027BFCEB0}.Debug|ARM.Deploy.0 = Debug|ARM
		{68EF7EA2-FECA-1BAD-B420-8ED027BFCEB0}.Debug|ARM64.ActiveCfg = Debug|ARM64
		{68EF7EA2-FECA-1BAD-B420-8ED027BFCEB0}.Debug|ARM64.Build.0 = Debug|ARM64
		{68EF7EA2-FECA-1BAD-B420-8ED027BFCEB0}.Debug|ARM64.Deploy.0 = Debug|ARM64
		{68EF7EA2-FECA-1BAD-B420-8ED027BFCEB0}.Debug|Win32.ActiveCfg = Debug|Win32
		{68EF7EA2-FECA-1BAD-B420-8ED027BFCEB0}.Debug|Win32.Build.0 = Debug|Win32
		{68EF7EA2-FECA-1BAD-B420-8ED027BFCEB0}.Debug|x64.ActiveCfg = Debug|x64
		{68EF7EA2-FECA-1BAD-B420-8ED027BFCEB0}.Debug|x64.Build.0 = Debug|x64
		{68EF7EA2-FECA-1BAD-B420-8ED027BFCEB0}.Release|ARM.ActiveCfg = Release|ARM
		{68EF7EA2-FECA-1BAD-B420-8ED027BFCEB0}.Release|ARM.Build.0 = Release|ARM
		{68EF7EA2-FECA-1BAD-B420-8ED027BFCEB0}.Release|ARM.Deploy.0 = Release|ARM
		{68EF7EA2-FECA-1BAD-B420-8ED027BFCEB0}.Release|ARM64.ActiveCfg = Release|ARM64
		{68EF7EA2-FECA-1BAD-B420-8ED027BFCEB0}.Release|ARM64.Build.0 = Release|ARM64
		{68EF7EA2-FECA-1BAD-B420-8ED027BFCEB0}.Release|ARM64.Deploy.0 = Release|ARM64
		{68EF7EA2-FECA-1BAD-B420-8ED027BFCEB0}.Release|Win32.ActiveCfg = Release|Win32
		{68EF7EA2-FECA-1BAD-B420-8ED027BFCEB0}.Release|Win32.Build.0 = Release|Win32
		{68EF7EA2-FECA-1BAD-B420-8ED027BFCEB0}.Release|x64.ActiveCfg = Release|x64
		{68EF7EA2-FECA-1BAD-B420-8ED027BFCEB0}.Release|x64.Build.0 = Release|x64
	EndGlobalSection
	GlobalSection(SolutionProperties) = preSolution
		HideSolutionNode = FALSE
	EndGlobalSection
EndGlobal
