
Microsoft Visual Studio Solution File, Format Version 12.00
# Visual Studio 16
#
# This file was generated by MPC.  Any changes made directly to
# this file will be lost the next time it is generated.
#
# MPC Command:
# /home/johnny/DOC_ROOT/stage-9846/ACE_wrappers/bin/mwc.pl -type vs2019 -recurse -hierarchy -relative ACE_ROOT=/home/johnny/DOC_ROOT/stage-9846/ACE_wrappers -relative TAO_ROOT=/home/johnny/DOC_ROOT/stage-9846/ACE_wrappers/TAO -workers 12 -name_modifier "*_vs2019"
Project("{8BC9CEB8-8B4A-11D0-8D11-00A0C91BC942}") = "Sock_Sap_CPP_Inclient", "Sock_Sap_CPP_Inclient_vs2019.vcxproj", "{124105D2-FECA-1BAD-8565-D33D58B27113}"
EndProject
Project("{8BC9CEB8-8B4A-11D0-8D11-00A0C91BC942}") = "Sock_Sap_CPP_Inserver", "Sock_Sap_CPP_Inserver_vs2019.vcxproj", "{72518FE9-FECA-1BAD-8565-D33D58B27113}"
EndProject
Project("{8BC9CEB8-8B4A-11D0-8D11-00A0C91BC942}") = "Sock_Sap_CPP_Memclient", "Sock_Sap_CPP_Memclient_vs2019.vcxproj", "{ED1F1A68-FECA-1BAD-8565-D33D58B27113}"
EndProject
Project("{8BC9CEB8-8B4A-11D0-8D11-00A0C91BC942}") = "Sock_Sap_CPP_Memserver", "Sock_Sap_CPP_Memserver_vs2019.vcxproj", "{8D0F9053-FECA-1BAD-8565-D33D58B27113}"
EndProject
Project("{8BC9CEB8-8B4A-11D0-8D11-00A0C91BC942}") = "Sock_Sap_CPP_Unclient", "Sock_Sap_CPP_Unclient_vs2019.vcxproj", "{0E4105D2-FECA-1BAD-8565-D33D58B27113}"
EndProject
Project("{8BC9CEB8-8B4A-11D0-8D11-00A0C91BC942}") = "Sock_Sap_CPP_Unserver", "Sock_Sap_CPP_Unserver_vs2019.vcxproj", "{6E518FE9-FECA-1BAD-8565-D33D58B27113}"
EndProject
Project("{8BC9CEB8-8B4A-11D0-8D11-00A0C91BC942}") = "Sock_Sap_C_Inclient", "Sock_Sap_C_Inclient_vs2019.vcxproj", "{E9848A36-FECA-1BAD-8565-D33D58B27113}"
EndProject
Project("{8BC9CEB8-8B4A-11D0-8D11-00A0C91BC942}") = "Sock_Sap_C_Inserver", "Sock_Sap_C_Inserver_vs2019.vcxproj", "{8994000D-FECA-1BAD-8565-D33D58B27113}"
EndProject
Project("{8BC9CEB8-8B4A-11D0-8D11-00A0C91BC942}") = "Sock_Sap_FD_Unclient", "Sock_Sap_FD_Unclient_vs2019.vcxproj", "{4177E46D-FECA-1BAD-8565-D33D58B27113}"
EndProject
Global
	GlobalSection(SolutionConfigurationPlatforms) = preSolution
		Debug|ARM = Debug|ARM
		Debug|ARM64 = Debug|ARM64
		Debug|Win32 = Debug|Win32
		Debug|x64 = Debug|x64
		Release|ARM = Release|ARM
		Release|ARM64 = Release|ARM64
		Release|Win32 = Release|Win32
		Release|x64 = Release|x64
	EndGlobalSection
	GlobalSection(ProjectConfigurationPlatforms) = postSolution
		{124105D2-FECA-1BAD-8565-D33D58B27113}.Debug|ARM.ActiveCfg = Debug|ARM
		{124105D2-FECA-1BAD-8565-D33D58B27113}.Debug|ARM.Build.0 = Debug|ARM
		{124105D2-FECA-1BAD-8565-D33D58B27113}.Debug|ARM.Deploy.0 = Debug|ARM
		{124105D2-FECA-1BAD-8565-D33D58B27113}.Debug|ARM64.ActiveCfg = Debug|ARM64
		{124105D2-FECA-1BAD-8565-D33D58B27113}.Debug|ARM64.Build.0 = Debug|ARM64
		{124105D2-FECA-1BAD-8565-D33D58B27113}.Debug|ARM64.Deploy.0 = Debug|ARM64
		{124105D2-FECA-1BAD-8565-D33D58B27113}.Debug|Win32.ActiveCfg = Debug|Win32
		{124105D2-FECA-1BAD-8565-D33D58B27113}.Debug|Win32.Build.0 = Debug|Win32
		{124105D2-FECA-1BAD-8565-D33D58B27113}.Debug|x64.ActiveCfg = Debug|x64
		{124105D2-FECA-1BAD-8565-D33D58B27113}.Debug|x64.Build.0 = Debug|x64
		{124105D2-FECA-1BAD-8565-D33D58B27113}.Release|ARM.ActiveCfg = Release|ARM
		{124105D2-FECA-1BAD-8565-D33D58B27113}.Release|ARM.Build.0 = Release|ARM
		{124105D2-FECA-1BAD-8565-D33D58B27113}.Release|ARM.Deploy.0 = Release|ARM
		{124105D2-FECA-1BAD-8565-D33D58B27113}.Release|ARM64.ActiveCfg = Release|ARM64
		{124105D2-FECA-1BAD-8565-D33D58B27113}.Release|ARM64.Build.0 = Release|ARM64
		{124105D2-FECA-1BAD-8565-D33D58B27113}.Release|ARM64.Deploy.0 = Release|ARM64
		{124105D2-FECA-1BAD-8565-D33D58B27113}.Release|Win32.ActiveCfg = Release|Win32
		{124105D2-FECA-1BAD-8565-D33D58B27113}.Release|Win32.Build.0 = Release|Win32
		{124105D2-FECA-1BAD-8565-D33D58B27113}.Release|x64.ActiveCfg = Release|x64
		{124105D2-FECA-1BAD-8565-D33D58B27113}.Release|x64.Build.0 = Release|x64
		{72518FE9-FECA-1BAD-8565-D33D58B27113}.Debug|ARM.ActiveCfg = Debug|ARM
		{72518FE9-FECA-1BAD-8565-D33D58B27113}.Debug|ARM.Build.0 = Debug|ARM
		{72518FE9-FECA-1BAD-8565-D33D58B27113}.Debug|ARM.Deploy.0 = Debug|ARM
		{72518FE9-FECA-1BAD-8565-D33D58B27113}.Debug|ARM64.ActiveCfg = Debug|ARM64
		{72518FE9-FECA-1BAD-8565-D33D58B27113}.Debug|ARM64.Build.0 = Debug|ARM64
		{72518FE9-FECA-1BAD-8565-D33D58B27113}.Debug|ARM64.Deploy.0 = Debug|ARM64
		{72518FE9-FECA-1BAD-8565-D33D58B27113}.Debug|Win32.ActiveCfg = Debug|Win32
		{72518FE9-FECA-1BAD-8565-D33D58B27113}.Debug|Win32.Build.0 = Debug|Win32
		{72518FE9-FECA-1BAD-8565-D33D58B27113}.Debug|x64.ActiveCfg = Debug|x64
		{72518FE9-FECA-1BAD-8565-D33D58B27113}.Debug|x64.Build.0 = Debug|x64
		{72518FE9-FECA-1BAD-8565-D33D58B27113}.Release|ARM.ActiveCfg = Release|ARM
		{72518FE9-FECA-1BAD-8565-D33D58B27113}.Release|ARM.Build.0 = Release|ARM
		{72518FE9-FECA-1BAD-8565-D33D58B27113}.Release|ARM.Deploy.0 = Release|ARM
		{72518FE9-FECA-1BAD-8565-D33D58B27113}.Release|ARM64.ActiveCfg = Release|ARM64
		{72518FE9-FECA-1BAD-8565-D33D58B27113}.Release|ARM64.Build.0 = Release|ARM64
		{72518FE9-FECA-1BAD-8565-D33D58B27113}.Release|ARM64.Deploy.0 = Release|ARM64
		{72518FE9-FECA-1BAD-8565-D33D58B27113}.Release|Win32.ActiveCfg = Release|Win32
		{72518FE9-FECA-1BAD-8565-D33D58B27113}.Release|Win32.Build.0 = Release|Win32
		{72518FE9-FECA-1BAD-8565-D33D58B27113}.Release|x64.ActiveCfg = Release|x64
		{72518FE9-FECA-1BAD-8565-D33D58B27113}.Release|x64.Build.0 = Release|x64
		{ED1F1A68-FECA-1BAD-8565-D33D58B27113}.Debug|ARM.ActiveCfg = Debug|ARM
		{ED1F1A68-FECA-1BAD-8565-D33D58B27113}.Debug|ARM.Build.0 = Debug|ARM
		{ED1F1A68-FECA-1BAD-8565-D33D58B27113}.Debug|ARM.Deploy.0 = Debug|ARM
		{ED1F1A68-FECA-1BAD-8565-D33D58B27113}.Debug|ARM64.ActiveCfg = Debug|ARM64
		{ED1F1A68-FECA-1BAD-8565-D33D58B27113}.Debug|ARM64.Build.0 = Debug|ARM64
		{ED1F1A68-FECA-1BAD-8565-D33D58B27113}.Debug|ARM64.Deploy.0 = Debug|ARM64
		{ED1F1A68-FECA-1BAD-8565-D33D58B27113}.Debug|Win32.ActiveCfg = Debug|Win32
		{ED1F1A68-FECA-1BAD-8565-D33D58B27113}.Debug|Win32.Build.0 = Debug|Win32
		{ED1F1A68-FECA-1BAD-8565-D33D58B27113}.Debug|x64.ActiveCfg = Debug|x64
		{ED1F1A68-FECA-1BAD-8565-D33D58B27113}.Debug|x64.Build.0 = Debug|x64
		{ED1F1A68-FECA-1BAD-8565-D33D58B27113}.Release|ARM.ActiveCfg = Release|ARM
		{ED1F1A68-FECA-1BAD-8565-D33D58B27113}.Release|ARM.Build.0 = Release|ARM
		{ED1F1A68-FECA-1BAD-8565-D33D58B27113}.Release|ARM.Deploy.0 = Release|ARM
		{ED1F1A68-FECA-1BAD-8565-D33D58B27113}.Release|ARM64.ActiveCfg = Release|ARM64
		{ED1F1A68-FECA-1BAD-8565-D33D58B27113}.Release|ARM64.Build.0 = Release|ARM64
		{ED1F1A68-FECA-1BAD-8565-D33D58B27113}.Release|ARM64.Deploy.0 = Release|ARM64
		{ED1F1A68-FECA-1BAD-8565-D33D58B27113}.Release|Win32.ActiveCfg = Release|Win32
		{ED1F1A68-FECA-1BAD-8565-D33D58B27113}.Release|Win32.Build.0 = Release|Win32
		{ED1F1A68-FECA-1BAD-8565-D33D58B27113}.Release|x64.ActiveCfg = Release|x64
		{ED1F1A68-FECA-1BAD-8565-D33D58B27113}.Release|x64.Build.0 = Release|x64
		{8D0F9053-FECA-1BAD-8565-D33D58B27113}.Debug|ARM.ActiveCfg = Debug|ARM
		{8D0F9053-FECA-1BAD-8565-D33D58B27113}.Debug|ARM.Build.0 = Debug|ARM
		{8D0F9053-FECA-1BAD-8565-D33D58B27113}.Debug|ARM.Deploy.0 = Debug|ARM
		{8D0F9053-FECA-1BAD-8565-D33D58B27113}.Debug|ARM64.ActiveCfg = Debug|ARM64
		{8D0F9053-FECA-1BAD-8565-D33D58B27113}.Debug|ARM64.Build.0 = Debug|ARM64
		{8D0F9053-FECA-1BAD-8565-D33D58B27113}.Debug|ARM64.Deploy.0 = Debug|ARM64
		{8D0F9053-FECA-1BAD-8565-D33D58B27113}.Debug|Win32.ActiveCfg = Debug|Win32
		{8D0F9053-FECA-1BAD-8565-D33D58B27113}.Debug|Win32.Build.0 = Debug|Win32
		{8D0F9053-FECA-1BAD-8565-D33D58B27113}.Debug|x64.ActiveCfg = Debug|x64
		{8D0F9053-FECA-1BAD-8565-D33D58B27113}.Debug|x64.Build.0 = Debug|x64
		{8D0F9053-FECA-1BAD-8565-D33D58B27113}.Release|ARM.ActiveCfg = Release|ARM
		{8D0F9053-FECA-1BAD-8565-D33D58B27113}.Release|ARM.Build.0 = Release|ARM
		{8D0F9053-FECA-1BAD-8565-D33D58B27113}.Release|ARM.Deploy.0 = Release|ARM
		{8D0F9053-FECA-1BAD-8565-D33D58B27113}.Release|ARM64.ActiveCfg = Release|ARM64
		{8D0F9053-FECA-1BAD-8565-D33D58B27113}.Release|ARM64.Build.0 = Release|ARM64
		{8D0F9053-FECA-1BAD-8565-D33D58B27113}.Release|ARM64.Deploy.0 = Release|ARM64
		{8D0F9053-FECA-1BAD-8565-D33D58B27113}.Release|Win32.ActiveCfg = Release|Win32
		{8D0F9053-FECA-1BAD-8565-D33D58B27113}.Release|Win32.Build.0 = Release|Win32
		{8D0F9053-FECA-1BAD-8565-D33D58B27113}.Release|x64.ActiveCfg = Release|x64
		{8D0F9053-FECA-1BAD-8565-D33D58B27113}.Release|x64.Build.0 = Release|x64
		{0E4105D2-FECA-1BAD-8565-D33D58B27113}.Debug|ARM.ActiveCfg = Debug|ARM
		{0E4105D2-FECA-1BAD-8565-D33D58B27113}.Debug|ARM.Build.0 = Debug|ARM
		{0E4105D2-FECA-1BAD-8565-D33D58B27113}.Debug|ARM.Deploy.0 = Debug|ARM
		{0E4105D2-FECA-1BAD-8565-D33D58B27113}.Debug|ARM64.ActiveCfg = Debug|ARM64
		{0E4105D2-FECA-1BAD-8565-D33D58B27113}.Debug|ARM64.Build.0 = Debug|ARM64
		{0E4105D2-FECA-1BAD-8565-D33D58B27113}.Debug|ARM64.Deploy.0 = Debug|ARM64
		{0E4105D2-FECA-1BAD-8565-D33D58B27113}.Debug|Win32.ActiveCfg = Debug|Win32
		{0E4105D2-FECA-1BAD-8565-D33D58B27113}.Debug|Win32.Build.0 = Debug|Win32
		{0E4105D2-FECA-1BAD-8565-D33D58B27113}.Debug|x64.ActiveCfg = Debug|x64
		{0E4105D2-FECA-1BAD-8565-D33D58B27113}.Debug|x64.Build.0 = Debug|x64
		{0E4105D2-FECA-1BAD-8565-D33D58B27113}.Release|ARM.ActiveCfg = Release|ARM
		{0E4105D2-FECA-1BAD-8565-D33D58B27113}.Release|ARM.Build.0 = Release|ARM
		{0E4105D2-FECA-1BAD-8565-D33D58B27113}.Release|ARM.Deploy.0 = Release|ARM
		{0E4105D2-FECA-1BAD-8565-D33D58B27113}.Release|ARM64.ActiveCfg = Release|ARM64
		{0E4105D2-FECA-1BAD-8565-D33D58B27113}.Release|ARM64.Build.0 = Release|ARM64
		{0E4105D2-FECA-1BAD-8565-D33D58B27113}.Release|ARM64.Deploy.0 = Release|ARM64
		{0E4105D2-FECA-1BAD-8565-D33D58B27113}.Release|Win32.ActiveCfg = Release|Win32
		{0E4105D2-FECA-1BAD-8565-D33D58B27113}.Release|Win32.Build.0 = Release|Win32
		{0E4105D2-FECA-1BAD-8565-D33D58B27113}.Release|x64.ActiveCfg = Release|x64
		{0E4105D2-FECA-1BAD-8565-D33D58B27113}.Release|x64.Build.0 = Release|x64
		{6E518FE9-FECA-1BAD-8565-D33D58B27113}.Debug|ARM.ActiveCfg = Debug|ARM
		{6E518FE9-FECA-1BAD-8565-D33D58B27113}.Debug|ARM.Build.0 = Debug|ARM
		{6E518FE9-FECA-1BAD-8565-D33D58B27113}.Debug|ARM.Deploy.0 = Debug|ARM
		{6E518FE9-FECA-1BAD-8565-D33D58B27113}.Debug|ARM64.ActiveCfg = Debug|ARM64
		{6E518FE9-FECA-1BAD-8565-D33D58B27113}.Debug|ARM64.Build.0 = Debug|ARM64
		{6E518FE9-FECA-1BAD-8565-D33D58B27113}.Debug|ARM64.Deploy.0 = Debug|ARM64
		{6E518FE9-FECA-1BAD-8565-D33D58B27113}.Debug|Win32.ActiveCfg = Debug|Win32
		{6E518FE9-FECA-1BAD-8565-D33D58B27113}.Debug|Win32.Build.0 = Debug|Win32
		{6E518FE9-FECA-1BAD-8565-D33D58B27113}.Debug|x64.ActiveCfg = Debug|x64
		{6E518FE9-FECA-1BAD-8565-D33D58B27113}.Debug|x64.Build.0 = Debug|x64
		{6E518FE9-FECA-1BAD-8565-D33D58B27113}.Release|ARM.ActiveCfg = Release|ARM
		{6E518FE9-FECA-1BAD-8565-D33D58B27113}.Release|ARM.Build.0 = Release|ARM
		{6E518FE9-FECA-1BAD-8565-D33D58B27113}.Release|ARM.Deploy.0 = Release|ARM
		{6E518FE9-FECA-1BAD-8565-D33D58B27113}.Release|ARM64.ActiveCfg = Release|ARM64
		{6E518FE9-FECA-1BAD-8565-D33D58B27113}.Release|ARM64.Build.0 = Release|ARM64
		{6E518FE9-FECA-1BAD-8565-D33D58B27113}.Release|ARM64.Deploy.0 = Release|ARM64
		{6E518FE9-FECA-1BAD-8565-D33D58B27113}.Release|Win32.ActiveCfg = Release|Win32
		{6E518FE9-FECA-1BAD-8565-D33D58B27113}.Release|Win32.Build.0 = Release|Win32
		{6E518FE9-FECA-1BAD-8565-D33D58B27113}.Release|x64.ActiveCfg = Release|x64
		{6E518FE9-FECA-1BAD-8565-D33D58B27113}.Release|x64.Build.0 = Release|x64
		{E9848A36-FECA-1BAD-8565-D33D58B27113}.Debug|ARM.ActiveCfg = Debug|ARM
		{E9848A36-FECA-1BAD-8565-D33D58B27113}.Debug|ARM.Build.0 = Debug|ARM
		{E9848A36-FECA-1BAD-8565-D33D58B27113}.Debug|ARM.Deploy.0 = Debug|ARM
		{E9848A36-FECA-1BAD-8565-D33D58B27113}.Debug|ARM64.ActiveCfg = Debug|ARM64
		{E9848A36-FECA-1BAD-8565-D33D58B27113}.Debug|ARM64.Build.0 = Debug|ARM64
		{E9848A36-FECA-1BAD-8565-D33D58B27113}.Debug|ARM64.Deploy.0 = Debug|ARM64
		{E9848A36-FECA-1BAD-8565-D33D58B27113}.Debug|Win32.ActiveCfg = Debug|Win32
		{E9848A36-FECA-1BAD-8565-D33D58B27113}.Debug|Win32.Build.0 = Debug|Win32
		{E9848A36-FECA-1BAD-8565-D33D58B27113}.Debug|x64.ActiveCfg = Debug|x64
		{E9848A36-FECA-1BAD-8565-D33D58B27113}.Debug|x64.Build.0 = Debug|x64
		{E9848A36-FECA-1BAD-8565-D33D58B27113}.Release|ARM.ActiveCfg = Release|ARM
		{E9848A36-FECA-1BAD-8565-D33D58B27113}.Release|ARM.Build.0 = Release|ARM
		{E9848A36-FECA-1BAD-8565-D33D58B27113}.Release|ARM.Deploy.0 = Release|ARM
		{E9848A36-FECA-1BAD-8565-D33D58B27113}.Release|ARM64.ActiveCfg = Release|ARM64
		{E9848A36-FECA-1BAD-8565-D33D58B27113}.Release|ARM64.Build.0 = Release|ARM64
		{E9848A36-FECA-1BAD-8565-D33D58B27113}.Release|ARM64.Deploy.0 = Release|ARM64
		{E9848A36-FECA-1BAD-8565-D33D58B27113}.Release|Win32.ActiveCfg = Release|Win32
		{E9848A36-FECA-1BAD-8565-D33D58B27113}.Release|Win32.Build.0 = Release|Win32
		{E9848A36-FECA-1BAD-8565-D33D58B27113}.Release|x64.ActiveCfg = Release|x64
		{E9848A36-FECA-1BAD-8565-D33D58B27113}.Release|x64.Build.0 = Release|x64
		{8994000D-FECA-1BAD-8565-D33D58B27113}.Debug|ARM.ActiveCfg = Debug|ARM
		{8994000D-FECA-1BAD-8565-D33D58B27113}.Debug|ARM.Build.0 = Debug|ARM
		{8994000D-FECA-1BAD-8565-D33D58B27113}.Debug|ARM.Deploy.0 = Debug|ARM
		{8994000D-FECA-1BAD-8565-D33D58B27113}.Debug|ARM64.ActiveCfg = Debug|ARM64
		{8994000D-FECA-1BAD-8565-D33D58B27113}.Debug|ARM64.Build.0 = Debug|ARM64
		{8994000D-FECA-1BAD-8565-D33D58B27113}.Debug|ARM64.Deploy.0 = Debug|ARM64
		{8994000D-FECA-1BAD-8565-D33D58B27113}.Debug|Win32.ActiveCfg = Debug|Win32
		{8994000D-FECA-1BAD-8565-D33D58B27113}.Debug|Win32.Build.0 = Debug|Win32
		{8994000D-FECA-1BAD-8565-D33D58B27113}.Debug|x64.ActiveCfg = Debug|x64
		{8994000D-FECA-1BAD-8565-D33D58B27113}.Debug|x64.Build.0 = Debug|x64
		{8994000D-FECA-1BAD-8565-D33D58B27113}.Release|ARM.ActiveCfg = Release|ARM
		{8994000D-FECA-1BAD-8565-D33D58B27113}.Release|ARM.Build.0 = Release|ARM
		{8994000D-FECA-1BAD-8565-D33D58B27113}.Release|ARM.Deploy.0 = Release|ARM
		{8994000D-FECA-1BAD-8565-D33D58B27113}.Release|ARM64.ActiveCfg = Release|ARM64
		{8994000D-FECA-1BAD-8565-D33D58B27113}.Release|ARM64.Build.0 = Release|ARM64
		{8994000D-FECA-1BAD-8565-D33D58B27113}.Release|ARM64.Deploy.0 = Release|ARM64
		{8994000D-FECA-1BAD-8565-D33D58B27113}.Release|Win32.ActiveCfg = Release|Win32
		{8994000D-FECA-1BAD-8565-D33D58B27113}.Release|Win32.Build.0 = Release|Win32
		{8994000D-FECA-1BAD-8565-D33D58B27113}.Release|x64.ActiveCfg = Release|x64
		{8994000D-FECA-1BAD-8565-D33D58B27113}.Release|x64.Build.0 = Release|x64
		{4177E46D-FECA-1BAD-8565-D33D58B27113}.Debug|ARM.ActiveCfg = Debug|ARM
		{4177E46D-FECA-1BAD-8565-D33D58B27113}.Debug|ARM.Build.0 = Debug|ARM
		{4177E46D-FECA-1BAD-8565-D33D58B27113}.Debug|ARM.Deploy.0 = Debug|ARM
		{4177E46D-FECA-1BAD-8565-D33D58B27113}.Debug|ARM64.ActiveCfg = Debug|ARM64
		{4177E46D-FECA-1BAD-8565-D33D58B27113}.Debug|ARM64.Build.0 = Debug|ARM64
		{4177E46D-FECA-1BAD-8565-D33D58B27113}.Debug|ARM64.Deploy.0 = Debug|ARM64
		{4177E46D-FECA-1BAD-8565-D33D58B27113}.Debug|Win32.ActiveCfg = Debug|Win32
		{4177E46D-FECA-1BAD-8565-D33D58B27113}.Debug|Win32.Build.0 = Debug|Win32
		{4177E46D-FECA-1BAD-8565-D33D58B27113}.Debug|x64.ActiveCfg = Debug|x64
		{4177E46D-FECA-1BAD-8565-D33D58B27113}.Debug|x64.Build.0 = Debug|x64
		{4177E46D-FECA-1BAD-8565-D33D58B27113}.Release|ARM.ActiveCfg = Release|ARM
		{4177E46D-FECA-1BAD-8565-D33D58B27113}.Release|ARM.Build.0 = Release|ARM
		{4177E46D-FECA-1BAD-8565-D33D58B27113}.Release|ARM.Deploy.0 = Release|ARM
		{4177E46D-FECA-1BAD-8565-D33D58B27113}.Release|ARM64.ActiveCfg = Release|ARM64
		{4177E46D-FECA-1BAD-8565-D33D58B27113}.Release|ARM64.Build.0 = Release|ARM64
		{4177E46D-FECA-1BAD-8565-D33D58B27113}.Release|ARM64.Deploy.0 = Release|ARM64
		{4177E46D-FECA-1BAD-8565-D33D58B27113}.Release|Win32.ActiveCfg = Release|Win32
		{4177E46D-FECA-1BAD-8565-D33D58B27113}.Release|Win32.Build.0 = Release|Win32
		{4177E46D-FECA-1BAD-8565-D33D58B27113}.Release|x64.ActiveCfg = Release|x64
		{4177E46D-FECA-1BAD-8565-D33D58B27113}.Release|x64.Build.0 = Release|x64
	EndGlobalSection
	GlobalSection(SolutionProperties) = preSolution
		HideSolutionNode = FALSE
	EndGlobalSection
EndGlobal
