
Microsoft Visual Studio Solution File, Format Version 12.00
# Visual Studio 16
#
# This file was generated by MPC.  Any changes made directly to
# this file will be lost the next time it is generated.
#
# MPC Command:
# /home/johnny/DOC_ROOT/stage-9846/ACE_wrappers/bin/mwc.pl -type vs2019 -recurse -hierarchy -relative ACE_ROOT=/home/johnny/DOC_ROOT/stage-9846/ACE_wrappers -relative TAO_ROOT=/home/johnny/DOC_ROOT/stage-9846/ACE_wrappers/TAO -workers 12 -name_modifier "*_vs2019"
Project("{8BC9CEB8-8B4A-11D0-8D11-00A0C91BC942}") = "Change_Instance_Default", "Change_Instance_Default_vs2019.vcxproj", "{B84D1C4E-FECA-1BAD-1F85-E0F2D0B685B8}"
EndProject
Project("{8BC9CEB8-8B4A-11D0-8D11-00A0C91BC942}") = "Change_Mask", "Change_Mask_vs2019.vcxproj", "{80B4FADB-FECA-1BAD-1F85-E0F2D0B685B8}"
EndProject
Project("{8BC9CEB8-8B4A-11D0-8D11-00A0C91BC942}") = "Howto_Syslog", "Howto_Syslog_vs2019.vcxproj", "{1200EEC9-FECA-1BAD-1F85-E0F2D0B685B8}"
EndProject
Project("{8BC9CEB8-8B4A-11D0-8D11-00A0C91BC942}") = "Simple1", "Simple1_vs2019.vcxproj", "{5DFBE346-FECA-1BAD-1F85-E0F2D0B685B8}"
EndProject
Project("{8BC9CEB8-8B4A-11D0-8D11-00A0C91BC942}") = "Simple2", "Simple2_vs2019.vcxproj", "{6DFBE346-FECA-1BAD-1F85-E0F2D0B685B8}"
EndProject
Project("{8BC9CEB8-8B4A-11D0-8D11-00A0C91BC942}") = "Trace_Return", "Trace_Return_vs2019.vcxproj", "{F8003583-FECA-1BAD-1F85-E0F2D0B685B8}"
EndProject
Project("{8BC9CEB8-8B4A-11D0-8D11-00A0C91BC942}") = "Use_Callback2", "Use_Callback2_vs2019.vcxproj", "{3F0B27B3-FECA-1BAD-1F85-E0F2D0B685B8}"
EndProject
Project("{8BC9CEB8-8B4A-11D0-8D11-00A0C91BC942}") = "Use_Callback", "Use_Callback_vs2019.vcxproj", "{4DDEB3C5-FECA-1BAD-1F85-E0F2D0B685B8}"
EndProject
Project("{8BC9CEB8-8B4A-11D0-8D11-00A0C91BC942}") = "Use_LogManager", "Use_LogManager_vs2019.vcxproj", "{FB419248-FECA-1BAD-1F85-E0F2D0B685B8}"
EndProject
Project("{8BC9CEB8-8B4A-11D0-8D11-00A0C91BC942}") = "Use_Logger", "Use_Logger_vs2019.vcxproj", "{381ED4A0-FECA-1BAD-1F85-E0F2D0B685B8}"
EndProject
Project("{8BC9CEB8-8B4A-11D0-8D11-00A0C91BC942}") = "Use_Logging_Server", "Use_Logging_Server_vs2019.vcxproj", "{BABBF1AF-FECA-1BAD-1F85-E0F2D0B685B8}"
EndProject
Project("{8BC9CEB8-8B4A-11D0-8D11-00A0C91BC942}") = "Use_Logging_Strategy", "Use_Logging_Strategy_vs2019.vcxproj", "{C6016A02-FECA-1BAD-1F85-E0F2D0B685B8}"
EndProject
Project("{8BC9CEB8-8B4A-11D0-8D11-00A0C91BC942}") = "Use_Multiple_Sinks", "Use_Multiple_Sinks_vs2019.vcxproj", "{42142110-FECA-1BAD-1F85-E0F2D0B685B8}"
EndProject
Project("{8BC9CEB8-8B4A-11D0-8D11-00A0C91BC942}") = "Use_Ostream", "Use_Ostream_vs2019.vcxproj", "{932074F2-FECA-1BAD-1F85-E0F2D0B685B8}"
EndProject
Project("{8BC9CEB8-8B4A-11D0-8D11-00A0C91BC942}") = "Use_Stderr", "Use_Stderr_vs2019.vcxproj", "{38006797-FECA-1BAD-1F85-E0F2D0B685B8}"
EndProject
Project("{8BC9CEB8-8B4A-11D0-8D11-00A0C91BC942}") = "Use_Syslog", "Use_Syslog_vs2019.vcxproj", "{6800A01B-FECA-1BAD-1F85-E0F2D0B685B8}"
EndProject
Project("{8BC9CEB8-8B4A-11D0-8D11-00A0C91BC942}") = "Wrap_Macros_Alt", "Wrap_Macros_Alt_vs2019.vcxproj", "{79E84B20-FECA-1BAD-1F85-E0F2D0B685B8}"
EndProject
Project("{8BC9CEB8-8B4A-11D0-8D11-00A0C91BC942}") = "Wrap_Macros", "Wrap_Macros_vs2019.vcxproj", "{1D1F34AC-FECA-1BAD-1F85-E0F2D0B685B8}"
EndProject
Global
	GlobalSection(SolutionConfigurationPlatforms) = preSolution
		Debug|ARM = Debug|ARM
		Debug|ARM64 = Debug|ARM64
		Debug|Win32 = Debug|Win32
		Debug|x64 = Debug|x64
		Release|ARM = Release|ARM
		Release|ARM64 = Release|ARM64
		Release|Win32 = Release|Win32
		Release|x64 = Release|x64
	EndGlobalSection
	GlobalSection(ProjectConfigurationPlatforms) = postSolution
		{B84D1C4E-FECA-1BAD-1F85-E0F2D0B685B8}.Debug|ARM.ActiveCfg = Debug|ARM
		{B84D1C4E-FECA-1BAD-1F85-E0F2D0B685B8}.Debug|ARM.Build.0 = Debug|ARM
		{B84D1C4E-FECA-1BAD-1F85-E0F2D0B685B8}.Debug|ARM.Deploy.0 = Debug|ARM
		{B84D1C4E-FECA-1BAD-1F85-E0F2D0B685B8}.Debug|ARM64.ActiveCfg = Debug|ARM64
		{B84D1C4E-FECA-1BAD-1F85-E0F2D0B685B8}.Debug|ARM64.Build.0 = Debug|ARM64
		{B84D1C4E-FECA-1BAD-1F85-E0F2D0B685B8}.Debug|ARM64.Deploy.0 = Debug|ARM64
		{B84D1C4E-FECA-1BAD-1F85-E0F2D0B685B8}.Debug|Win32.ActiveCfg = Debug|Win32
		{B84D1C4E-FECA-1BAD-1F85-E0F2D0B685B8}.Debug|Win32.Build.0 = Debug|Win32
		{B84D1C4E-FECA-1BAD-1F85-E0F2D0B685B8}.Debug|x64.ActiveCfg = Debug|x64
		{B84D1C4E-FECA-1BAD-1F85-E0F2D0B685B8}.Debug|x64.Build.0 = Debug|x64
		{B84D1C4E-FECA-1BAD-1F85-E0F2D0B685B8}.Release|ARM.ActiveCfg = Release|ARM
		{B84D1C4E-FECA-1BAD-1F85-E0F2D0B685B8}.Release|ARM.Build.0 = Release|ARM
		{B84D1C4E-FECA-1BAD-1F85-E0F2D0B685B8}.Release|ARM.Deploy.0 = Release|ARM
		{B84D1C4E-FECA-1BAD-1F85-E0F2D0B685B8}.Release|ARM64.ActiveCfg = Release|ARM64
		{B84D1C4E-FECA-1BAD-1F85-E0F2D0B685B8}.Release|ARM64.Build.0 = Release|ARM64
		{B84D1C4E-FECA-1BAD-1F85-E0F2D0B685B8}.Release|ARM64.Deploy.0 = Release|ARM64
		{B84D1C4E-FECA-1BAD-1F85-E0F2D0B685B8}.Release|Win32.ActiveCfg = Release|Win32
		{B84D1C4E-FECA-1BAD-1F85-E0F2D0B685B8}.Release|Win32.Build.0 = Release|Win32
		{B84D1C4E-FECA-1BAD-1F85-E0F2D0B685B8}.Release|x64.ActiveCfg = Release|x64
		{B84D1C4E-FECA-1BAD-1F85-E0F2D0B685B8}.Release|x64.Build.0 = Release|x64
		{80B4FADB-FECA-1BAD-1F85-E0F2D0B685B8}.Debug|ARM.ActiveCfg = Debug|ARM
		{80B4FADB-FECA-1BAD-1F85-E0F2D0B685B8}.Debug|ARM.Build.0 = Debug|ARM
		{80B4FADB-FECA-1BAD-1F85-E0F2D0B685B8}.Debug|ARM.Deploy.0 = Debug|ARM
		{80B4FADB-FECA-1BAD-1F85-E0F2D0B685B8}.Debug|ARM64.ActiveCfg = Debug|ARM64
		{80B4FADB-FECA-1BAD-1F85-E0F2D0B685B8}.Debug|ARM64.Build.0 = Debug|ARM64
		{80B4FADB-FECA-1BAD-1F85-E0F2D0B685B8}.Debug|ARM64.Deploy.0 = Debug|ARM64
		{80B4FADB-FECA-1BAD-1F85-E0F2D0B685B8}.Debug|Win32.ActiveCfg = Debug|Win32
		{80B4FADB-FECA-1BAD-1F85-E0F2D0B685B8}.Debug|Win32.Build.0 = Debug|Win32
		{80B4FADB-FECA-1BAD-1F85-E0F2D0B685B8}.Debug|x64.ActiveCfg = Debug|x64
		{80B4FADB-FECA-1BAD-1F85-E0F2D0B685B8}.Debug|x64.Build.0 = Debug|x64
		{80B4FADB-FECA-1BAD-1F85-E0F2D0B685B8}.Release|ARM.ActiveCfg = Release|ARM
		{80B4FADB-FECA-1BAD-1F85-E0F2D0B685B8}.Release|ARM.Build.0 = Release|ARM
		{80B4FADB-FECA-1BAD-1F85-E0F2D0B685B8}.Release|ARM.Deploy.0 = Release|ARM
		{80B4FADB-FECA-1BAD-1F85-E0F2D0B685B8}.Release|ARM64.ActiveCfg = Release|ARM64
		{80B4FADB-FECA-1BAD-1F85-E0F2D0B685B8}.Release|ARM64.Build.0 = Release|ARM64
		{80B4FADB-FECA-1BAD-1F85-E0F2D0B685B8}.Release|ARM64.Deploy.0 = Release|ARM64
		{80B4FADB-FECA-1BAD-1F85-E0F2D0B685B8}.Release|Win32.ActiveCfg = Release|Win32
		{80B4FADB-FECA-1BAD-1F85-E0F2D0B685B8}.Release|Win32.Build.0 = Release|Win32
		{80B4FADB-FECA-1BAD-1F85-E0F2D0B685B8}.Release|x64.ActiveCfg = Release|x64
		{80B4FADB-FECA-1BAD-1F85-E0F2D0B685B8}.Release|x64.Build.0 = Release|x64
		{1200EEC9-FECA-1BAD-1F85-E0F2D0B685B8}.Debug|ARM.ActiveCfg = Debug|ARM
		{1200EEC9-FECA-1BAD-1F85-E0F2D0B685B8}.Debug|ARM.Build.0 = Debug|ARM
		{1200EEC9-FECA-1BAD-1F85-E0F2D0B685B8}.Debug|ARM.Deploy.0 = Debug|ARM
		{1200EEC9-FECA-1BAD-1F85-E0F2D0B685B8}.Debug|ARM64.ActiveCfg = Debug|ARM64
		{1200EEC9-FECA-1BAD-1F85-E0F2D0B685B8}.Debug|ARM64.Build.0 = Debug|ARM64
		{1200EEC9-FECA-1BAD-1F85-E0F2D0B685B8}.Debug|ARM64.Deploy.0 = Debug|ARM64
		{1200EEC9-FECA-1BAD-1F85-E0F2D0B685B8}.Debug|Win32.ActiveCfg = Debug|Win32
		{1200EEC9-FECA-1BAD-1F85-E0F2D0B685B8}.Debug|Win32.Build.0 = Debug|Win32
		{1200EEC9-FECA-1BAD-1F85-E0F2D0B685B8}.Debug|x64.ActiveCfg = Debug|x64
		{1200EEC9-FECA-1BAD-1F85-E0F2D0B685B8}.Debug|x64.Build.0 = Debug|x64
		{1200EEC9-FECA-1BAD-1F85-E0F2D0B685B8}.Release|ARM.ActiveCfg = Release|ARM
		{1200EEC9-FECA-1BAD-1F85-E0F2D0B685B8}.Release|ARM.Build.0 = Release|ARM
		{1200EEC9-FECA-1BAD-1F85-E0F2D0B685B8}.Release|ARM.Deploy.0 = Release|ARM
		{1200EEC9-FECA-1BAD-1F85-E0F2D0B685B8}.Release|ARM64.ActiveCfg = Release|ARM64
		{1200EEC9-FECA-1BAD-1F85-E0F2D0B685B8}.Release|ARM64.Build.0 = Release|ARM64
		{1200EEC9-FECA-1BAD-1F85-E0F2D0B685B8}.Release|ARM64.Deploy.0 = Release|ARM64
		{1200EEC9-FECA-1BAD-1F85-E0F2D0B685B8}.Release|Win32.ActiveCfg = Release|Win32
		{1200EEC9-FECA-1BAD-1F85-E0F2D0B685B8}.Release|Win32.Build.0 = Release|Win32
		{1200EEC9-FECA-1BAD-1F85-E0F2D0B685B8}.Release|x64.ActiveCfg = Release|x64
		{1200EEC9-FECA-1BAD-1F85-E0F2D0B685B8}.Release|x64.Build.0 = Release|x64
		{5DFBE346-FECA-1BAD-1F85-E0F2D0B685B8}.Debug|ARM.ActiveCfg = Debug|ARM
		{5DFBE346-FECA-1BAD-1F85-E0F2D0B685B8}.Debug|ARM.Build.0 = Debug|ARM
		{5DFBE346-FECA-1BAD-1F85-E0F2D0B685B8}.Debug|ARM.Deploy.0 = Debug|ARM
		{5DFBE346-FECA-1BAD-1F85-E0F2D0B685B8}.Debug|ARM64.ActiveCfg = Debug|ARM64
		{5DFBE346-FECA-1BAD-1F85-E0F2D0B685B8}.Debug|ARM64.Build.0 = Debug|ARM64
		{5DFBE346-FECA-1BAD-1F85-E0F2D0B685B8}.Debug|ARM64.Deploy.0 = Debug|ARM64
		{5DFBE346-FECA-1BAD-1F85-E0F2D0B685B8}.Debug|Win32.ActiveCfg = Debug|Win32
		{5DFBE346-FECA-1BAD-1F85-E0F2D0B685B8}.Debug|Win32.Build.0 = Debug|Win32
		{5DFBE346-FECA-1BAD-1F85-E0F2D0B685B8}.Debug|x64.ActiveCfg = Debug|x64
		{5DFBE346-FECA-1BAD-1F85-E0F2D0B685B8}.Debug|x64.Build.0 = Debug|x64
		{5DFBE346-FECA-1BAD-1F85-E0F2D0B685B8}.Release|ARM.ActiveCfg = Release|ARM
		{5DFBE346-FECA-1BAD-1F85-E0F2D0B685B8}.Release|ARM.Build.0 = Release|ARM
		{5DFBE346-FECA-1BAD-1F85-E0F2D0B685B8}.Release|ARM.Deploy.0 = Release|ARM
		{5DFBE346-FECA-1BAD-1F85-E0F2D0B685B8}.Release|ARM64.ActiveCfg = Release|ARM64
		{5DFBE346-FECA-1BAD-1F85-E0F2D0B685B8}.Release|ARM64.Build.0 = Release|ARM64
		{5DFBE346-FECA-1BAD-1F85-E0F2D0B685B8}.Release|ARM64.Deploy.0 = Release|ARM64
		{5DFBE346-FECA-1BAD-1F85-E0F2D0B685B8}.Release|Win32.ActiveCfg = Release|Win32
		{5DFBE346-FECA-1BAD-1F85-E0F2D0B685B8}.Release|Win32.Build.0 = Release|Win32
		{5DFBE346-FECA-1BAD-1F85-E0F2D0B685B8}.Release|x64.ActiveCfg = Release|x64
		{5DFBE346-FECA-1BAD-1F85-E0F2D0B685B8}.Release|x64.Build.0 = Release|x64
		{6DFBE346-FECA-1BAD-1F85-E0F2D0B685B8}.Debug|ARM.ActiveCfg = Debug|ARM
		{6DFBE346-FECA-1BAD-1F85-E0F2D0B685B8}.Debug|ARM.Build.0 = Debug|ARM
		{6DFBE346-FECA-1BAD-1F85-E0F2D0B685B8}.Debug|ARM.Deploy.0 = Debug|ARM
		{6DFBE346-FECA-1BAD-1F85-E0F2D0B685B8}.Debug|ARM64.ActiveCfg = Debug|ARM64
		{6DFBE346-FECA-1BAD-1F85-E0F2D0B685B8}.Debug|ARM64.Build.0 = Debug|ARM64
		{6DFBE346-FECA-1BAD-1F85-E0F2D0B685B8}.Debug|ARM64.Deploy.0 = Debug|ARM64
		{6DFBE346-FECA-1BAD-1F85-E0F2D0B685B8}.Debug|Win32.ActiveCfg = Debug|Win32
		{6DFBE346-FECA-1BAD-1F85-E0F2D0B685B8}.Debug|Win32.Build.0 = Debug|Win32
		{6DFBE346-FECA-1BAD-1F85-E0F2D0B685B8}.Debug|x64.ActiveCfg = Debug|x64
		{6DFBE346-FECA-1BAD-1F85-E0F2D0B685B8}.Debug|x64.Build.0 = Debug|x64
		{6DFBE346-FECA-1BAD-1F85-E0F2D0B685B8}.Release|ARM.ActiveCfg = Release|ARM
		{6DFBE346-FECA-1BAD-1F85-E0F2D0B685B8}.Release|ARM.Build.0 = Release|ARM
		{6DFBE346-FECA-1BAD-1F85-E0F2D0B685B8}.Release|ARM.Deploy.0 = Release|ARM
		{6DFBE346-FECA-1BAD-1F85-E0F2D0B685B8}.Release|ARM64.ActiveCfg = Release|ARM64
		{6DFBE346-FECA-1BAD-1F85-E0F2D0B685B8}.Release|ARM64.Build.0 = Release|ARM64
		{6DFBE346-FECA-1BAD-1F85-E0F2D0B685B8}.Release|ARM64.Deploy.0 = Release|ARM64
		{6DFBE346-FECA-1BAD-1F85-E0F2D0B685B8}.Release|Win32.ActiveCfg = Release|Win32
		{6DFBE346-FECA-1BAD-1F85-E0F2D0B685B8}.Release|Win32.Build.0 = Release|Win32
		{6DFBE346-FECA-1BAD-1F85-E0F2D0B685B8}.Release|x64.ActiveCfg = Release|x64
		{6DFBE346-FECA-1BAD-1F85-E0F2D0B685B8}.Release|x64.Build.0 = Release|x64
		{F8003583-FECA-1BAD-1F85-E0F2D0B685B8}.Debug|ARM.ActiveCfg = Debug|ARM
		{F8003583-FECA-1BAD-1F85-E0F2D0B685B8}.Debug|ARM.Build.0 = Debug|ARM
		{F8003583-FECA-1BAD-1F85-E0F2D0B685B8}.Debug|ARM.Deploy.0 = Debug|ARM
		{F8003583-FECA-1BAD-1F85-E0F2D0B685B8}.Debug|ARM64.ActiveCfg = Debug|ARM64
		{F8003583-FECA-1BAD-1F85-E0F2D0B685B8}.Debug|ARM64.Build.0 = Debug|ARM64
		{F8003583-FECA-1BAD-1F85-E0F2D0B685B8}.Debug|ARM64.Deploy.0 = Debug|ARM64
		{F8003583-FECA-1BAD-1F85-E0F2D0B685B8}.Debug|Win32.ActiveCfg = Debug|Win32
		{F8003583-FECA-1BAD-1F85-E0F2D0B685B8}.Debug|Win32.Build.0 = Debug|Win32
		{F8003583-FECA-1BAD-1F85-E0F2D0B685B8}.Debug|x64.ActiveCfg = Debug|x64
		{F8003583-FECA-1BAD-1F85-E0F2D0B685B8}.Debug|x64.Build.0 = Debug|x64
		{F8003583-FECA-1BAD-1F85-E0F2D0B685B8}.Release|ARM.ActiveCfg = Release|ARM
		{F8003583-FECA-1BAD-1F85-E0F2D0B685B8}.Release|ARM.Build.0 = Release|ARM
		{F8003583-FECA-1BAD-1F85-E0F2D0B685B8}.Release|ARM.Deploy.0 = Release|ARM
		{F8003583-FECA-1BAD-1F85-E0F2D0B685B8}.Release|ARM64.ActiveCfg = Release|ARM64
		{F8003583-FECA-1BAD-1F85-E0F2D0B685B8}.Release|ARM64.Build.0 = Release|ARM64
		{F8003583-FECA-1BAD-1F85-E0F2D0B685B8}.Release|ARM64.Deploy.0 = Release|ARM64
		{F8003583-FECA-1BAD-1F85-E0F2D0B685B8}.Release|Win32.ActiveCfg = Release|Win32
		{F8003583-FECA-1BAD-1F85-E0F2D0B685B8}.Release|Win32.Build.0 = Release|Win32
		{F8003583-FECA-1BAD-1F85-E0F2D0B685B8}.Release|x64.ActiveCfg = Release|x64
		{F8003583-FECA-1BAD-1F85-E0F2D0B685B8}.Release|x64.Build.0 = Release|x64
		{3F0B27B3-FECA-1BAD-1F85-E0F2D0B685B8}.Debug|ARM.ActiveCfg = Debug|ARM
		{3F0B27B3-FECA-1BAD-1F85-E0F2D0B685B8}.Debug|ARM.Build.0 = Debug|ARM
		{3F0B27B3-FECA-1BAD-1F85-E0F2D0B685B8}.Debug|ARM.Deploy.0 = Debug|ARM
		{3F0B27B3-FECA-1BAD-1F85-E0F2D0B685B8}.Debug|ARM64.ActiveCfg = Debug|ARM64
		{3F0B27B3-FECA-1BAD-1F85-E0F2D0B685B8}.Debug|ARM64.Build.0 = Debug|ARM64
		{3F0B27B3-FECA-1BAD-1F85-E0F2D0B685B8}.Debug|ARM64.Deploy.0 = Debug|ARM64
		{3F0B27B3-FECA-1BAD-1F85-E0F2D0B685B8}.Debug|Win32.ActiveCfg = Debug|Win32
		{3F0B27B3-FECA-1BAD-1F85-E0F2D0B685B8}.Debug|Win32.Build.0 = Debug|Win32
		{3F0B27B3-FECA-1BAD-1F85-E0F2D0B685B8}.Debug|x64.ActiveCfg = Debug|x64
		{3F0B27B3-FECA-1BAD-1F85-E0F2D0B685B8}.Debug|x64.Build.0 = Debug|x64
		{3F0B27B3-FECA-1BAD-1F85-E0F2D0B685B8}.Release|ARM.ActiveCfg = Release|ARM
		{3F0B27B3-FECA-1BAD-1F85-E0F2D0B685B8}.Release|ARM.Build.0 = Release|ARM
		{3F0B27B3-FECA-1BAD-1F85-E0F2D0B685B8}.Release|ARM.Deploy.0 = Release|ARM
		{3F0B27B3-FECA-1BAD-1F85-E0F2D0B685B8}.Release|ARM64.ActiveCfg = Release|ARM64
		{3F0B27B3-FECA-1BAD-1F85-E0F2D0B685B8}.Release|ARM64.Build.0 = Release|ARM64
		{3F0B27B3-FECA-1BAD-1F85-E0F2D0B685B8}.Release|ARM64.Deploy.0 = Release|ARM64
		{3F0B27B3-FECA-1BAD-1F85-E0F2D0B685B8}.Release|Win32.ActiveCfg = Release|Win32
		{3F0B27B3-FECA-1BAD-1F85-E0F2D0B685B8}.Release|Win32.Build.0 = Release|Win32
		{3F0B27B3-FECA-1BAD-1F85-E0F2D0B685B8}.Release|x64.ActiveCfg = Release|x64
		{3F0B27B3-FECA-1BAD-1F85-E0F2D0B685B8}.Release|x64.Build.0 = Release|x64
		{4DDEB3C5-FECA-1BAD-1F85-E0F2D0B685B8}.Debug|ARM.ActiveCfg = Debug|ARM
		{4DDEB3C5-FECA-1BAD-1F85-E0F2D0B685B8}.Debug|ARM.Build.0 = Debug|ARM
		{4DDEB3C5-FECA-1BAD-1F85-E0F2D0B685B8}.Debug|ARM.Deploy.0 = Debug|ARM
		{4DDEB3C5-FECA-1BAD-1F85-E0F2D0B685B8}.Debug|ARM64.ActiveCfg = Debug|ARM64
		{4DDEB3C5-FECA-1BAD-1F85-E0F2D0B685B8}.Debug|ARM64.Build.0 = Debug|ARM64
		{4DDEB3C5-FECA-1BAD-1F85-E0F2D0B685B8}.Debug|ARM64.Deploy.0 = Debug|ARM64
		{4DDEB3C5-FECA-1BAD-1F85-E0F2D0B685B8}.Debug|Win32.ActiveCfg = Debug|Win32
		{4DDEB3C5-FECA-1BAD-1F85-E0F2D0B685B8}.Debug|Win32.Build.0 = Debug|Win32
		{4DDEB3C5-FECA-1BAD-1F85-E0F2D0B685B8}.Debug|x64.ActiveCfg = Debug|x64
		{4DDEB3C5-FECA-1BAD-1F85-E0F2D0B685B8}.Debug|x64.Build.0 = Debug|x64
		{4DDEB3C5-FECA-1BAD-1F85-E0F2D0B685B8}.Release|ARM.ActiveCfg = Release|ARM
		{4DDEB3C5-FECA-1BAD-1F85-E0F2D0B685B8}.Release|ARM.Build.0 = Release|ARM
		{4DDEB3C5-FECA-1BAD-1F85-E0F2D0B685B8}.Release|ARM.Deploy.0 = Release|ARM
		{4DDEB3C5-FECA-1BAD-1F85-E0F2D0B685B8}.Release|ARM64.ActiveCfg = Release|ARM64
		{4DDEB3C5-FECA-1BAD-1F85-E0F2D0B685B8}.Release|ARM64.Build.0 = Release|ARM64
		{4DDEB3C5-FECA-1BAD-1F85-E0F2D0B685B8}.Release|ARM64.Deploy.0 = Release|ARM64
		{4DDEB3C5-FECA-1BAD-1F85-E0F2D0B685B8}.Release|Win32.ActiveCfg = Release|Win32
		{4DDEB3C5-FECA-1BAD-1F85-E0F2D0B685B8}.Release|Win32.Build.0 = Release|Win32
		{4DDEB3C5-FECA-1BAD-1F85-E0F2D0B685B8}.Release|x64.ActiveCfg = Release|x64
		{4DDEB3C5-FECA-1BAD-1F85-E0F2D0B685B8}.Release|x64.Build.0 = Release|x64
		{FB419248-FECA-1BAD-1F85-E0F2D0B685B8}.Debug|ARM.ActiveCfg = Debug|ARM
		{FB419248-FECA-1BAD-1F85-E0F2D0B685B8}.Debug|ARM.Build.0 = Debug|ARM
		{FB419248-FECA-1BAD-1F85-E0F2D0B685B8}.Debug|ARM.Deploy.0 = Debug|ARM
		{FB419248-FECA-1BAD-1F85-E0F2D0B685B8}.Debug|ARM64.ActiveCfg = Debug|ARM64
		{FB419248-FECA-1BAD-1F85-E0F2D0B685B8}.Debug|ARM64.Build.0 = Debug|ARM64
		{FB419248-FECA-1BAD-1F85-E0F2D0B685B8}.Debug|ARM64.Deploy.0 = Debug|ARM64
		{FB419248-FECA-1BAD-1F85-E0F2D0B685B8}.Debug|Win32.ActiveCfg = Debug|Win32
		{FB419248-FECA-1BAD-1F85-E0F2D0B685B8}.Debug|Win32.Build.0 = Debug|Win32
		{FB419248-FECA-1BAD-1F85-E0F2D0B685B8}.Debug|x64.ActiveCfg = Debug|x64
		{FB419248-FECA-1BAD-1F85-E0F2D0B685B8}.Debug|x64.Build.0 = Debug|x64
		{FB419248-FECA-1BAD-1F85-E0F2D0B685B8}.Release|ARM.ActiveCfg = Release|ARM
		{FB419248-FECA-1BAD-1F85-E0F2D0B685B8}.Release|ARM.Build.0 = Release|ARM
		{FB419248-FECA-1BAD-1F85-E0F2D0B685B8}.Release|ARM.Deploy.0 = Release|ARM
		{FB419248-FECA-1BAD-1F85-E0F2D0B685B8}.Release|ARM64.ActiveCfg = Release|ARM64
		{FB419248-FECA-1BAD-1F85-E0F2D0B685B8}.Release|ARM64.Build.0 = Release|ARM64
		{FB419248-FECA-1BAD-1F85-E0F2D0B685B8}.Release|ARM64.Deploy.0 = Release|ARM64
		{FB419248-FECA-1BAD-1F85-E0F2D0B685B8}.Release|Win32.ActiveCfg = Release|Win32
		{FB419248-FECA-1BAD-1F85-E0F2D0B685B8}.Release|Win32.Build.0 = Release|Win32
		{FB419248-FECA-1BAD-1F85-E0F2D0B685B8}.Release|x64.ActiveCfg = Release|x64
		{FB419248-FECA-1BAD-1F85-E0F2D0B685B8}.Release|x64.Build.0 = Release|x64
		{381ED4A0-FECA-1BAD-1F85-E0F2D0B685B8}.Debug|ARM.ActiveCfg = Debug|ARM
		{381ED4A0-FECA-1BAD-1F85-E0F2D0B685B8}.Debug|ARM.Build.0 = Debug|ARM
		{381ED4A0-FECA-1BAD-1F85-E0F2D0B685B8}.Debug|ARM.Deploy.0 = Debug|ARM
		{381ED4A0-FECA-1BAD-1F85-E0F2D0B685B8}.Debug|ARM64.ActiveCfg = Debug|ARM64
		{381ED4A0-FECA-1BAD-1F85-E0F2D0B685B8}.Debug|ARM64.Build.0 = Debug|ARM64
		{381ED4A0-FECA-1BAD-1F85-E0F2D0B685B8}.Debug|ARM64.Deploy.0 = Debug|ARM64
		{381ED4A0-FECA-1BAD-1F85-E0F2D0B685B8}.Debug|Win32.ActiveCfg = Debug|Win32
		{381ED4A0-FECA-1BAD-1F85-E0F2D0B685B8}.Debug|Win32.Build.0 = Debug|Win32
		{381ED4A0-FECA-1BAD-1F85-E0F2D0B685B8}.Debug|x64.ActiveCfg = Debug|x64
		{381ED4A0-FECA-1BAD-1F85-E0F2D0B685B8}.Debug|x64.Build.0 = Debug|x64
		{381ED4A0-FECA-1BAD-1F85-E0F2D0B685B8}.Release|ARM.ActiveCfg = Release|ARM
		{381ED4A0-FECA-1BAD-1F85-E0F2D0B685B8}.Release|ARM.Build.0 = Release|ARM
		{381ED4A0-FECA-1BAD-1F85-E0F2D0B685B8}.Release|ARM.Deploy.0 = Release|ARM
		{381ED4A0-FECA-1BAD-1F85-E0F2D0B685B8}.Release|ARM64.ActiveCfg = Release|ARM64
		{381ED4A0-FECA-1BAD-1F85-E0F2D0B685B8}.Release|ARM64.Build.0 = Release|ARM64
		{381ED4A0-FECA-1BAD-1F85-E0F2D0B685B8}.Release|ARM64.Deploy.0 = Release|ARM64
		{381ED4A0-FECA-1BAD-1F85-E0F2D0B685B8}.Release|Win32.ActiveCfg = Release|Win32
		{381ED4A0-FECA-1BAD-1F85-E0F2D0B685B8}.Release|Win32.Build.0 = Release|Win32
		{381ED4A0-FECA-1BAD-1F85-E0F2D0B685B8}.Release|x64.ActiveCfg = Release|x64
		{381ED4A0-FECA-1BAD-1F85-E0F2D0B685B8}.Release|x64.Build.0 = Release|x64
		{BABBF1AF-FECA-1BAD-1F85-E0F2D0B685B8}.Debug|ARM.ActiveCfg = Debug|ARM
		{BABBF1AF-FECA-1BAD-1F85-E0F2D0B685B8}.Debug|ARM.Build.0 = Debug|ARM
		{BABBF1AF-FECA-1BAD-1F85-E0F2D0B685B8}.Debug|ARM.Deploy.0 = Debug|ARM
		{BABBF1AF-FECA-1BAD-1F85-E0F2D0B685B8}.Debug|ARM64.ActiveCfg = Debug|ARM64
		{BABBF1AF-FECA-1BAD-1F85-E0F2D0B685B8}.Debug|ARM64.Build.0 = Debug|ARM64
		{BABBF1AF-FECA-1BAD-1F85-E0F2D0B685B8}.Debug|ARM64.Deploy.0 = Debug|ARM64
		{BABBF1AF-FECA-1BAD-1F85-E0F2D0B685B8}.Debug|Win32.ActiveCfg = Debug|Win32
		{BABBF1AF-FECA-1BAD-1F85-E0F2D0B685B8}.Debug|Win32.Build.0 = Debug|Win32
		{BABBF1AF-FECA-1BAD-1F85-E0F2D0B685B8}.Debug|x64.ActiveCfg = Debug|x64
		{BABBF1AF-FECA-1BAD-1F85-E0F2D0B685B8}.Debug|x64.Build.0 = Debug|x64
		{BABBF1AF-FECA-1BAD-1F85-E0F2D0B685B8}.Release|ARM.ActiveCfg = Release|ARM
		{BABBF1AF-FECA-1BAD-1F85-E0F2D0B685B8}.Release|ARM.Build.0 = Release|ARM
		{BABBF1AF-FECA-1BAD-1F85-E0F2D0B685B8}.Release|ARM.Deploy.0 = Release|ARM
		{BABBF1AF-FECA-1BAD-1F85-E0F2D0B685B8}.Release|ARM64.ActiveCfg = Release|ARM64
		{BABBF1AF-FECA-1BAD-1F85-E0F2D0B685B8}.Release|ARM64.Build.0 = Release|ARM64
		{BABBF1AF-FECA-1BAD-1F85-E0F2D0B685B8}.Release|ARM64.Deploy.0 = Release|ARM64
		{BABBF1AF-FECA-1BAD-1F85-E0F2D0B685B8}.Release|Win32.ActiveCfg = Release|Win32
		{BABBF1AF-FECA-1BAD-1F85-E0F2D0B685B8}.Release|Win32.Build.0 = Release|Win32
		{BABBF1AF-FECA-1BAD-1F85-E0F2D0B685B8}.Release|x64.ActiveCfg = Release|x64
		{BABBF1AF-FECA-1BAD-1F85-E0F2D0B685B8}.Release|x64.Build.0 = Release|x64
		{C6016A02-FECA-1BAD-1F85-E0F2D0B685B8}.Debug|ARM.ActiveCfg = Debug|ARM
		{C6016A02-FECA-1BAD-1F85-E0F2D0B685B8}.Debug|ARM.Build.0 = Debug|ARM
		{C6016A02-FECA-1BAD-1F85-E0F2D0B685B8}.Debug|ARM.Deploy.0 = Debug|ARM
		{C6016A02-FECA-1BAD-1F85-E0F2D0B685B8}.Debug|ARM64.ActiveCfg = Debug|ARM64
		{C6016A02-FECA-1BAD-1F85-E0F2D0B685B8}.Debug|ARM64.Build.0 = Debug|ARM64
		{C6016A02-FECA-1BAD-1F85-E0F2D0B685B8}.Debug|ARM64.Deploy.0 = Debug|ARM64
		{C6016A02-FECA-1BAD-1F85-E0F2D0B685B8}.Debug|Win32.ActiveCfg = Debug|Win32
		{C6016A02-FECA-1BAD-1F85-E0F2D0B685B8}.Debug|Win32.Build.0 = Debug|Win32
		{C6016A02-FECA-1BAD-1F85-E0F2D0B685B8}.Debug|x64.ActiveCfg = Debug|x64
		{C6016A02-FECA-1BAD-1F85-E0F2D0B685B8}.Debug|x64.Build.0 = Debug|x64
		{C6016A02-FECA-1BAD-1F85-E0F2D0B685B8}.Release|ARM.ActiveCfg = Release|ARM
		{C6016A02-FECA-1BAD-1F85-E0F2D0B685B8}.Release|ARM.Build.0 = Release|ARM
		{C6016A02-FECA-1BAD-1F85-E0F2D0B685B8}.Release|ARM.Deploy.0 = Release|ARM
		{C6016A02-FECA-1BAD-1F85-E0F2D0B685B8}.Release|ARM64.ActiveCfg = Release|ARM64
		{C6016A02-FECA-1BAD-1F85-E0F2D0B685B8}.Release|ARM64.Build.0 = Release|ARM64
		{C6016A02-FECA-1BAD-1F85-E0F2D0B685B8}.Release|ARM64.Deploy.0 = Release|ARM64
		{C6016A02-FECA-1BAD-1F85-E0F2D0B685B8}.Release|Win32.ActiveCfg = Release|Win32
		{C6016A02-FECA-1BAD-1F85-E0F2D0B685B8}.Release|Win32.Build.0 = Release|Win32
		{C6016A02-FECA-1BAD-1F85-E0F2D0B685B8}.Release|x64.ActiveCfg = Release|x64
		{C6016A02-FECA-1BAD-1F85-E0F2D0B685B8}.Release|x64.Build.0 = Release|x64
		{42142110-FECA-1BAD-1F85-E0F2D0B685B8}.Debug|ARM.ActiveCfg = Debug|ARM
		{42142110-FECA-1BAD-1F85-E0F2D0B685B8}.Debug|ARM.Build.0 = Debug|ARM
		{42142110-FECA-1BAD-1F85-E0F2D0B685B8}.Debug|ARM.Deploy.0 = Debug|ARM
		{42142110-FECA-1BAD-1F85-E0F2D0B685B8}.Debug|ARM64.ActiveCfg = Debug|ARM64
		{42142110-FECA-1BAD-1F85-E0F2D0B685B8}.Debug|ARM64.Build.0 = Debug|ARM64
		{42142110-FECA-1BAD-1F85-E0F2D0B685B8}.Debug|ARM64.Deploy.0 = Debug|ARM64
		{42142110-FECA-1BAD-1F85-E0F2D0B685B8}.Debug|Win32.ActiveCfg = Debug|Win32
		{42142110-FECA-1BAD-1F85-E0F2D0B685B8}.Debug|Win32.Build.0 = Debug|Win32
		{42142110-FECA-1BAD-1F85-E0F2D0B685B8}.Debug|x64.ActiveCfg = Debug|x64
		{42142110-FECA-1BAD-1F85-E0F2D0B685B8}.Debug|x64.Build.0 = Debug|x64
		{42142110-FECA-1BAD-1F85-E0F2D0B685B8}.Release|ARM.ActiveCfg = Release|ARM
		{42142110-FECA-1BAD-1F85-E0F2D0B685B8}.Release|ARM.Build.0 = Release|ARM
		{42142110-FECA-1BAD-1F85-E0F2D0B685B8}.Release|ARM.Deploy.0 = Release|ARM
		{42142110-FECA-1BAD-1F85-E0F2D0B685B8}.Release|ARM64.ActiveCfg = Release|ARM64
		{42142110-FECA-1BAD-1F85-E0F2D0B685B8}.Release|ARM64.Build.0 = Release|ARM64
		{42142110-FECA-1BAD-1F85-E0F2D0B685B8}.Release|ARM64.Deploy.0 = Release|ARM64
		{42142110-FECA-1BAD-1F85-E0F2D0B685B8}.Release|Win32.ActiveCfg = Release|Win32
		{42142110-FECA-1BAD-1F85-E0F2D0B685B8}.Release|Win32.Build.0 = Release|Win32
		{42142110-FECA-1BAD-1F85-E0F2D0B685B8}.Release|x64.ActiveCfg = Release|x64
		{42142110-FECA-1BAD-1F85-E0F2D0B685B8}.Release|x64.Build.0 = Release|x64
		{932074F2-FECA-1BAD-1F85-E0F2D0B685B8}.Debug|ARM.ActiveCfg = Debug|ARM
		{932074F2-FECA-1BAD-1F85-E0F2D0B685B8}.Debug|ARM.Build.0 = Debug|ARM
		{932074F2-FECA-1BAD-1F85-E0F2D0B685B8}.Debug|ARM.Deploy.0 = Debug|ARM
		{932074F2-FECA-1BAD-1F85-E0F2D0B685B8}.Debug|ARM64.ActiveCfg = Debug|ARM64
		{932074F2-FECA-1BAD-1F85-E0F2D0B685B8}.Debug|ARM64.Build.0 = Debug|ARM64
		{932074F2-FECA-1BAD-1F85-E0F2D0B685B8}.Debug|ARM64.Deploy.0 = Debug|ARM64
		{932074F2-FECA-1BAD-1F85-E0F2D0B685B8}.Debug|Win32.ActiveCfg = Debug|Win32
		{932074F2-FECA-1BAD-1F85-E0F2D0B685B8}.Debug|Win32.Build.0 = Debug|Win32
		{932074F2-FECA-1BAD-1F85-E0F2D0B685B8}.Debug|x64.ActiveCfg = Debug|x64
		{932074F2-FECA-1BAD-1F85-E0F2D0B685B8}.Debug|x64.Build.0 = Debug|x64
		{932074F2-FECA-1BAD-1F85-E0F2D0B685B8}.Release|ARM.ActiveCfg = Release|ARM
		{932074F2-FECA-1BAD-1F85-E0F2D0B685B8}.Release|ARM.Build.0 = Release|ARM
		{932074F2-FECA-1BAD-1F85-E0F2D0B685B8}.Release|ARM.Deploy.0 = Release|ARM
		{932074F2-FECA-1BAD-1F85-E0F2D0B685B8}.Release|ARM64.ActiveCfg = Release|ARM64
		{932074F2-FECA-1BAD-1F85-E0F2D0B685B8}.Release|ARM64.Build.0 = Release|ARM64
		{932074F2-FECA-1BAD-1F85-E0F2D0B685B8}.Release|ARM64.Deploy.0 = Release|ARM64
		{932074F2-FECA-1BAD-1F85-E0F2D0B685B8}.Release|Win32.ActiveCfg = Release|Win32
		{932074F2-FECA-1BAD-1F85-E0F2D0B685B8}.Release|Win32.Build.0 = Release|Win32
		{932074F2-FECA-1BAD-1F85-E0F2D0B685B8}.Release|x64.ActiveCfg = Release|x64
		{932074F2-FECA-1BAD-1F85-E0F2D0B685B8}.Release|x64.Build.0 = Release|x64
		{38006797-FECA-1BAD-1F85-E0F2D0B685B8}.Debug|ARM.ActiveCfg = Debug|ARM
		{38006797-FECA-1BAD-1F85-E0F2D0B685B8}.Debug|ARM.Build.0 = Debug|ARM
		{38006797-FECA-1BAD-1F85-E0F2D0B685B8}.Debug|ARM.Deploy.0 = Debug|ARM
		{38006797-FECA-1BAD-1F85-E0F2D0B685B8}.Debug|ARM64.ActiveCfg = Debug|ARM64
		{38006797-FECA-1BAD-1F85-E0F2D0B685B8}.Debug|ARM64.Build.0 = Debug|ARM64
		{38006797-FECA-1BAD-1F85-E0F2D0B685B8}.Debug|ARM64.Deploy.0 = Debug|ARM64
		{38006797-FECA-1BAD-1F85-E0F2D0B685B8}.Debug|Win32.ActiveCfg = Debug|Win32
		{38006797-FECA-1BAD-1F85-E0F2D0B685B8}.Debug|Win32.Build.0 = Debug|Win32
		{38006797-FECA-1BAD-1F85-E0F2D0B685B8}.Debug|x64.ActiveCfg = Debug|x64
		{38006797-FECA-1BAD-1F85-E0F2D0B685B8}.Debug|x64.Build.0 = Debug|x64
		{38006797-FECA-1BAD-1F85-E0F2D0B685B8}.Release|ARM.ActiveCfg = Release|ARM
		{38006797-FECA-1BAD-1F85-E0F2D0B685B8}.Release|ARM.Build.0 = Release|ARM
		{38006797-FECA-1BAD-1F85-E0F2D0B685B8}.Release|ARM.Deploy.0 = Release|ARM
		{38006797-FECA-1BAD-1F85-E0F2D0B685B8}.Release|ARM64.ActiveCfg = Release|ARM64
		{38006797-FECA-1BAD-1F85-E0F2D0B685B8}.Release|ARM64.Build.0 = Release|ARM64
		{38006797-FECA-1BAD-1F85-E0F2D0B685B8}.Release|ARM64.Deploy.0 = Release|ARM64
		{38006797-FECA-1BAD-1F85-E0F2D0B685B8}.Release|Win32.ActiveCfg = Release|Win32
		{38006797-FECA-1BAD-1F85-E0F2D0B685B8}.Release|Win32.Build.0 = Release|Win32
		{38006797-FECA-1BAD-1F85-E0F2D0B685B8}.Release|x64.ActiveCfg = Release|x64
		{38006797-FECA-1BAD-1F85-E0F2D0B685B8}.Release|x64.Build.0 = Release|x64
		{6800A01B-FECA-1BAD-1F85-E0F2D0B685B8}.Debug|ARM.ActiveCfg = Debug|ARM
		{6800A01B-FECA-1BAD-1F85-E0F2D0B685B8}.Debug|ARM.Build.0 = Debug|ARM
		{6800A01B-FECA-1BAD-1F85-E0F2D0B685B8}.Debug|ARM.Deploy.0 = Debug|ARM
		{6800A01B-FECA-1BAD-1F85-E0F2D0B685B8}.Debug|ARM64.ActiveCfg = Debug|ARM64
		{6800A01B-FECA-1BAD-1F85-E0F2D0B685B8}.Debug|ARM64.Build.0 = Debug|ARM64
		{6800A01B-FECA-1BAD-1F85-E0F2D0B685B8}.Debug|ARM64.Deploy.0 = Debug|ARM64
		{6800A01B-FECA-1BAD-1F85-E0F2D0B685B8}.Debug|Win32.ActiveCfg = Debug|Win32
		{6800A01B-FECA-1BAD-1F85-E0F2D0B685B8}.Debug|Win32.Build.0 = Debug|Win32
		{6800A01B-FECA-1BAD-1F85-E0F2D0B685B8}.Debug|x64.ActiveCfg = Debug|x64
		{6800A01B-FECA-1BAD-1F85-E0F2D0B685B8}.Debug|x64.Build.0 = Debug|x64
		{6800A01B-FECA-1BAD-1F85-E0F2D0B685B8}.Release|ARM.ActiveCfg = Release|ARM
		{6800A01B-FECA-1BAD-1F85-E0F2D0B685B8}.Release|ARM.Build.0 = Release|ARM
		{6800A01B-FECA-1BAD-1F85-E0F2D0B685B8}.Release|ARM.Deploy.0 = Release|ARM
		{6800A01B-FECA-1BAD-1F85-E0F2D0B685B8}.Release|ARM64.ActiveCfg = Release|ARM64
		{6800A01B-FECA-1BAD-1F85-E0F2D0B685B8}.Release|ARM64.Build.0 = Release|ARM64
		{6800A01B-FECA-1BAD-1F85-E0F2D0B685B8}.Release|ARM64.Deploy.0 = Release|ARM64
		{6800A01B-FECA-1BAD-1F85-E0F2D0B685B8}.Release|Win32.ActiveCfg = Release|Win32
		{6800A01B-FECA-1BAD-1F85-E0F2D0B685B8}.Release|Win32.Build.0 = Release|Win32
		{6800A01B-FECA-1BAD-1F85-E0F2D0B685B8}.Release|x64.ActiveCfg = Release|x64
		{6800A01B-FECA-1BAD-1F85-E0F2D0B685B8}.Release|x64.Build.0 = Release|x64
		{79E84B20-FECA-1BAD-1F85-E0F2D0B685B8}.Debug|ARM.ActiveCfg = Debug|ARM
		{79E84B20-FECA-1BAD-1F85-E0F2D0B685B8}.Debug|ARM.Build.0 = Debug|ARM
		{79E84B20-FECA-1BAD-1F85-E0F2D0B685B8}.Debug|ARM.Deploy.0 = Debug|ARM
		{79E84B20-FECA-1BAD-1F85-E0F2D0B685B8}.Debug|ARM64.ActiveCfg = Debug|ARM64
		{79E84B20-FECA-1BAD-1F85-E0F2D0B685B8}.Debug|ARM64.Build.0 = Debug|ARM64
		{79E84B20-FECA-1BAD-1F85-E0F2D0B685B8}.Debug|ARM64.Deploy.0 = Debug|ARM64
		{79E84B20-FECA-1BAD-1F85-E0F2D0B685B8}.Debug|Win32.ActiveCfg = Debug|Win32
		{79E84B20-FECA-1BAD-1F85-E0F2D0B685B8}.Debug|Win32.Build.0 = Debug|Win32
		{79E84B20-FECA-1BAD-1F85-E0F2D0B685B8}.Debug|x64.ActiveCfg = Debug|x64
		{79E84B20-FECA-1BAD-1F85-E0F2D0B685B8}.Debug|x64.Build.0 = Debug|x64
		{79E84B20-FECA-1BAD-1F85-E0F2D0B685B8}.Release|ARM.ActiveCfg = Release|ARM
		{79E84B20-FECA-1BAD-1F85-E0F2D0B685B8}.Release|ARM.Build.0 = Release|ARM
		{79E84B20-FECA-1BAD-1F85-E0F2D0B685B8}.Release|ARM.Deploy.0 = Release|ARM
		{79E84B20-FECA-1BAD-1F85-E0F2D0B685B8}.Release|ARM64.ActiveCfg = Release|ARM64
		{79E84B20-FECA-1BAD-1F85-E0F2D0B685B8}.Release|ARM64.Build.0 = Release|ARM64
		{79E84B20-FECA-1BAD-1F85-E0F2D0B685B8}.Release|ARM64.Deploy.0 = Release|ARM64
		{79E84B20-FECA-1BAD-1F85-E0F2D0B685B8}.Release|Win32.ActiveCfg = Release|Win32
		{79E84B20-FECA-1BAD-1F85-E0F2D0B685B8}.Release|Win32.Build.0 = Release|Win32
		{79E84B20-FECA-1BAD-1F85-E0F2D0B685B8}.Release|x64.ActiveCfg = Release|x64
		{79E84B20-FECA-1BAD-1F85-E0F2D0B685B8}.Release|x64.Build.0 = Release|x64
		{1D1F34AC-FECA-1BAD-1F85-E0F2D0B685B8}.Debug|ARM.ActiveCfg = Debug|ARM
		{1D1F34AC-FECA-1BAD-1F85-E0F2D0B685B8}.Debug|ARM.Build.0 = Debug|ARM
		{1D1F34AC-FECA-1BAD-1F85-E0F2D0B685B8}.Debug|ARM.Deploy.0 = Debug|ARM
		{1D1F34AC-FECA-1BAD-1F85-E0F2D0B685B8}.Debug|ARM64.ActiveCfg = Debug|ARM64
		{1D1F34AC-FECA-1BAD-1F85-E0F2D0B685B8}.Debug|ARM64.Build.0 = Debug|ARM64
		{1D1F34AC-FECA-1BAD-1F85-E0F2D0B685B8}.Debug|ARM64.Deploy.0 = Debug|ARM64
		{1D1F34AC-FECA-1BAD-1F85-E0F2D0B685B8}.Debug|Win32.ActiveCfg = Debug|Win32
		{1D1F34AC-FECA-1BAD-1F85-E0F2D0B685B8}.Debug|Win32.Build.0 = Debug|Win32
		{1D1F34AC-FECA-1BAD-1F85-E0F2D0B685B8}.Debug|x64.ActiveCfg = Debug|x64
		{1D1F34AC-FECA-1BAD-1F85-E0F2D0B685B8}.Debug|x64.Build.0 = Debug|x64
		{1D1F34AC-FECA-1BAD-1F85-E0F2D0B685B8}.Release|ARM.ActiveCfg = Release|ARM
		{1D1F34AC-FECA-1BAD-1F85-E0F2D0B685B8}.Release|ARM.Build.0 = Release|ARM
		{1D1F34AC-FECA-1BAD-1F85-E0F2D0B685B8}.Release|ARM.Deploy.0 = Release|ARM
		{1D1F34AC-FECA-1BAD-1F85-E0F2D0B685B8}.Release|ARM64.ActiveCfg = Release|ARM64
		{1D1F34AC-FECA-1BAD-1F85-E0F2D0B685B8}.Release|ARM64.Build.0 = Release|ARM64
		{1D1F34AC-FECA-1BAD-1F85-E0F2D0B685B8}.Release|ARM64.Deploy.0 = Release|ARM64
		{1D1F34AC-FECA-1BAD-1F85-E0F2D0B685B8}.Release|Win32.ActiveCfg = Release|Win32
		{1D1F34AC-FECA-1BAD-1F85-E0F2D0B685B8}.Release|Win32.Build.0 = Release|Win32
		{1D1F34AC-FECA-1BAD-1F85-E0F2D0B685B8}.Release|x64.ActiveCfg = Release|x64
		{1D1F34AC-FECA-1BAD-1F85-E0F2D0B685B8}.Release|x64.Build.0 = Release|x64
	EndGlobalSection
	GlobalSection(SolutionProperties) = preSolution
		HideSolutionNode = FALSE
	EndGlobalSection
EndGlobal
