
Microsoft Visual Studio Solution File, Format Version 12.00
# Visual Studio 16
#
# This file was generated by MPC.  Any changes made directly to
# this file will be lost the next time it is generated.
#
# MPC Command:
# /home/johnny/DOC_ROOT/stage-9846/ACE_wrappers/bin/mwc.pl -type vs2019 -recurse -hierarchy -relative ACE_ROOT=/home/johnny/DOC_ROOT/stage-9846/ACE_wrappers -relative TAO_ROOT=/home/johnny/DOC_ROOT/stage-9846/ACE_wrappers/TAO -workers 12 -name_modifier "*_vs2019"
Project("{8BC9CEB8-8B4A-11D0-8D11-00A0C91BC942}") = "Misc_Basic_Perf", "Misc\Misc_Basic_Perf_vs2019.vcxproj", "{49ECB570-FECA-1BAD-BE51-8A67F3FC84F5}"
EndProject
Project("{8BC9CEB8-8B4A-11D0-8D11-00A0C91BC942}") = "Misc_Childbirth_Time", "Misc\Misc_Childbirth_Time_vs2019.vcxproj", "{96D756DA-FECA-1BAD-BE51-8A67F3FC84F5}"
EndProject
Project("{8BC9CEB8-8B4A-11D0-8D11-00A0C91BC942}") = "Misc_Context_Switch_Time", "Misc\Misc_Context_Switch_Time_vs2019.vcxproj", "{23339603-FECA-1BAD-BE51-8A67F3FC84F5}"
EndProject
Project("{8BC9CEB8-8B4A-11D0-8D11-00A0C91BC942}") = "Misc_Preempt", "Misc\Misc_Preempt_vs2019.vcxproj", "{62D03DA2-FECA-1BAD-BE51-8A67F3FC84F5}"
EndProject
Project("{8BC9CEB8-8B4A-11D0-8D11-00A0C91BC942}") = "Misc_Test_Guard", "Misc\Misc_Test_Guard_vs2019.vcxproj", "{28011026-FECA-1BAD-BE51-8A67F3FC84F5}"
EndProject
Project("{8BC9CEB8-8B4A-11D0-8D11-00A0C91BC942}") = "Misc_Test_Mutex", "Misc\Misc_Test_Mutex_vs2019.vcxproj", "{E801B160-FECA-1BAD-BE51-8A67F3FC84F5}"
EndProject
Project("{8BC9CEB8-8B4A-11D0-8D11-00A0C91BC942}") = "Misc_Test_Naming", "Misc\Misc_Test_Naming_vs2019.vcxproj", "{32F9543A-FECA-1BAD-BE51-8A67F3FC84F5}"
EndProject
Project("{8BC9CEB8-8B4A-11D0-8D11-00A0C91BC942}") = "Misc_Test_Singleton", "Misc\Misc_Test_Singleton_vs2019.vcxproj", "{A187C76D-FECA-1BAD-BE51-8A67F3FC84F5}"
EndProject
Project("{8BC9CEB8-8B4A-11D0-8D11-00A0C91BC942}") = "SCTP_SOCK_SEQPACK_Association_Test", "SCTP\SCTP_SOCK_SEQPACK_Association_Test_vs2019.vcxproj", "{57244C65-FECA-1BAD-7612-8A66F3FD4CB6}"
EndProject
Project("{8BC9CEB8-8B4A-11D0-8D11-00A0C91BC942}") = "SCTP_SOCK_SEQPACK_Clt", "SCTP\SCTP_SOCK_SEQPACK_Clt_vs2019.vcxproj", "{EB4132DE-FECA-1BAD-7612-8A66F3FD4CB6}"
EndProject
Project("{8BC9CEB8-8B4A-11D0-8D11-00A0C91BC942}") = "SCTP_SOCK_SEQPACK_Srv", "SCTP\SCTP_SOCK_SEQPACK_Srv_vs2019.vcxproj", "{CB4133C0-FECA-1BAD-7612-8A66F3FD4CB6}"
EndProject
Project("{8BC9CEB8-8B4A-11D0-8D11-00A0C91BC942}") = "SCTP_SOCK_STREAM_Clt", "SCTP\SCTP_SOCK_STREAM_Clt_vs2019.vcxproj", "{44CAE77C-FECA-1BAD-7612-8A66F3FD4CB6}"
EndProject
Project("{8BC9CEB8-8B4A-11D0-8D11-00A0C91BC942}") = "SCTP_SOCK_STREAM_Srv", "SCTP\SCTP_SOCK_STREAM_Srv_vs2019.vcxproj", "{64CAE662-FECA-1BAD-7612-8A66F3FD4CB6}"
EndProject
Project("{8BC9CEB8-8B4A-11D0-8D11-00A0C91BC942}") = "Svr_Conc_Leader_Follower_RT_CORBA", "Server_Concurrency\Leader_Follower\Svr_Conc_Leader_Follower_RT_CORBA_vs2019.vcxproj", "{0D59C559-FECA-1BAD-FAD8-7885071DD3E2}"
EndProject
Project("{8BC9CEB8-8B4A-11D0-8D11-00A0C91BC942}") = "Svr_Conc_Leader_Follower", "Server_Concurrency\Leader_Follower\Svr_Conc_Leader_Follower_vs2019.vcxproj", "{E78A2A4D-FECA-1BAD-FAD8-7885071DD3E2}"
EndProject
Project("{8BC9CEB8-8B4A-11D0-8D11-00A0C91BC942}") = "Svr_Conc_Queue_Based_Workers_RTCorba", "Server_Concurrency\Queue_Based_Workers\Svr_Conc_Queue_Based_Workers_RTCorba_vs2019.vcxproj", "{BE5F28A6-FECA-1BAD-5029-42D0E18BA5D0}"
EndProject
Project("{8BC9CEB8-8B4A-11D0-8D11-00A0C91BC942}") = "Svr_Conc_Queue_Based_Workers", "Server_Concurrency\Queue_Based_Workers\Svr_Conc_Queue_Based_Workers_vs2019.vcxproj", "{F42F70E2-FECA-1BAD-5029-42D0E18BA5D0}"
EndProject
Project("{8BC9CEB8-8B4A-11D0-8D11-00A0C91BC942}") = "Synch_Benchmarks_Base_Test", "Synch-Benchmarks\Base_Test\Synch_Benchmarks_Base_Test_vs2019.vcxproj", "{E81F1FC3-FECA-1BAD-A238-81D6AD345D00}"
	ProjectSection(ProjectDependencies) = postProject
		{27219E4A-FECA-1BAD-3A9E-1C813063C5A6} = {27219E4A-FECA-1BAD-3A9E-1C813063C5A6}
	EndProjectSection
EndProject
Project("{8BC9CEB8-8B4A-11D0-8D11-00A0C91BC942}") = "Synch_Benchmarks_Perf_Test", "Synch-Benchmarks\Perf_Test\Synch_Benchmarks_Perf_Test_vs2019.vcxproj", "{CC0C1FC2-FECA-1BAD-A22A-C0E6EC045D12}"
	ProjectSection(ProjectDependencies) = postProject
		{27219E4A-FECA-1BAD-3A9E-1C813063C5A6} = {27219E4A-FECA-1BAD-3A9E-1C813063C5A6}
	EndProjectSection
EndProject
Project("{8BC9CEB8-8B4A-11D0-8D11-00A0C91BC942}") = "Synch_Benchmarks", "Synch-Benchmarks\Synch_Benchmarks_vs2019.vcxproj", "{1402AE18-FECA-1BAD-BF87-400DF0C83E7D}"
	ProjectSection(ProjectDependencies) = postProject
		{27219E4A-FECA-1BAD-3A9E-1C813063C5A6} = {27219E4A-FECA-1BAD-3A9E-1C813063C5A6}
	EndProjectSection
EndProject
Project("{8BC9CEB8-8B4A-11D0-8D11-00A0C91BC942}") = "Synch_Lib", "Synch-Benchmarks\Synch_Lib\Synch_Lib_vs2019.vcxproj", "{27219E4A-FECA-1BAD-3A9E-1C813063C5A6}"
EndProject
Project("{8BC9CEB8-8B4A-11D0-8D11-00A0C91BC942}") = "TCP", "TCP\TCP_vs2019.vcxproj", "{48A440E6-FECA-1BAD-5062-8A636F3FD3CA}"
EndProject
Project("{8BC9CEB8-8B4A-11D0-8D11-00A0C91BC942}") = "UDP", "UDP\UDP_vs2019.vcxproj", "{48A440F1-FECA-1BAD-5112-8A636F3FD2BA}"
EndProject
Global
	GlobalSection(SolutionConfigurationPlatforms) = preSolution
		Debug|ARM = Debug|ARM
		Debug|ARM64 = Debug|ARM64
		Debug|Win32 = Debug|Win32
		Debug|x64 = Debug|x64
		Release|ARM = Release|ARM
		Release|ARM64 = Release|ARM64
		Release|Win32 = Release|Win32
		Release|x64 = Release|x64
	EndGlobalSection
	GlobalSection(ProjectConfigurationPlatforms) = postSolution
		{49ECB570-FECA-1BAD-BE51-8A67F3FC84F5}.Debug|ARM.ActiveCfg = Debug|ARM
		{49ECB570-FECA-1BAD-BE51-8A67F3FC84F5}.Debug|ARM.Build.0 = Debug|ARM
		{49ECB570-FECA-1BAD-BE51-8A67F3FC84F5}.Debug|ARM.Deploy.0 = Debug|ARM
		{49ECB570-FECA-1BAD-BE51-8A67F3FC84F5}.Debug|ARM64.ActiveCfg = Debug|ARM64
		{49ECB570-FECA-1BAD-BE51-8A67F3FC84F5}.Debug|ARM64.Build.0 = Debug|ARM64
		{49ECB570-FECA-1BAD-BE51-8A67F3FC84F5}.Debug|ARM64.Deploy.0 = Debug|ARM64
		{49ECB570-FECA-1BAD-BE51-8A67F3FC84F5}.Debug|Win32.ActiveCfg = Debug|Win32
		{49ECB570-FECA-1BAD-BE51-8A67F3FC84F5}.Debug|Win32.Build.0 = Debug|Win32
		{49ECB570-FECA-1BAD-BE51-8A67F3FC84F5}.Debug|x64.ActiveCfg = Debug|x64
		{49ECB570-FECA-1BAD-BE51-8A67F3FC84F5}.Debug|x64.Build.0 = Debug|x64
		{49ECB570-FECA-1BAD-BE51-8A67F3FC84F5}.Release|ARM.ActiveCfg = Release|ARM
		{49ECB570-FECA-1BAD-BE51-8A67F3FC84F5}.Release|ARM.Build.0 = Release|ARM
		{49ECB570-FECA-1BAD-BE51-8A67F3FC84F5}.Release|ARM.Deploy.0 = Release|ARM
		{49ECB570-FECA-1BAD-BE51-8A67F3FC84F5}.Release|ARM64.ActiveCfg = Release|ARM64
		{49ECB570-FECA-1BAD-BE51-8A67F3FC84F5}.Release|ARM64.Build.0 = Release|ARM64
		{49ECB570-FECA-1BAD-BE51-8A67F3FC84F5}.Release|ARM64.Deploy.0 = Release|ARM64
		{49ECB570-FECA-1BAD-BE51-8A67F3FC84F5}.Release|Win32.ActiveCfg = Release|Win32
		{49ECB570-FECA-1BAD-BE51-8A67F3FC84F5}.Release|Win32.Build.0 = Release|Win32
		{49ECB570-FECA-1BAD-BE51-8A67F3FC84F5}.Release|x64.ActiveCfg = Release|x64
		{49ECB570-FECA-1BAD-BE51-8A67F3FC84F5}.Release|x64.Build.0 = Release|x64
		{96D756DA-FECA-1BAD-BE51-8A67F3FC84F5}.Debug|ARM.ActiveCfg = Debug|ARM
		{96D756DA-FECA-1BAD-BE51-8A67F3FC84F5}.Debug|ARM.Build.0 = Debug|ARM
		{96D756DA-FECA-1BAD-BE51-8A67F3FC84F5}.Debug|ARM.Deploy.0 = Debug|ARM
		{96D756DA-FECA-1BAD-BE51-8A67F3FC84F5}.Debug|ARM64.ActiveCfg = Debug|ARM64
		{96D756DA-FECA-1BAD-BE51-8A67F3FC84F5}.Debug|ARM64.Build.0 = Debug|ARM64
		{96D756DA-FECA-1BAD-BE51-8A67F3FC84F5}.Debug|ARM64.Deploy.0 = Debug|ARM64
		{96D756DA-FECA-1BAD-BE51-8A67F3FC84F5}.Debug|Win32.ActiveCfg = Debug|Win32
		{96D756DA-FECA-1BAD-BE51-8A67F3FC84F5}.Debug|Win32.Build.0 = Debug|Win32
		{96D756DA-FECA-1BAD-BE51-8A67F3FC84F5}.Debug|x64.ActiveCfg = Debug|x64
		{96D756DA-FECA-1BAD-BE51-8A67F3FC84F5}.Debug|x64.Build.0 = Debug|x64
		{96D756DA-FECA-1BAD-BE51-8A67F3FC84F5}.Release|ARM.ActiveCfg = Release|ARM
		{96D756DA-FECA-1BAD-BE51-8A67F3FC84F5}.Release|ARM.Build.0 = Release|ARM
		{96D756DA-FECA-1BAD-BE51-8A67F3FC84F5}.Release|ARM.Deploy.0 = Release|ARM
		{96D756DA-FECA-1BAD-BE51-8A67F3FC84F5}.Release|ARM64.ActiveCfg = Release|ARM64
		{96D756DA-FECA-1BAD-BE51-8A67F3FC84F5}.Release|ARM64.Build.0 = Release|ARM64
		{96D756DA-FECA-1BAD-BE51-8A67F3FC84F5}.Release|ARM64.Deploy.0 = Release|ARM64
		{96D756DA-FECA-1BAD-BE51-8A67F3FC84F5}.Release|Win32.ActiveCfg = Release|Win32
		{96D756DA-FECA-1BAD-BE51-8A67F3FC84F5}.Release|Win32.Build.0 = Release|Win32
		{96D756DA-FECA-1BAD-BE51-8A67F3FC84F5}.Release|x64.ActiveCfg = Release|x64
		{96D756DA-FECA-1BAD-BE51-8A67F3FC84F5}.Release|x64.Build.0 = Release|x64
		{23339603-FECA-1BAD-BE51-8A67F3FC84F5}.Debug|ARM.ActiveCfg = Debug|ARM
		{23339603-FECA-1BAD-BE51-8A67F3FC84F5}.Debug|ARM.Build.0 = Debug|ARM
		{23339603-FECA-1BAD-BE51-8A67F3FC84F5}.Debug|ARM.Deploy.0 = Debug|ARM
		{23339603-FECA-1BAD-BE51-8A67F3FC84F5}.Debug|ARM64.ActiveCfg = Debug|ARM64
		{23339603-FECA-1BAD-BE51-8A67F3FC84F5}.Debug|ARM64.Build.0 = Debug|ARM64
		{23339603-FECA-1BAD-BE51-8A67F3FC84F5}.Debug|ARM64.Deploy.0 = Debug|ARM64
		{23339603-FECA-1BAD-BE51-8A67F3FC84F5}.Debug|Win32.ActiveCfg = Debug|Win32
		{23339603-FECA-1BAD-BE51-8A67F3FC84F5}.Debug|Win32.Build.0 = Debug|Win32
		{23339603-FECA-1BAD-BE51-8A67F3FC84F5}.Debug|x64.ActiveCfg = Debug|x64
		{23339603-FECA-1BAD-BE51-8A67F3FC84F5}.Debug|x64.Build.0 = Debug|x64
		{23339603-FECA-1BAD-BE51-8A67F3FC84F5}.Release|ARM.ActiveCfg = Release|ARM
		{23339603-FECA-1BAD-BE51-8A67F3FC84F5}.Release|ARM.Build.0 = Release|ARM
		{23339603-FECA-1BAD-BE51-8A67F3FC84F5}.Release|ARM.Deploy.0 = Release|ARM
		{23339603-FECA-1BAD-BE51-8A67F3FC84F5}.Release|ARM64.ActiveCfg = Release|ARM64
		{23339603-FECA-1BAD-BE51-8A67F3FC84F5}.Release|ARM64.Build.0 = Release|ARM64
		{23339603-FECA-1BAD-BE51-8A67F3FC84F5}.Release|ARM64.Deploy.0 = Release|ARM64
		{23339603-FECA-1BAD-BE51-8A67F3FC84F5}.Release|Win32.ActiveCfg = Release|Win32
		{23339603-FECA-1BAD-BE51-8A67F3FC84F5}.Release|Win32.Build.0 = Release|Win32
		{23339603-FECA-1BAD-BE51-8A67F3FC84F5}.Release|x64.ActiveCfg = Release|x64
		{23339603-FECA-1BAD-BE51-8A67F3FC84F5}.Release|x64.Build.0 = Release|x64
		{62D03DA2-FECA-1BAD-BE51-8A67F3FC84F5}.Debug|ARM.ActiveCfg = Debug|ARM
		{62D03DA2-FECA-1BAD-BE51-8A67F3FC84F5}.Debug|ARM.Build.0 = Debug|ARM
		{62D03DA2-FECA-1BAD-BE51-8A67F3FC84F5}.Debug|ARM.Deploy.0 = Debug|ARM
		{62D03DA2-FECA-1BAD-BE51-8A67F3FC84F5}.Debug|ARM64.ActiveCfg = Debug|ARM64
		{62D03DA2-FECA-1BAD-BE51-8A67F3FC84F5}.Debug|ARM64.Build.0 = Debug|ARM64
		{62D03DA2-FECA-1BAD-BE51-8A67F3FC84F5}.Debug|ARM64.Deploy.0 = Debug|ARM64
		{62D03DA2-FECA-1BAD-BE51-8A67F3FC84F5}.Debug|Win32.ActiveCfg = Debug|Win32
		{62D03DA2-FECA-1BAD-BE51-8A67F3FC84F5}.Debug|Win32.Build.0 = Debug|Win32
		{62D03DA2-FECA-1BAD-BE51-8A67F3FC84F5}.Debug|x64.ActiveCfg = Debug|x64
		{62D03DA2-FECA-1BAD-BE51-8A67F3FC84F5}.Debug|x64.Build.0 = Debug|x64
		{62D03DA2-FECA-1BAD-BE51-8A67F3FC84F5}.Release|ARM.ActiveCfg = Release|ARM
		{62D03DA2-FECA-1BAD-BE51-8A67F3FC84F5}.Release|ARM.Build.0 = Release|ARM
		{62D03DA2-FECA-1BAD-BE51-8A67F3FC84F5}.Release|ARM.Deploy.0 = Release|ARM
		{62D03DA2-FECA-1BAD-BE51-8A67F3FC84F5}.Release|ARM64.ActiveCfg = Release|ARM64
		{62D03DA2-FECA-1BAD-BE51-8A67F3FC84F5}.Release|ARM64.Build.0 = Release|ARM64
		{62D03DA2-FECA-1BAD-BE51-8A67F3FC84F5}.Release|ARM64.Deploy.0 = Release|ARM64
		{62D03DA2-FECA-1BAD-BE51-8A67F3FC84F5}.Release|Win32.ActiveCfg = Release|Win32
		{62D03DA2-FECA-1BAD-BE51-8A67F3FC84F5}.Release|Win32.Build.0 = Release|Win32
		{62D03DA2-FECA-1BAD-BE51-8A67F3FC84F5}.Release|x64.ActiveCfg = Release|x64
		{62D03DA2-FECA-1BAD-BE51-8A67F3FC84F5}.Release|x64.Build.0 = Release|x64
		{28011026-FECA-1BAD-BE51-8A67F3FC84F5}.Debug|ARM.ActiveCfg = Debug|ARM
		{28011026-FECA-1BAD-BE51-8A67F3FC84F5}.Debug|ARM.Build.0 = Debug|ARM
		{28011026-FECA-1BAD-BE51-8A67F3FC84F5}.Debug|ARM.Deploy.0 = Debug|ARM
		{28011026-FECA-1BAD-BE51-8A67F3FC84F5}.Debug|ARM64.ActiveCfg = Debug|ARM64
		{28011026-FECA-1BAD-BE51-8A67F3FC84F5}.Debug|ARM64.Build.0 = Debug|ARM64
		{28011026-FECA-1BAD-BE51-8A67F3FC84F5}.Debug|ARM64.Deploy.0 = Debug|ARM64
		{28011026-FECA-1BAD-BE51-8A67F3FC84F5}.Debug|Win32.ActiveCfg = Debug|Win32
		{28011026-FECA-1BAD-BE51-8A67F3FC84F5}.Debug|Win32.Build.0 = Debug|Win32
		{28011026-FECA-1BAD-BE51-8A67F3FC84F5}.Debug|x64.ActiveCfg = Debug|x64
		{28011026-FECA-1BAD-BE51-8A67F3FC84F5}.Debug|x64.Build.0 = Debug|x64
		{28011026-FECA-1BAD-BE51-8A67F3FC84F5}.Release|ARM.ActiveCfg = Release|ARM
		{28011026-FECA-1BAD-BE51-8A67F3FC84F5}.Release|ARM.Build.0 = Release|ARM
		{28011026-FECA-1BAD-BE51-8A67F3FC84F5}.Release|ARM.Deploy.0 = Release|ARM
		{28011026-FECA-1BAD-BE51-8A67F3FC84F5}.Release|ARM64.ActiveCfg = Release|ARM64
		{28011026-FECA-1BAD-BE51-8A67F3FC84F5}.Release|ARM64.Build.0 = Release|ARM64
		{28011026-FECA-1BAD-BE51-8A67F3FC84F5}.Release|ARM64.Deploy.0 = Release|ARM64
		{28011026-FECA-1BAD-BE51-8A67F3FC84F5}.Release|Win32.ActiveCfg = Release|Win32
		{28011026-FECA-1BAD-BE51-8A67F3FC84F5}.Release|Win32.Build.0 = Release|Win32
		{28011026-FECA-1BAD-BE51-8A67F3FC84F5}.Release|x64.ActiveCfg = Release|x64
		{28011026-FECA-1BAD-BE51-8A67F3FC84F5}.Release|x64.Build.0 = Release|x64
		{E801B160-FECA-1BAD-BE51-8A67F3FC84F5}.Debug|ARM.ActiveCfg = Debug|ARM
		{E801B160-FECA-1BAD-BE51-8A67F3FC84F5}.Debug|ARM.Build.0 = Debug|ARM
		{E801B160-FECA-1BAD-BE51-8A67F3FC84F5}.Debug|ARM.Deploy.0 = Debug|ARM
		{E801B160-FECA-1BAD-BE51-8A67F3FC84F5}.Debug|ARM64.ActiveCfg = Debug|ARM64
		{E801B160-FECA-1BAD-BE51-8A67F3FC84F5}.Debug|ARM64.Build.0 = Debug|ARM64
		{E801B160-FECA-1BAD-BE51-8A67F3FC84F5}.Debug|ARM64.Deploy.0 = Debug|ARM64
		{E801B160-FECA-1BAD-BE51-8A67F3FC84F5}.Debug|Win32.ActiveCfg = Debug|Win32
		{E801B160-FECA-1BAD-BE51-8A67F3FC84F5}.Debug|Win32.Build.0 = Debug|Win32
		{E801B160-FECA-1BAD-BE51-8A67F3FC84F5}.Debug|x64.ActiveCfg = Debug|x64
		{E801B160-FECA-1BAD-BE51-8A67F3FC84F5}.Debug|x64.Build.0 = Debug|x64
		{E801B160-FECA-1BAD-BE51-8A67F3FC84F5}.Release|ARM.ActiveCfg = Release|ARM
		{E801B160-FECA-1BAD-BE51-8A67F3FC84F5}.Release|ARM.Build.0 = Release|ARM
		{E801B160-FECA-1BAD-BE51-8A67F3FC84F5}.Release|ARM.Deploy.0 = Release|ARM
		{E801B160-FECA-1BAD-BE51-8A67F3FC84F5}.Release|ARM64.ActiveCfg = Release|ARM64
		{E801B160-FECA-1BAD-BE51-8A67F3FC84F5}.Release|ARM64.Build.0 = Release|ARM64
		{E801B160-FECA-1BAD-BE51-8A67F3FC84F5}.Release|ARM64.Deploy.0 = Release|ARM64
		{E801B160-FECA-1BAD-BE51-8A67F3FC84F5}.Release|Win32.ActiveCfg = Release|Win32
		{E801B160-FECA-1BAD-BE51-8A67F3FC84F5}.Release|Win32.Build.0 = Release|Win32
		{E801B160-FECA-1BAD-BE51-8A67F3FC84F5}.Release|x64.ActiveCfg = Release|x64
		{E801B160-FECA-1BAD-BE51-8A67F3FC84F5}.Release|x64.Build.0 = Release|x64
		{32F9543A-FECA-1BAD-BE51-8A67F3FC84F5}.Debug|ARM.ActiveCfg = Debug|ARM
		{32F9543A-FECA-1BAD-BE51-8A67F3FC84F5}.Debug|ARM.Build.0 = Debug|ARM
		{32F9543A-FECA-1BAD-BE51-8A67F3FC84F5}.Debug|ARM.Deploy.0 = Debug|ARM
		{32F9543A-FECA-1BAD-BE51-8A67F3FC84F5}.Debug|ARM64.ActiveCfg = Debug|ARM64
		{32F9543A-FECA-1BAD-BE51-8A67F3FC84F5}.Debug|ARM64.Build.0 = Debug|ARM64
		{32F9543A-FECA-1BAD-BE51-8A67F3FC84F5}.Debug|ARM64.Deploy.0 = Debug|ARM64
		{32F9543A-FECA-1BAD-BE51-8A67F3FC84F5}.Debug|Win32.ActiveCfg = Debug|Win32
		{32F9543A-FECA-1BAD-BE51-8A67F3FC84F5}.Debug|Win32.Build.0 = Debug|Win32
		{32F9543A-FECA-1BAD-BE51-8A67F3FC84F5}.Debug|x64.ActiveCfg = Debug|x64
		{32F9543A-FECA-1BAD-BE51-8A67F3FC84F5}.Debug|x64.Build.0 = Debug|x64
		{32F9543A-FECA-1BAD-BE51-8A67F3FC84F5}.Release|ARM.ActiveCfg = Release|ARM
		{32F9543A-FECA-1BAD-BE51-8A67F3FC84F5}.Release|ARM.Build.0 = Release|ARM
		{32F9543A-FECA-1BAD-BE51-8A67F3FC84F5}.Release|ARM.Deploy.0 = Release|ARM
		{32F9543A-FECA-1BAD-BE51-8A67F3FC84F5}.Release|ARM64.ActiveCfg = Release|ARM64
		{32F9543A-FECA-1BAD-BE51-8A67F3FC84F5}.Release|ARM64.Build.0 = Release|ARM64
		{32F9543A-FECA-1BAD-BE51-8A67F3FC84F5}.Release|ARM64.Deploy.0 = Release|ARM64
		{32F9543A-FECA-1BAD-BE51-8A67F3FC84F5}.Release|Win32.ActiveCfg = Release|Win32
		{32F9543A-FECA-1BAD-BE51-8A67F3FC84F5}.Release|Win32.Build.0 = Release|Win32
		{32F9543A-FECA-1BAD-BE51-8A67F3FC84F5}.Release|x64.ActiveCfg = Release|x64
		{32F9543A-FECA-1BAD-BE51-8A67F3FC84F5}.Release|x64.Build.0 = Release|x64
		{A187C76D-FECA-1BAD-BE51-8A67F3FC84F5}.Debug|ARM.ActiveCfg = Debug|ARM
		{A187C76D-FECA-1BAD-BE51-8A67F3FC84F5}.Debug|ARM.Build.0 = Debug|ARM
		{A187C76D-FECA-1BAD-BE51-8A67F3FC84F5}.Debug|ARM.Deploy.0 = Debug|ARM
		{A187C76D-FECA-1BAD-BE51-8A67F3FC84F5}.Debug|ARM64.ActiveCfg = Debug|ARM64
		{A187C76D-FECA-1BAD-BE51-8A67F3FC84F5}.Debug|ARM64.Build.0 = Debug|ARM64
		{A187C76D-FECA-1BAD-BE51-8A67F3FC84F5}.Debug|ARM64.Deploy.0 = Debug|ARM64
		{A187C76D-FECA-1BAD-BE51-8A67F3FC84F5}.Debug|Win32.ActiveCfg = Debug|Win32
		{A187C76D-FECA-1BAD-BE51-8A67F3FC84F5}.Debug|Win32.Build.0 = Debug|Win32
		{A187C76D-FECA-1BAD-BE51-8A67F3FC84F5}.Debug|x64.ActiveCfg = Debug|x64
		{A187C76D-FECA-1BAD-BE51-8A67F3FC84F5}.Debug|x64.Build.0 = Debug|x64
		{A187C76D-FECA-1BAD-BE51-8A67F3FC84F5}.Release|ARM.ActiveCfg = Release|ARM
		{A187C76D-FECA-1BAD-BE51-8A67F3FC84F5}.Release|ARM.Build.0 = Release|ARM
		{A187C76D-FECA-1BAD-BE51-8A67F3FC84F5}.Release|ARM.Deploy.0 = Release|ARM
		{A187C76D-FECA-1BAD-BE51-8A67F3FC84F5}.Release|ARM64.ActiveCfg = Release|ARM64
		{A187C76D-FECA-1BAD-BE51-8A67F3FC84F5}.Release|ARM64.Build.0 = Release|ARM64
		{A187C76D-FECA-1BAD-BE51-8A67F3FC84F5}.Release|ARM64.Deploy.0 = Release|ARM64
		{A187C76D-FECA-1BAD-BE51-8A67F3FC84F5}.Release|Win32.ActiveCfg = Release|Win32
		{A187C76D-FECA-1BAD-BE51-8A67F3FC84F5}.Release|Win32.Build.0 = Release|Win32
		{A187C76D-FECA-1BAD-BE51-8A67F3FC84F5}.Release|x64.ActiveCfg = Release|x64
		{A187C76D-FECA-1BAD-BE51-8A67F3FC84F5}.Release|x64.Build.0 = Release|x64
		{57244C65-FECA-1BAD-7612-8A66F3FD4CB6}.Debug|ARM.ActiveCfg = Debug|ARM
		{57244C65-FECA-1BAD-7612-8A66F3FD4CB6}.Debug|ARM.Build.0 = Debug|ARM
		{57244C65-FECA-1BAD-7612-8A66F3FD4CB6}.Debug|ARM.Deploy.0 = Debug|ARM
		{57244C65-FECA-1BAD-7612-8A66F3FD4CB6}.Debug|ARM64.ActiveCfg = Debug|ARM64
		{57244C65-FECA-1BAD-7612-8A66F3FD4CB6}.Debug|ARM64.Build.0 = Debug|ARM64
		{57244C65-FECA-1BAD-7612-8A66F3FD4CB6}.Debug|ARM64.Deploy.0 = Debug|ARM64
		{57244C65-FECA-1BAD-7612-8A66F3FD4CB6}.Debug|Win32.ActiveCfg = Debug|Win32
		{57244C65-FECA-1BAD-7612-8A66F3FD4CB6}.Debug|Win32.Build.0 = Debug|Win32
		{57244C65-FECA-1BAD-7612-8A66F3FD4CB6}.Debug|x64.ActiveCfg = Debug|x64
		{57244C65-FECA-1BAD-7612-8A66F3FD4CB6}.Debug|x64.Build.0 = Debug|x64
		{57244C65-FECA-1BAD-7612-8A66F3FD4CB6}.Release|ARM.ActiveCfg = Release|ARM
		{57244C65-FECA-1BAD-7612-8A66F3FD4CB6}.Release|ARM.Build.0 = Release|ARM
		{57244C65-FECA-1BAD-7612-8A66F3FD4CB6}.Release|ARM.Deploy.0 = Release|ARM
		{57244C65-FECA-1BAD-7612-8A66F3FD4CB6}.Release|ARM64.ActiveCfg = Release|ARM64
		{57244C65-FECA-1BAD-7612-8A66F3FD4CB6}.Release|ARM64.Build.0 = Release|ARM64
		{57244C65-FECA-1BAD-7612-8A66F3FD4CB6}.Release|ARM64.Deploy.0 = Release|ARM64
		{57244C65-FECA-1BAD-7612-8A66F3FD4CB6}.Release|Win32.ActiveCfg = Release|Win32
		{57244C65-FECA-1BAD-7612-8A66F3FD4CB6}.Release|Win32.Build.0 = Release|Win32
		{57244C65-FECA-1BAD-7612-8A66F3FD4CB6}.Release|x64.ActiveCfg = Release|x64
		{57244C65-FECA-1BAD-7612-8A66F3FD4CB6}.Release|x64.Build.0 = Release|x64
		{EB4132DE-FECA-1BAD-7612-8A66F3FD4CB6}.Debug|ARM.ActiveCfg = Debug|ARM
		{EB4132DE-FECA-1BAD-7612-8A66F3FD4CB6}.Debug|ARM.Build.0 = Debug|ARM
		{EB4132DE-FECA-1BAD-7612-8A66F3FD4CB6}.Debug|ARM.Deploy.0 = Debug|ARM
		{EB4132DE-FECA-1BAD-7612-8A66F3FD4CB6}.Debug|ARM64.ActiveCfg = Debug|ARM64
		{EB4132DE-FECA-1BAD-7612-8A66F3FD4CB6}.Debug|ARM64.Build.0 = Debug|ARM64
		{EB4132DE-FECA-1BAD-7612-8A66F3FD4CB6}.Debug|ARM64.Deploy.0 = Debug|ARM64
		{EB4132DE-FECA-1BAD-7612-8A66F3FD4CB6}.Debug|Win32.ActiveCfg = Debug|Win32
		{EB4132DE-FECA-1BAD-7612-8A66F3FD4CB6}.Debug|Win32.Build.0 = Debug|Win32
		{EB4132DE-FECA-1BAD-7612-8A66F3FD4CB6}.Debug|x64.ActiveCfg = Debug|x64
		{EB4132DE-FECA-1BAD-7612-8A66F3FD4CB6}.Debug|x64.Build.0 = Debug|x64
		{EB4132DE-FECA-1BAD-7612-8A66F3FD4CB6}.Release|ARM.ActiveCfg = Release|ARM
		{EB4132DE-FECA-1BAD-7612-8A66F3FD4CB6}.Release|ARM.Build.0 = Release|ARM
		{EB4132DE-FECA-1BAD-7612-8A66F3FD4CB6}.Release|ARM.Deploy.0 = Release|ARM
		{EB4132DE-FECA-1BAD-7612-8A66F3FD4CB6}.Release|ARM64.ActiveCfg = Release|ARM64
		{EB4132DE-FECA-1BAD-7612-8A66F3FD4CB6}.Release|ARM64.Build.0 = Release|ARM64
		{EB4132DE-FECA-1BAD-7612-8A66F3FD4CB6}.Release|ARM64.Deploy.0 = Release|ARM64
		{EB4132DE-FECA-1BAD-7612-8A66F3FD4CB6}.Release|Win32.ActiveCfg = Release|Win32
		{EB4132DE-FECA-1BAD-7612-8A66F3FD4CB6}.Release|Win32.Build.0 = Release|Win32
		{EB4132DE-FECA-1BAD-7612-8A66F3FD4CB6}.Release|x64.ActiveCfg = Release|x64
		{EB4132DE-FECA-1BAD-7612-8A66F3FD4CB6}.Release|x64.Build.0 = Release|x64
		{CB4133C0-FECA-1BAD-7612-8A66F3FD4CB6}.Debug|ARM.ActiveCfg = Debug|ARM
		{CB4133C0-FECA-1BAD-7612-8A66F3FD4CB6}.Debug|ARM.Build.0 = Debug|ARM
		{CB4133C0-FECA-1BAD-7612-8A66F3FD4CB6}.Debug|ARM.Deploy.0 = Debug|ARM
		{CB4133C0-FECA-1BAD-7612-8A66F3FD4CB6}.Debug|ARM64.ActiveCfg = Debug|ARM64
		{CB4133C0-FECA-1BAD-7612-8A66F3FD4CB6}.Debug|ARM64.Build.0 = Debug|ARM64
		{CB4133C0-FECA-1BAD-7612-8A66F3FD4CB6}.Debug|ARM64.Deploy.0 = Debug|ARM64
		{CB4133C0-FECA-1BAD-7612-8A66F3FD4CB6}.Debug|Win32.ActiveCfg = Debug|Win32
		{CB4133C0-FECA-1BAD-7612-8A66F3FD4CB6}.Debug|Win32.Build.0 = Debug|Win32
		{CB4133C0-FECA-1BAD-7612-8A66F3FD4CB6}.Debug|x64.ActiveCfg = Debug|x64
		{CB4133C0-FECA-1BAD-7612-8A66F3FD4CB6}.Debug|x64.Build.0 = Debug|x64
		{CB4133C0-FECA-1BAD-7612-8A66F3FD4CB6}.Release|ARM.ActiveCfg = Release|ARM
		{CB4133C0-FECA-1BAD-7612-8A66F3FD4CB6}.Release|ARM.Build.0 = Release|ARM
		{CB4133C0-FECA-1BAD-7612-8A66F3FD4CB6}.Release|ARM.Deploy.0 = Release|ARM
		{CB4133C0-FECA-1BAD-7612-8A66F3FD4CB6}.Release|ARM64.ActiveCfg = Release|ARM64
		{CB4133C0-FECA-1BAD-7612-8A66F3FD4CB6}.Release|ARM64.Build.0 = Release|ARM64
		{CB4133C0-FECA-1BAD-7612-8A66F3FD4CB6}.Release|ARM64.Deploy.0 = Release|ARM64
		{CB4133C0-FECA-1BAD-7612-8A66F3FD4CB6}.Release|Win32.ActiveCfg = Release|Win32
		{CB4133C0-FECA-1BAD-7612-8A66F3FD4CB6}.Release|Win32.Build.0 = Release|Win32
		{CB4133C0-FECA-1BAD-7612-8A66F3FD4CB6}.Release|x64.ActiveCfg = Release|x64
		{CB4133C0-FECA-1BAD-7612-8A66F3FD4CB6}.Release|x64.Build.0 = Release|x64
		{44CAE77C-FECA-1BAD-7612-8A66F3FD4CB6}.Debug|ARM.ActiveCfg = Debug|ARM
		{44CAE77C-FECA-1BAD-7612-8A66F3FD4CB6}.Debug|ARM.Build.0 = Debug|ARM
		{44CAE77C-FECA-1BAD-7612-8A66F3FD4CB6}.Debug|ARM.Deploy.0 = Debug|ARM
		{44CAE77C-FECA-1BAD-7612-8A66F3FD4CB6}.Debug|ARM64.ActiveCfg = Debug|ARM64
		{44CAE77C-FECA-1BAD-7612-8A66F3FD4CB6}.Debug|ARM64.Build.0 = Debug|ARM64
		{44CAE77C-FECA-1BAD-7612-8A66F3FD4CB6}.Debug|ARM64.Deploy.0 = Debug|ARM64
		{44CAE77C-FECA-1BAD-7612-8A66F3FD4CB6}.Debug|Win32.ActiveCfg = Debug|Win32
		{44CAE77C-FECA-1BAD-7612-8A66F3FD4CB6}.Debug|Win32.Build.0 = Debug|Win32
		{44CAE77C-FECA-1BAD-7612-8A66F3FD4CB6}.Debug|x64.ActiveCfg = Debug|x64
		{44CAE77C-FECA-1BAD-7612-8A66F3FD4CB6}.Debug|x64.Build.0 = Debug|x64
		{44CAE77C-FECA-1BAD-7612-8A66F3FD4CB6}.Release|ARM.ActiveCfg = Release|ARM
		{44CAE77C-FECA-1BAD-7612-8A66F3FD4CB6}.Release|ARM.Build.0 = Release|ARM
		{44CAE77C-FECA-1BAD-7612-8A66F3FD4CB6}.Release|ARM.Deploy.0 = Release|ARM
		{44CAE77C-FECA-1BAD-7612-8A66F3FD4CB6}.Release|ARM64.ActiveCfg = Release|ARM64
		{44CAE77C-FECA-1BAD-7612-8A66F3FD4CB6}.Release|ARM64.Build.0 = Release|ARM64
		{44CAE77C-FECA-1BAD-7612-8A66F3FD4CB6}.Release|ARM64.Deploy.0 = Release|ARM64
		{44CAE77C-FECA-1BAD-7612-8A66F3FD4CB6}.Release|Win32.ActiveCfg = Release|Win32
		{44CAE77C-FECA-1BAD-7612-8A66F3FD4CB6}.Release|Win32.Build.0 = Release|Win32
		{44CAE77C-FECA-1BAD-7612-8A66F3FD4CB6}.Release|x64.ActiveCfg = Release|x64
		{44CAE77C-FECA-1BAD-7612-8A66F3FD4CB6}.Release|x64.Build.0 = Release|x64
		{64CAE662-FECA-1BAD-7612-8A66F3FD4CB6}.Debug|ARM.ActiveCfg = Debug|ARM
		{64CAE662-FECA-1BAD-7612-8A66F3FD4CB6}.Debug|ARM.Build.0 = Debug|ARM
		{64CAE662-FECA-1BAD-7612-8A66F3FD4CB6}.Debug|ARM.Deploy.0 = Debug|ARM
		{64CAE662-FECA-1BAD-7612-8A66F3FD4CB6}.Debug|ARM64.ActiveCfg = Debug|ARM64
		{64CAE662-FECA-1BAD-7612-8A66F3FD4CB6}.Debug|ARM64.Build.0 = Debug|ARM64
		{64CAE662-FECA-1BAD-7612-8A66F3FD4CB6}.Debug|ARM64.Deploy.0 = Debug|ARM64
		{64CAE662-FECA-1BAD-7612-8A66F3FD4CB6}.Debug|Win32.ActiveCfg = Debug|Win32
		{64CAE662-FECA-1BAD-7612-8A66F3FD4CB6}.Debug|Win32.Build.0 = Debug|Win32
		{64CAE662-FECA-1BAD-7612-8A66F3FD4CB6}.Debug|x64.ActiveCfg = Debug|x64
		{64CAE662-FECA-1BAD-7612-8A66F3FD4CB6}.Debug|x64.Build.0 = Debug|x64
		{64CAE662-FECA-1BAD-7612-8A66F3FD4CB6}.Release|ARM.ActiveCfg = Release|ARM
		{64CAE662-FECA-1BAD-7612-8A66F3FD4CB6}.Release|ARM.Build.0 = Release|ARM
		{64CAE662-FECA-1BAD-7612-8A66F3FD4CB6}.Release|ARM.Deploy.0 = Release|ARM
		{64CAE662-FECA-1BAD-7612-8A66F3FD4CB6}.Release|ARM64.ActiveCfg = Release|ARM64
		{64CAE662-FECA-1BAD-7612-8A66F3FD4CB6}.Release|ARM64.Build.0 = Release|ARM64
		{64CAE662-FECA-1BAD-7612-8A66F3FD4CB6}.Release|ARM64.Deploy.0 = Release|ARM64
		{64CAE662-FECA-1BAD-7612-8A66F3FD4CB6}.Release|Win32.ActiveCfg = Release|Win32
		{64CAE662-FECA-1BAD-7612-8A66F3FD4CB6}.Release|Win32.Build.0 = Release|Win32
		{64CAE662-FECA-1BAD-7612-8A66F3FD4CB6}.Release|x64.ActiveCfg = Release|x64
		{64CAE662-FECA-1BAD-7612-8A66F3FD4CB6}.Release|x64.Build.0 = Release|x64
		{0D59C559-FECA-1BAD-FAD8-7885071DD3E2}.Debug|ARM.ActiveCfg = Debug|ARM
		{0D59C559-FECA-1BAD-FAD8-7885071DD3E2}.Debug|ARM.Build.0 = Debug|ARM
		{0D59C559-FECA-1BAD-FAD8-7885071DD3E2}.Debug|ARM.Deploy.0 = Debug|ARM
		{0D59C559-FECA-1BAD-FAD8-7885071DD3E2}.Debug|ARM64.ActiveCfg = Debug|ARM64
		{0D59C559-FECA-1BAD-FAD8-7885071DD3E2}.Debug|ARM64.Build.0 = Debug|ARM64
		{0D59C559-FECA-1BAD-FAD8-7885071DD3E2}.Debug|ARM64.Deploy.0 = Debug|ARM64
		{0D59C559-FECA-1BAD-FAD8-7885071DD3E2}.Debug|Win32.ActiveCfg = Debug|Win32
		{0D59C559-FECA-1BAD-FAD8-7885071DD3E2}.Debug|Win32.Build.0 = Debug|Win32
		{0D59C559-FECA-1BAD-FAD8-7885071DD3E2}.Debug|x64.ActiveCfg = Debug|x64
		{0D59C559-FECA-1BAD-FAD8-7885071DD3E2}.Debug|x64.Build.0 = Debug|x64
		{0D59C559-FECA-1BAD-FAD8-7885071DD3E2}.Release|ARM.ActiveCfg = Release|ARM
		{0D59C559-FECA-1BAD-FAD8-7885071DD3E2}.Release|ARM.Build.0 = Release|ARM
		{0D59C559-FECA-1BAD-FAD8-7885071DD3E2}.Release|ARM.Deploy.0 = Release|ARM
		{0D59C559-FECA-1BAD-FAD8-7885071DD3E2}.Release|ARM64.ActiveCfg = Release|ARM64
		{0D59C559-FECA-1BAD-FAD8-7885071DD3E2}.Release|ARM64.Build.0 = Release|ARM64
		{0D59C559-FECA-1BAD-FAD8-7885071DD3E2}.Release|ARM64.Deploy.0 = Release|ARM64
		{0D59C559-FECA-1BAD-FAD8-7885071DD3E2}.Release|Win32.ActiveCfg = Release|Win32
		{0D59C559-FECA-1BAD-FAD8-7885071DD3E2}.Release|Win32.Build.0 = Release|Win32
		{0D59C559-FECA-1BAD-FAD8-7885071DD3E2}.Release|x64.ActiveCfg = Release|x64
		{0D59C559-FECA-1BAD-FAD8-7885071DD3E2}.Release|x64.Build.0 = Release|x64
		{E78A2A4D-FECA-1BAD-FAD8-7885071DD3E2}.Debug|ARM.ActiveCfg = Debug|ARM
		{E78A2A4D-FECA-1BAD-FAD8-7885071DD3E2}.Debug|ARM.Build.0 = Debug|ARM
		{E78A2A4D-FECA-1BAD-FAD8-7885071DD3E2}.Debug|ARM.Deploy.0 = Debug|ARM
		{E78A2A4D-FECA-1BAD-FAD8-7885071DD3E2}.Debug|ARM64.ActiveCfg = Debug|ARM64
		{E78A2A4D-FECA-1BAD-FAD8-7885071DD3E2}.Debug|ARM64.Build.0 = Debug|ARM64
		{E78A2A4D-FECA-1BAD-FAD8-7885071DD3E2}.Debug|ARM64.Deploy.0 = Debug|ARM64
		{E78A2A4D-FECA-1BAD-FAD8-7885071DD3E2}.Debug|Win32.ActiveCfg = Debug|Win32
		{E78A2A4D-FECA-1BAD-FAD8-7885071DD3E2}.Debug|Win32.Build.0 = Debug|Win32
		{E78A2A4D-FECA-1BAD-FAD8-7885071DD3E2}.Debug|x64.ActiveCfg = Debug|x64
		{E78A2A4D-FECA-1BAD-FAD8-7885071DD3E2}.Debug|x64.Build.0 = Debug|x64
		{E78A2A4D-FECA-1BAD-FAD8-7885071DD3E2}.Release|ARM.ActiveCfg = Release|ARM
		{E78A2A4D-FECA-1BAD-FAD8-7885071DD3E2}.Release|ARM.Build.0 = Release|ARM
		{E78A2A4D-FECA-1BAD-FAD8-7885071DD3E2}.Release|ARM.Deploy.0 = Release|ARM
		{E78A2A4D-FECA-1BAD-FAD8-7885071DD3E2}.Release|ARM64.ActiveCfg = Release|ARM64
		{E78A2A4D-FECA-1BAD-FAD8-7885071DD3E2}.Release|ARM64.Build.0 = Release|ARM64
		{E78A2A4D-FECA-1BAD-FAD8-7885071DD3E2}.Release|ARM64.Deploy.0 = Release|ARM64
		{E78A2A4D-FECA-1BAD-FAD8-7885071DD3E2}.Release|Win32.ActiveCfg = Release|Win32
		{E78A2A4D-FECA-1BAD-FAD8-7885071DD3E2}.Release|Win32.Build.0 = Release|Win32
		{E78A2A4D-FECA-1BAD-FAD8-7885071DD3E2}.Release|x64.ActiveCfg = Release|x64
		{E78A2A4D-FECA-1BAD-FAD8-7885071DD3E2}.Release|x64.Build.0 = Release|x64
		{BE5F28A6-FECA-1BAD-5029-42D0E18BA5D0}.Debug|ARM.ActiveCfg = Debug|ARM
		{BE5F28A6-FECA-1BAD-5029-42D0E18BA5D0}.Debug|ARM.Build.0 = Debug|ARM
		{BE5F28A6-FECA-1BAD-5029-42D0E18BA5D0}.Debug|ARM.Deploy.0 = Debug|ARM
		{BE5F28A6-FECA-1BAD-5029-42D0E18BA5D0}.Debug|ARM64.ActiveCfg = Debug|ARM64
		{BE5F28A6-FECA-1BAD-5029-42D0E18BA5D0}.Debug|ARM64.Build.0 = Debug|ARM64
		{BE5F28A6-FECA-1BAD-5029-42D0E18BA5D0}.Debug|ARM64.Deploy.0 = Debug|ARM64
		{BE5F28A6-FECA-1BAD-5029-42D0E18BA5D0}.Debug|Win32.ActiveCfg = Debug|Win32
		{BE5F28A6-FECA-1BAD-5029-42D0E18BA5D0}.Debug|Win32.Build.0 = Debug|Win32
		{BE5F28A6-FECA-1BAD-5029-42D0E18BA5D0}.Debug|x64.ActiveCfg = Debug|x64
		{BE5F28A6-FECA-1BAD-5029-42D0E18BA5D0}.Debug|x64.Build.0 = Debug|x64
		{BE5F28A6-FECA-1BAD-5029-42D0E18BA5D0}.Release|ARM.ActiveCfg = Release|ARM
		{BE5F28A6-FECA-1BAD-5029-42D0E18BA5D0}.Release|ARM.Build.0 = Release|ARM
		{BE5F28A6-FECA-1BAD-5029-42D0E18BA5D0}.Release|ARM.Deploy.0 = Release|ARM
		{BE5F28A6-FECA-1BAD-5029-42D0E18BA5D0}.Release|ARM64.ActiveCfg = Release|ARM64
		{BE5F28A6-FECA-1BAD-5029-42D0E18BA5D0}.Release|ARM64.Build.0 = Release|ARM64
		{BE5F28A6-FECA-1BAD-5029-42D0E18BA5D0}.Release|ARM64.Deploy.0 = Release|ARM64
		{BE5F28A6-FECA-1BAD-5029-42D0E18BA5D0}.Release|Win32.ActiveCfg = Release|Win32
		{BE5F28A6-FECA-1BAD-5029-42D0E18BA5D0}.Release|Win32.Build.0 = Release|Win32
		{BE5F28A6-FECA-1BAD-5029-42D0E18BA5D0}.Release|x64.ActiveCfg = Release|x64
		{BE5F28A6-FECA-1BAD-5029-42D0E18BA5D0}.Release|x64.Build.0 = Release|x64
		{F42F70E2-FECA-1BAD-5029-42D0E18BA5D0}.Debug|ARM.ActiveCfg = Debug|ARM
		{F42F70E2-FECA-1BAD-5029-42D0E18BA5D0}.Debug|ARM.Build.0 = Debug|ARM
		{F42F70E2-FECA-1BAD-5029-42D0E18BA5D0}.Debug|ARM.Deploy.0 = Debug|ARM
		{F42F70E2-FECA-1BAD-5029-42D0E18BA5D0}.Debug|ARM64.ActiveCfg = Debug|ARM64
		{F42F70E2-FECA-1BAD-5029-42D0E18BA5D0}.Debug|ARM64.Build.0 = Debug|ARM64
		{F42F70E2-FECA-1BAD-5029-42D0E18BA5D0}.Debug|ARM64.Deploy.0 = Debug|ARM64
		{F42F70E2-FECA-1BAD-5029-42D0E18BA5D0}.Debug|Win32.ActiveCfg = Debug|Win32
		{F42F70E2-FECA-1BAD-5029-42D0E18BA5D0}.Debug|Win32.Build.0 = Debug|Win32
		{F42F70E2-FECA-1BAD-5029-42D0E18BA5D0}.Debug|x64.ActiveCfg = Debug|x64
		{F42F70E2-FECA-1BAD-5029-42D0E18BA5D0}.Debug|x64.Build.0 = Debug|x64
		{F42F70E2-FECA-1BAD-5029-42D0E18BA5D0}.Release|ARM.ActiveCfg = Release|ARM
		{F42F70E2-FECA-1BAD-5029-42D0E18BA5D0}.Release|ARM.Build.0 = Release|ARM
		{F42F70E2-FECA-1BAD-5029-42D0E18BA5D0}.Release|ARM.Deploy.0 = Release|ARM
		{F42F70E2-FECA-1BAD-5029-42D0E18BA5D0}.Release|ARM64.ActiveCfg = Release|ARM64
		{F42F70E2-FECA-1BAD-5029-42D0E18BA5D0}.Release|ARM64.Build.0 = Release|ARM64
		{F42F70E2-FECA-1BAD-5029-42D0E18BA5D0}.Release|ARM64.Deploy.0 = Release|ARM64
		{F42F70E2-FECA-1BAD-5029-42D0E18BA5D0}.Release|Win32.ActiveCfg = Release|Win32
		{F42F70E2-FECA-1BAD-5029-42D0E18BA5D0}.Release|Win32.Build.0 = Release|Win32
		{F42F70E2-FECA-1BAD-5029-42D0E18BA5D0}.Release|x64.ActiveCfg = Release|x64
		{F42F70E2-FECA-1BAD-5029-42D0E18BA5D0}.Release|x64.Build.0 = Release|x64
		{E81F1FC3-FECA-1BAD-A238-81D6AD345D00}.Debug|ARM.ActiveCfg = Debug|ARM
		{E81F1FC3-FECA-1BAD-A238-81D6AD345D00}.Debug|ARM.Build.0 = Debug|ARM
		{E81F1FC3-FECA-1BAD-A238-81D6AD345D00}.Debug|ARM.Deploy.0 = Debug|ARM
		{E81F1FC3-FECA-1BAD-A238-81D6AD345D00}.Debug|ARM64.ActiveCfg = Debug|ARM64
		{E81F1FC3-FECA-1BAD-A238-81D6AD345D00}.Debug|ARM64.Build.0 = Debug|ARM64
		{E81F1FC3-FECA-1BAD-A238-81D6AD345D00}.Debug|ARM64.Deploy.0 = Debug|ARM64
		{E81F1FC3-FECA-1BAD-A238-81D6AD345D00}.Debug|Win32.ActiveCfg = Debug|Win32
		{E81F1FC3-FECA-1BAD-A238-81D6AD345D00}.Debug|Win32.Build.0 = Debug|Win32
		{E81F1FC3-FECA-1BAD-A238-81D6AD345D00}.Debug|x64.ActiveCfg = Debug|x64
		{E81F1FC3-FECA-1BAD-A238-81D6AD345D00}.Debug|x64.Build.0 = Debug|x64
		{E81F1FC3-FECA-1BAD-A238-81D6AD345D00}.Release|ARM.ActiveCfg = Release|ARM
		{E81F1FC3-FECA-1BAD-A238-81D6AD345D00}.Release|ARM.Build.0 = Release|ARM
		{E81F1FC3-FECA-1BAD-A238-81D6AD345D00}.Release|ARM.Deploy.0 = Release|ARM
		{E81F1FC3-FECA-1BAD-A238-81D6AD345D00}.Release|ARM64.ActiveCfg = Release|ARM64
		{E81F1FC3-FECA-1BAD-A238-81D6AD345D00}.Release|ARM64.Build.0 = Release|ARM64
		{E81F1FC3-FECA-1BAD-A238-81D6AD345D00}.Release|ARM64.Deploy.0 = Release|ARM64
		{E81F1FC3-FECA-1BAD-A238-81D6AD345D00}.Release|Win32.ActiveCfg = Release|Win32
		{E81F1FC3-FECA-1BAD-A238-81D6AD345D00}.Release|Win32.Build.0 = Release|Win32
		{E81F1FC3-FECA-1BAD-A238-81D6AD345D00}.Release|x64.ActiveCfg = Release|x64
		{E81F1FC3-FECA-1BAD-A238-81D6AD345D00}.Release|x64.Build.0 = Release|x64
		{CC0C1FC2-FECA-1BAD-A22A-C0E6EC045D12}.Debug|ARM.ActiveCfg = Debug|ARM
		{CC0C1FC2-FECA-1BAD-A22A-C0E6EC045D12}.Debug|ARM.Build.0 = Debug|ARM
		{CC0C1FC2-FECA-1BAD-A22A-C0E6EC045D12}.Debug|ARM.Deploy.0 = Debug|ARM
		{CC0C1FC2-FECA-1BAD-A22A-C0E6EC045D12}.Debug|ARM64.ActiveCfg = Debug|ARM64
		{CC0C1FC2-FECA-1BAD-A22A-C0E6EC045D12}.Debug|ARM64.Build.0 = Debug|ARM64
		{CC0C1FC2-FECA-1BAD-A22A-C0E6EC045D12}.Debug|ARM64.Deploy.0 = Debug|ARM64
		{CC0C1FC2-FECA-1BAD-A22A-C0E6EC045D12}.Debug|Win32.ActiveCfg = Debug|Win32
		{CC0C1FC2-FECA-1BAD-A22A-C0E6EC045D12}.Debug|Win32.Build.0 = Debug|Win32
		{CC0C1FC2-FECA-1BAD-A22A-C0E6EC045D12}.Debug|x64.ActiveCfg = Debug|x64
		{CC0C1FC2-FECA-1BAD-A22A-C0E6EC045D12}.Debug|x64.Build.0 = Debug|x64
		{CC0C1FC2-FECA-1BAD-A22A-C0E6EC045D12}.Release|ARM.ActiveCfg = Release|ARM
		{CC0C1FC2-FECA-1BAD-A22A-C0E6EC045D12}.Release|ARM.Build.0 = Release|ARM
		{CC0C1FC2-FECA-1BAD-A22A-C0E6EC045D12}.Release|ARM.Deploy.0 = Release|ARM
		{CC0C1FC2-FECA-1BAD-A22A-C0E6EC045D12}.Release|ARM64.ActiveCfg = Release|ARM64
		{CC0C1FC2-FECA-1BAD-A22A-C0E6EC045D12}.Release|ARM64.Build.0 = Release|ARM64
		{CC0C1FC2-FECA-1BAD-A22A-C0E6EC045D12}.Release|ARM64.Deploy.0 = Release|ARM64
		{CC0C1FC2-FECA-1BAD-A22A-C0E6EC045D12}.Release|Win32.ActiveCfg = Release|Win32
		{CC0C1FC2-FECA-1BAD-A22A-C0E6EC045D12}.Release|Win32.Build.0 = Release|Win32
		{CC0C1FC2-FECA-1BAD-A22A-C0E6EC045D12}.Release|x64.ActiveCfg = Release|x64
		{CC0C1FC2-FECA-1BAD-A22A-C0E6EC045D12}.Release|x64.Build.0 = Release|x64
		{1402AE18-FECA-1BAD-BF87-400DF0C83E7D}.Debug|ARM.ActiveCfg = Debug|ARM
		{1402AE18-FECA-1BAD-BF87-400DF0C83E7D}.Debug|ARM.Build.0 = Debug|ARM
		{1402AE18-FECA-1BAD-BF87-400DF0C83E7D}.Debug|ARM.Deploy.0 = Debug|ARM
		{1402AE18-FECA-1BAD-BF87-400DF0C83E7D}.Debug|ARM64.ActiveCfg = Debug|ARM64
		{1402AE18-FECA-1BAD-BF87-400DF0C83E7D}.Debug|ARM64.Build.0 = Debug|ARM64
		{1402AE18-FECA-1BAD-BF87-400DF0C83E7D}.Debug|ARM64.Deploy.0 = Debug|ARM64
		{1402AE18-FECA-1BAD-BF87-400DF0C83E7D}.Debug|Win32.ActiveCfg = Debug|Win32
		{1402AE18-FECA-1BAD-BF87-400DF0C83E7D}.Debug|Win32.Build.0 = Debug|Win32
		{1402AE18-FECA-1BAD-BF87-400DF0C83E7D}.Debug|x64.ActiveCfg = Debug|x64
		{1402AE18-FECA-1BAD-BF87-400DF0C83E7D}.Debug|x64.Build.0 = Debug|x64
		{1402AE18-FECA-1BAD-BF87-400DF0C83E7D}.Release|ARM.ActiveCfg = Release|ARM
		{1402AE18-FECA-1BAD-BF87-400DF0C83E7D}.Release|ARM.Build.0 = Release|ARM
		{1402AE18-FECA-1BAD-BF87-400DF0C83E7D}.Release|ARM.Deploy.0 = Release|ARM
		{1402AE18-FECA-1BAD-BF87-400DF0C83E7D}.Release|ARM64.ActiveCfg = Release|ARM64
		{1402AE18-FECA-1BAD-BF87-400DF0C83E7D}.Release|ARM64.Build.0 = Release|ARM64
		{1402AE18-FECA-1BAD-BF87-400DF0C83E7D}.Release|ARM64.Deploy.0 = Release|ARM64
		{1402AE18-FECA-1BAD-BF87-400DF0C83E7D}.Release|Win32.ActiveCfg = Release|Win32
		{1402AE18-FECA-1BAD-BF87-400DF0C83E7D}.Release|Win32.Build.0 = Release|Win32
		{1402AE18-FECA-1BAD-BF87-400DF0C83E7D}.Release|x64.ActiveCfg = Release|x64
		{1402AE18-FECA-1BAD-BF87-400DF0C83E7D}.Release|x64.Build.0 = Release|x64
		{27219E4A-FECA-1BAD-3A9E-1C813063C5A6}.Debug|ARM.ActiveCfg = Debug|ARM
		{27219E4A-FECA-1BAD-3A9E-1C813063C5A6}.Debug|ARM.Build.0 = Debug|ARM
		{27219E4A-FECA-1BAD-3A9E-1C813063C5A6}.Debug|ARM.Deploy.0 = Debug|ARM
		{27219E4A-FECA-1BAD-3A9E-1C813063C5A6}.Debug|ARM64.ActiveCfg = Debug|ARM64
		{27219E4A-FECA-1BAD-3A9E-1C813063C5A6}.Debug|ARM64.Build.0 = Debug|ARM64
		{27219E4A-FECA-1BAD-3A9E-1C813063C5A6}.Debug|ARM64.Deploy.0 = Debug|ARM64
		{27219E4A-FECA-1BAD-3A9E-1C813063C5A6}.Debug|Win32.ActiveCfg = Debug|Win32
		{27219E4A-FECA-1BAD-3A9E-1C813063C5A6}.Debug|Win32.Build.0 = Debug|Win32
		{27219E4A-FECA-1BAD-3A9E-1C813063C5A6}.Debug|x64.ActiveCfg = Debug|x64
		{27219E4A-FECA-1BAD-3A9E-1C813063C5A6}.Debug|x64.Build.0 = Debug|x64
		{27219E4A-FECA-1BAD-3A9E-1C813063C5A6}.Release|ARM.ActiveCfg = Release|ARM
		{27219E4A-FECA-1BAD-3A9E-1C813063C5A6}.Release|ARM.Build.0 = Release|ARM
		{27219E4A-FECA-1BAD-3A9E-1C813063C5A6}.Release|ARM.Deploy.0 = Release|ARM
		{27219E4A-FECA-1BAD-3A9E-1C813063C5A6}.Release|ARM64.ActiveCfg = Release|ARM64
		{27219E4A-FECA-1BAD-3A9E-1C813063C5A6}.Release|ARM64.Build.0 = Release|ARM64
		{27219E4A-FECA-1BAD-3A9E-1C813063C5A6}.Release|ARM64.Deploy.0 = Release|ARM64
		{27219E4A-FECA-1BAD-3A9E-1C813063C5A6}.Release|Win32.ActiveCfg = Release|Win32
		{27219E4A-FECA-1BAD-3A9E-1C813063C5A6}.Release|Win32.Build.0 = Release|Win32
		{27219E4A-FECA-1BAD-3A9E-1C813063C5A6}.Release|x64.ActiveCfg = Release|x64
		{27219E4A-FECA-1BAD-3A9E-1C813063C5A6}.Release|x64.Build.0 = Release|x64
		{48A440E6-FECA-1BAD-5062-8A636F3FD3CA}.Debug|ARM.ActiveCfg = Debug|ARM
		{48A440E6-FECA-1BAD-5062-8A636F3FD3CA}.Debug|ARM.Build.0 = Debug|ARM
		{48A440E6-FECA-1BAD-5062-8A636F3FD3CA}.Debug|ARM.Deploy.0 = Debug|ARM
		{48A440E6-FECA-1BAD-5062-8A636F3FD3CA}.Debug|ARM64.ActiveCfg = Debug|ARM64
		{48A440E6-FECA-1BAD-5062-8A636F3FD3CA}.Debug|ARM64.Build.0 = Debug|ARM64
		{48A440E6-FECA-1BAD-5062-8A636F3FD3CA}.Debug|ARM64.Deploy.0 = Debug|ARM64
		{48A440E6-FECA-1BAD-5062-8A636F3FD3CA}.Debug|Win32.ActiveCfg = Debug|Win32
		{48A440E6-FECA-1BAD-5062-8A636F3FD3CA}.Debug|Win32.Build.0 = Debug|Win32
		{48A440E6-FECA-1BAD-5062-8A636F3FD3CA}.Debug|x64.ActiveCfg = Debug|x64
		{48A440E6-FECA-1BAD-5062-8A636F3FD3CA}.Debug|x64.Build.0 = Debug|x64
		{48A440E6-FECA-1BAD-5062-8A636F3FD3CA}.Release|ARM.ActiveCfg = Release|ARM
		{48A440E6-FECA-1BAD-5062-8A636F3FD3CA}.Release|ARM.Build.0 = Release|ARM
		{48A440E6-FECA-1BAD-5062-8A636F3FD3CA}.Release|ARM.Deploy.0 = Release|ARM
		{48A440E6-FECA-1BAD-5062-8A636F3FD3CA}.Release|ARM64.ActiveCfg = Release|ARM64
		{48A440E6-FECA-1BAD-5062-8A636F3FD3CA}.Release|ARM64.Build.0 = Release|ARM64
		{48A440E6-FECA-1BAD-5062-8A636F3FD3CA}.Release|ARM64.Deploy.0 = Release|ARM64
		{48A440E6-FECA-1BAD-5062-8A636F3FD3CA}.Release|Win32.ActiveCfg = Release|Win32
		{48A440E6-FECA-1BAD-5062-8A636F3FD3CA}.Release|Win32.Build.0 = Release|Win32
		{48A440E6-FECA-1BAD-5062-8A636F3FD3CA}.Release|x64.ActiveCfg = Release|x64
		{48A440E6-FECA-1BAD-5062-8A636F3FD3CA}.Release|x64.Build.0 = Release|x64
		{48A440F1-FECA-1BAD-5112-8A636F3FD2BA}.Debug|ARM.ActiveCfg = Debug|ARM
		{48A440F1-FECA-1BAD-5112-8A636F3FD2BA}.Debug|ARM.Build.0 = Debug|ARM
		{48A440F1-FECA-1BAD-5112-8A636F3FD2BA}.Debug|ARM.Deploy.0 = Debug|ARM
		{48A440F1-FECA-1BAD-5112-8A636F3FD2BA}.Debug|ARM64.ActiveCfg = Debug|ARM64
		{48A440F1-FECA-1BAD-5112-8A636F3FD2BA}.Debug|ARM64.Build.0 = Debug|ARM64
		{48A440F1-FECA-1BAD-5112-8A636F3FD2BA}.Debug|ARM64.Deploy.0 = Debug|ARM64
		{48A440F1-FECA-1BAD-5112-8A636F3FD2BA}.Debug|Win32.ActiveCfg = Debug|Win32
		{48A440F1-FECA-1BAD-5112-8A636F3FD2BA}.Debug|Win32.Build.0 = Debug|Win32
		{48A440F1-FECA-1BAD-5112-8A636F3FD2BA}.Debug|x64.ActiveCfg = Debug|x64
		{48A440F1-FECA-1BAD-5112-8A636F3FD2BA}.Debug|x64.Build.0 = Debug|x64
		{48A440F1-FECA-1BAD-5112-8A636F3FD2BA}.Release|ARM.ActiveCfg = Release|ARM
		{48A440F1-FECA-1BAD-5112-8A636F3FD2BA}.Release|ARM.Build.0 = Release|ARM
		{48A440F1-FECA-1BAD-5112-8A636F3FD2BA}.Release|ARM.Deploy.0 = Release|ARM
		{48A440F1-FECA-1BAD-5112-8A636F3FD2BA}.Release|ARM64.ActiveCfg = Release|ARM64
		{48A440F1-FECA-1BAD-5112-8A636F3FD2BA}.Release|ARM64.Build.0 = Release|ARM64
		{48A440F1-FECA-1BAD-5112-8A636F3FD2BA}.Release|ARM64.Deploy.0 = Release|ARM64
		{48A440F1-FECA-1BAD-5112-8A636F3FD2BA}.Release|Win32.ActiveCfg = Release|Win32
		{48A440F1-FECA-1BAD-5112-8A636F3FD2BA}.Release|Win32.Build.0 = Release|Win32
		{48A440F1-FECA-1BAD-5112-8A636F3FD2BA}.Release|x64.ActiveCfg = Release|x64
		{48A440F1-FECA-1BAD-5112-8A636F3FD2BA}.Release|x64.Build.0 = Release|x64
	EndGlobalSection
	GlobalSection(SolutionProperties) = preSolution
		HideSolutionNode = FALSE
	EndGlobalSection
EndGlobal
