
Microsoft Visual Studio Solution File, Format Version 12.00
# Visual Studio 16
#
# This file was generated by MPC.  Any changes made directly to
# this file will be lost the next time it is generated.
#
# MPC Command:
# /home/johnny/DOC_ROOT/stage-9846/ACE_wrappers/bin/mwc.pl -type vs2019 -recurse -hierarchy -relative ACE_ROOT=/home/johnny/DOC_ROOT/stage-9846/ACE_wrappers -relative TAO_ROOT=/home/johnny/DOC_ROOT/stage-9846/ACE_wrappers/TAO -workers 12 -name_modifier "*_vs2019"
Project("{8BC9CEB8-8B4A-11D0-8D11-00A0C91BC942}") = "QOS_Change_Receiver_FlowSpec_Receiver", "QOS_Change_Receiver_FlowSpec_Receiver_vs2019.vcxproj", "{AD507560-FECA-1BAD-0E85-EBA2C3BCE951}"
EndProject
Project("{8BC9CEB8-8B4A-11D0-8D11-00A0C91BC942}") = "QOS_Change_Receiver_FlowSpec_Sender", "QOS_Change_Receiver_FlowSpec_Sender_vs2019.vcxproj", "{EA60BCCC-FECA-1BAD-0E85-EBA2C3BCE951}"
EndProject
Global
	GlobalSection(SolutionConfigurationPlatforms) = preSolution
		Debug|ARM = Debug|ARM
		Debug|ARM64 = Debug|ARM64
		Debug|Win32 = Debug|Win32
		Debug|x64 = Debug|x64
		Release|ARM = Release|ARM
		Release|ARM64 = Release|ARM64
		Release|Win32 = Release|Win32
		Release|x64 = Release|x64
	EndGlobalSection
	GlobalSection(ProjectConfigurationPlatforms) = postSolution
		{AD507560-FECA-1BAD-0E85-EBA2C3BCE951}.Debug|ARM.ActiveCfg = Debug|ARM
		{AD507560-FECA-1BAD-0E85-EBA2C3BCE951}.Debug|ARM.Build.0 = Debug|ARM
		{AD507560-FECA-1BAD-0E85-EBA2C3BCE951}.Debug|ARM.Deploy.0 = Debug|ARM
		{AD507560-FECA-1BAD-0E85-EBA2C3BCE951}.Debug|ARM64.ActiveCfg = Debug|ARM64
		{AD507560-FECA-1BAD-0E85-EBA2C3BCE951}.Debug|ARM64.Build.0 = Debug|ARM64
		{AD507560-FECA-1BAD-0E85-EBA2C3BCE951}.Debug|ARM64.Deploy.0 = Debug|ARM64
		{AD507560-FECA-1BAD-0E85-EBA2C3BCE951}.Debug|Win32.ActiveCfg = Debug|Win32
		{AD507560-FECA-1BAD-0E85-EBA2C3BCE951}.Debug|Win32.Build.0 = Debug|Win32
		{AD507560-FECA-1BAD-0E85-EBA2C3BCE951}.Debug|x64.ActiveCfg = Debug|x64
		{AD507560-FECA-1BAD-0E85-EBA2C3BCE951}.Debug|x64.Build.0 = Debug|x64
		{AD507560-FECA-1BAD-0E85-EBA2C3BCE951}.Release|ARM.ActiveCfg = Release|ARM
		{AD507560-FECA-1BAD-0E85-EBA2C3BCE951}.Release|ARM.Build.0 = Release|ARM
		{AD507560-FECA-1BAD-0E85-EBA2C3BCE951}.Release|ARM.Deploy.0 = Release|ARM
		{AD507560-FECA-1BAD-0E85-EBA2C3BCE951}.Release|ARM64.ActiveCfg = Release|ARM64
		{AD507560-FECA-1BAD-0E85-EBA2C3BCE951}.Release|ARM64.Build.0 = Release|ARM64
		{AD507560-FECA-1BAD-0E85-EBA2C3BCE951}.Release|ARM64.Deploy.0 = Release|ARM64
		{AD507560-FECA-1BAD-0E85-EBA2C3BCE951}.Release|Win32.ActiveCfg = Release|Win32
		{AD507560-FECA-1BAD-0E85-EBA2C3BCE951}.Release|Win32.Build.0 = Release|Win32
		{AD507560-FECA-1BAD-0E85-EBA2C3BCE951}.Release|x64.ActiveCfg = Release|x64
		{AD507560-FECA-1BAD-0E85-EBA2C3BCE951}.Release|x64.Build.0 = Release|x64
		{EA60BCCC-FECA-1BAD-0E85-EBA2C3BCE951}.Debug|ARM.ActiveCfg = Debug|ARM
		{EA60BCCC-FECA-1BAD-0E85-EBA2C3BCE951}.Debug|ARM.Build.0 = Debug|ARM
		{EA60BCCC-FECA-1BAD-0E85-EBA2C3BCE951}.Debug|ARM.Deploy.0 = Debug|ARM
		{EA60BCCC-FECA-1BAD-0E85-EBA2C3BCE951}.Debug|ARM64.ActiveCfg = Debug|ARM64
		{EA60BCCC-FECA-1BAD-0E85-EBA2C3BCE951}.Debug|ARM64.Build.0 = Debug|ARM64
		{EA60BCCC-FECA-1BAD-0E85-EBA2C3BCE951}.Debug|ARM64.Deploy.0 = Debug|ARM64
		{EA60BCCC-FECA-1BAD-0E85-EBA2C3BCE951}.Debug|Win32.ActiveCfg = Debug|Win32
		{EA60BCCC-FECA-1BAD-0E85-EBA2C3BCE951}.Debug|Win32.Build.0 = Debug|Win32
		{EA60BCCC-FECA-1BAD-0E85-EBA2C3BCE951}.Debug|x64.ActiveCfg = Debug|x64
		{EA60BCCC-FECA-1BAD-0E85-EBA2C3BCE951}.Debug|x64.Build.0 = Debug|x64
		{EA60BCCC-FECA-1BAD-0E85-EBA2C3BCE951}.Release|ARM.ActiveCfg = Release|ARM
		{EA60BCCC-FECA-1BAD-0E85-EBA2C3BCE951}.Release|ARM.Build.0 = Release|ARM
		{EA60BCCC-FECA-1BAD-0E85-EBA2C3BCE951}.Release|ARM.Deploy.0 = Release|ARM
		{EA60BCCC-FECA-1BAD-0E85-EBA2C3BCE951}.Release|ARM64.ActiveCfg = Release|ARM64
		{EA60BCCC-FECA-1BAD-0E85-EBA2C3BCE951}.Release|ARM64.Build.0 = Release|ARM64
		{EA60BCCC-FECA-1BAD-0E85-EBA2C3BCE951}.Release|ARM64.Deploy.0 = Release|ARM64
		{EA60BCCC-FECA-1BAD-0E85-EBA2C3BCE951}.Release|Win32.ActiveCfg = Release|Win32
		{EA60BCCC-FECA-1BAD-0E85-EBA2C3BCE951}.Release|Win32.Build.0 = Release|Win32
		{EA60BCCC-FECA-1BAD-0E85-EBA2C3BCE951}.Release|x64.ActiveCfg = Release|x64
		{EA60BCCC-FECA-1BAD-0E85-EBA2C3BCE951}.Release|x64.Build.0 = Release|x64
	EndGlobalSection
	GlobalSection(SolutionProperties) = preSolution
		HideSolutionNode = FALSE
	EndGlobalSection
EndGlobal
