
Microsoft Visual Studio Solution File, Format Version 12.00
# Visual Studio 16
#
# This file was generated by MPC.  Any changes made directly to
# this file will be lost the next time it is generated.
#
# MPC Command:
# /home/johnny/DOC_ROOT/stage-9846/ACE_wrappers/bin/mwc.pl -type vs2019 -recurse -hierarchy -relative ACE_ROOT=/home/johnny/DOC_ROOT/stage-9846/ACE_wrappers -relative TAO_ROOT=/home/johnny/DOC_ROOT/stage-9846/ACE_wrappers/TAO -workers 12 -name_modifier "*_vs2019"
Project("{8BC9CEB8-8B4A-11D0-8D11-00A0C91BC942}") = "Logger_Acceptor_Server", "Acceptor-server\Logger_Acceptor_Server_vs2019.vcxproj", "{943EA382-FECA-1BAD-662F-43CDC449C088}"
EndProject
Project("{8BC9CEB8-8B4A-11D0-8D11-00A0C91BC942}") = "Logger_client", "client\Logger_client_vs2019.vcxproj", "{2F3543C8-FECA-1BAD-6284-F3732ECE18EC}"
EndProject
Project("{8BC9CEB8-8B4A-11D0-8D11-00A0C91BC942}") = "Logger_Simple_Server", "simple-server\Logger_Simple_Server_vs2019.vcxproj", "{DA7B75D5-FECA-1BAD-035B-A790F8AEE4FF}"
EndProject
Global
	GlobalSection(SolutionConfigurationPlatforms) = preSolution
		Debug|ARM = Debug|ARM
		Debug|ARM64 = Debug|ARM64
		Debug|Win32 = Debug|Win32
		Debug|x64 = Debug|x64
		Release|ARM = Release|ARM
		Release|ARM64 = Release|ARM64
		Release|Win32 = Release|Win32
		Release|x64 = Release|x64
	EndGlobalSection
	GlobalSection(ProjectConfigurationPlatforms) = postSolution
		{943EA382-FECA-1BAD-662F-43CDC449C088}.Debug|ARM.ActiveCfg = Debug|ARM
		{943EA382-FECA-1BAD-662F-43CDC449C088}.Debug|ARM.Build.0 = Debug|ARM
		{943EA382-FECA-1BAD-662F-43CDC449C088}.Debug|ARM.Deploy.0 = Debug|ARM
		{943EA382-FECA-1BAD-662F-43CDC449C088}.Debug|ARM64.ActiveCfg = Debug|ARM64
		{943EA382-FECA-1BAD-662F-43CDC449C088}.Debug|ARM64.Build.0 = Debug|ARM64
		{943EA382-FECA-1BAD-662F-43CDC449C088}.Debug|ARM64.Deploy.0 = Debug|ARM64
		{943EA382-FECA-1BAD-662F-43CDC449C088}.Debug|Win32.ActiveCfg = Debug|Win32
		{943EA382-FECA-1BAD-662F-43CDC449C088}.Debug|Win32.Build.0 = Debug|Win32
		{943EA382-FECA-1BAD-662F-43CDC449C088}.Debug|x64.ActiveCfg = Debug|x64
		{943EA382-FECA-1BAD-662F-43CDC449C088}.Debug|x64.Build.0 = Debug|x64
		{943EA382-FECA-1BAD-662F-43CDC449C088}.Release|ARM.ActiveCfg = Release|ARM
		{943EA382-FECA-1BAD-662F-43CDC449C088}.Release|ARM.Build.0 = Release|ARM
		{943EA382-FECA-1BAD-662F-43CDC449C088}.Release|ARM.Deploy.0 = Release|ARM
		{943EA382-FECA-1BAD-662F-43CDC449C088}.Release|ARM64.ActiveCfg = Release|ARM64
		{943EA382-FECA-1BAD-662F-43CDC449C088}.Release|ARM64.Build.0 = Release|ARM64
		{943EA382-FECA-1BAD-662F-43CDC449C088}.Release|ARM64.Deploy.0 = Release|ARM64
		{943EA382-FECA-1BAD-662F-43CDC449C088}.Release|Win32.ActiveCfg = Release|Win32
		{943EA382-FECA-1BAD-662F-43CDC449C088}.Release|Win32.Build.0 = Release|Win32
		{943EA382-FECA-1BAD-662F-43CDC449C088}.Release|x64.ActiveCfg = Release|x64
		{943EA382-FECA-1BAD-662F-43CDC449C088}.Release|x64.Build.0 = Release|x64
		{2F3543C8-FECA-1BAD-6284-F3732ECE18EC}.Debug|ARM.ActiveCfg = Debug|ARM
		{2F3543C8-FECA-1BAD-6284-F3732ECE18EC}.Debug|ARM.Build.0 = Debug|ARM
		{2F3543C8-FECA-1BAD-6284-F3732ECE18EC}.Debug|ARM.Deploy.0 = Debug|ARM
		{2F3543C8-FECA-1BAD-6284-F3732ECE18EC}.Debug|ARM64.ActiveCfg = Debug|ARM64
		{2F3543C8-FECA-1BAD-6284-F3732ECE18EC}.Debug|ARM64.Build.0 = Debug|ARM64
		{2F3543C8-FECA-1BAD-6284-F3732ECE18EC}.Debug|ARM64.Deploy.0 = Debug|ARM64
		{2F3543C8-FECA-1BAD-6284-F3732ECE18EC}.Debug|Win32.ActiveCfg = Debug|Win32
		{2F3543C8-FECA-1BAD-6284-F3732ECE18EC}.Debug|Win32.Build.0 = Debug|Win32
		{2F3543C8-FECA-1BAD-6284-F3732ECE18EC}.Debug|x64.ActiveCfg = Debug|x64
		{2F3543C8-FECA-1BAD-6284-F3732ECE18EC}.Debug|x64.Build.0 = Debug|x64
		{2F3543C8-FECA-1BAD-6284-F3732ECE18EC}.Release|ARM.ActiveCfg = Release|ARM
		{2F3543C8-FECA-1BAD-6284-F3732ECE18EC}.Release|ARM.Build.0 = Release|ARM
		{2F3543C8-FECA-1BAD-6284-F3732ECE18EC}.Release|ARM.Deploy.0 = Release|ARM
		{2F3543C8-FECA-1BAD-6284-F3732ECE18EC}.Release|ARM64.ActiveCfg = Release|ARM64
		{2F3543C8-FECA-1BAD-6284-F3732ECE18EC}.Release|ARM64.Build.0 = Release|ARM64
		{2F3543C8-FECA-1BAD-6284-F3732ECE18EC}.Release|ARM64.Deploy.0 = Release|ARM64
		{2F3543C8-FECA-1BAD-6284-F3732ECE18EC}.Release|Win32.ActiveCfg = Release|Win32
		{2F3543C8-FECA-1BAD-6284-F3732ECE18EC}.Release|Win32.Build.0 = Release|Win32
		{2F3543C8-FECA-1BAD-6284-F3732ECE18EC}.Release|x64.ActiveCfg = Release|x64
		{2F3543C8-FECA-1BAD-6284-F3732ECE18EC}.Release|x64.Build.0 = Release|x64
		{DA7B75D5-FECA-1BAD-035B-A790F8AEE4FF}.Debug|ARM.ActiveCfg = Debug|ARM
		{DA7B75D5-FECA-1BAD-035B-A790F8AEE4FF}.Debug|ARM.Build.0 = Debug|ARM
		{DA7B75D5-FECA-1BAD-035B-A790F8AEE4FF}.Debug|ARM.Deploy.0 = Debug|ARM
		{DA7B75D5-FECA-1BAD-035B-A790F8AEE4FF}.Debug|ARM64.ActiveCfg = Debug|ARM64
		{DA7B75D5-FECA-1BAD-035B-A790F8AEE4FF}.Debug|ARM64.Build.0 = Debug|ARM64
		{DA7B75D5-FECA-1BAD-035B-A790F8AEE4FF}.Debug|ARM64.Deploy.0 = Debug|ARM64
		{DA7B75D5-FECA-1BAD-035B-A790F8AEE4FF}.Debug|Win32.ActiveCfg = Debug|Win32
		{DA7B75D5-FECA-1BAD-035B-A790F8AEE4FF}.Debug|Win32.Build.0 = Debug|Win32
		{DA7B75D5-FECA-1BAD-035B-A790F8AEE4FF}.Debug|x64.ActiveCfg = Debug|x64
		{DA7B75D5-FECA-1BAD-035B-A790F8AEE4FF}.Debug|x64.Build.0 = Debug|x64
		{DA7B75D5-FECA-1BAD-035B-A790F8AEE4FF}.Release|ARM.ActiveCfg = Release|ARM
		{DA7B75D5-FECA-1BAD-035B-A790F8AEE4FF}.Release|ARM.Build.0 = Release|ARM
		{DA7B75D5-FECA-1BAD-035B-A790F8AEE4FF}.Release|ARM.Deploy.0 = Release|ARM
		{DA7B75D5-FECA-1BAD-035B-A790F8AEE4FF}.Release|ARM64.ActiveCfg = Release|ARM64
		{DA7B75D5-FECA-1BAD-035B-A790F8AEE4FF}.Release|ARM64.Build.0 = Release|ARM64
		{DA7B75D5-FECA-1BAD-035B-A790F8AEE4FF}.Release|ARM64.Deploy.0 = Release|ARM64
		{DA7B75D5-FECA-1BAD-035B-A790F8AEE4FF}.Release|Win32.ActiveCfg = Release|Win32
		{DA7B75D5-FECA-1BAD-035B-A790F8AEE4FF}.Release|Win32.Build.0 = Release|Win32
		{DA7B75D5-FECA-1BAD-035B-A790F8AEE4FF}.Release|x64.ActiveCfg = Release|x64
		{DA7B75D5-FECA-1BAD-035B-A790F8AEE4FF}.Release|x64.Build.0 = Release|x64
	EndGlobalSection
	GlobalSection(SolutionProperties) = preSolution
		HideSolutionNode = FALSE
	EndGlobalSection
EndGlobal
