
Microsoft Visual Studio Solution File, Format Version 12.00
# Visual Studio 16
#
# This file was generated by MPC.  Any changes made directly to
# this file will be lost the next time it is generated.
#
# MPC Command:
# /home/johnny/DOC_ROOT/stage-9846/ACE_wrappers/bin/mwc.pl -type vs2019 -recurse -hierarchy -relative ACE_ROOT=/home/johnny/DOC_ROOT/stage-9846/ACE_wrappers -relative TAO_ROOT=/home/johnny/DOC_ROOT/stage-9846/ACE_wrappers/TAO -workers 12 -name_modifier "*_vs2019"
Project("{8BC9CEB8-8B4A-11D0-8D11-00A0C91BC942}") = "Svc_Cfg_IPC_Client_Bcast", "client\Svc_Cfg_IPC_Client_Bcast_vs2019.vcxproj", "{D9FF0029-FECA-1BAD-DD12-8A69A8383EB6}"
EndProject
Project("{8BC9CEB8-8B4A-11D0-8D11-00A0C91BC942}") = "Svc_Cfg_IPC_Client_Loc_Dgram", "client\Svc_Cfg_IPC_Client_Loc_Dgram_vs2019.vcxproj", "{3162B4FC-FECA-1BAD-DD12-8A69A8383EB6}"
EndProject
Project("{8BC9CEB8-8B4A-11D0-8D11-00A0C91BC942}") = "Svc_Cfg_IPC_Client_Loc_Fifo", "client\Svc_Cfg_IPC_Client_Loc_Fifo_vs2019.vcxproj", "{02382805-FECA-1BAD-DD12-8A69A8383EB6}"
EndProject
Project("{8BC9CEB8-8B4A-11D0-8D11-00A0C91BC942}") = "Svc_Cfg_IPC_Client_Loc_Pipe", "client\Svc_Cfg_IPC_Client_Loc_Pipe_vs2019.vcxproj", "{A2383E13-FECA-1BAD-DD12-8A69A8383EB6}"
EndProject
Project("{8BC9CEB8-8B4A-11D0-8D11-00A0C91BC942}") = "Svc_Cfg_IPC_Client_Loc_Spipe", "client\Svc_Cfg_IPC_Client_Loc_Spipe_vs2019.vcxproj", "{B163D25D-FECA-1BAD-DD12-8A69A8383EB6}"
EndProject
Project("{8BC9CEB8-8B4A-11D0-8D11-00A0C91BC942}") = "Svc_Cfg_IPC_Client_Loc_Stream", "client\Svc_Cfg_IPC_Client_Loc_Stream_vs2019.vcxproj", "{04DD646D-FECA-1BAD-DD12-8A69A8383EB6}"
EndProject
Project("{8BC9CEB8-8B4A-11D0-8D11-00A0C91BC942}") = "Svc_Cfg_IPC_Client_Rem_Dgram", "client\Svc_Cfg_IPC_Client_Rem_Dgram_vs2019.vcxproj", "{DB82B4FD-FECA-1BAD-DD12-8A69A8383EB6}"
EndProject
Project("{8BC9CEB8-8B4A-11D0-8D11-00A0C91BC942}") = "Svc_Cfg_IPC_Client_Rem_Stream", "client\Svc_Cfg_IPC_Client_Rem_Stream_vs2019.vcxproj", "{AADD6473-FECA-1BAD-DD12-8A69A8383EB6}"
EndProject
Project("{8BC9CEB8-8B4A-11D0-8D11-00A0C91BC942}") = "Svc_Cfg_IPC_Client_Rem_Svc_Dir", "client\Svc_Cfg_IPC_Client_Rem_Svc_Dir_vs2019.vcxproj", "{4F35748D-FECA-1BAD-DD12-8A69A8383EB6}"
EndProject
Project("{8BC9CEB8-8B4A-11D0-8D11-00A0C91BC942}") = "Svc_Cfg_IPC_Client_Rem_Thr_Stream", "client\Svc_Cfg_IPC_Client_Rem_Thr_Stream_vs2019.vcxproj", "{7AA443A8-FECA-1BAD-DD12-8A69A8383EB6}"
EndProject
Project("{8BC9CEB8-8B4A-11D0-8D11-00A0C91BC942}") = "Svc_Cfg_IPC_Server_Lib", "server\Svc_Cfg_IPC_Server_Lib_vs2019.vcxproj", "{4F4E7E5F-FECA-1BAD-7EA4-8B61A9309D00}"
EndProject
Project("{8BC9CEB8-8B4A-11D0-8D11-00A0C91BC942}") = "Svc_Cfg_IPC_Server_Test", "server\Svc_Cfg_IPC_Server_Test_vs2019.vcxproj", "{7607E6C6-FECA-1BAD-7EA4-8B61A9309D00}"
	ProjectSection(ProjectDependencies) = postProject
		{4F4E7E5F-FECA-1BAD-7EA4-8B61A9309D00} = {4F4E7E5F-FECA-1BAD-7EA4-8B61A9309D00}
	EndProjectSection
EndProject
Global
	GlobalSection(SolutionConfigurationPlatforms) = preSolution
		Debug|ARM = Debug|ARM
		Debug|ARM64 = Debug|ARM64
		Debug|Win32 = Debug|Win32
		Debug|x64 = Debug|x64
		Release|ARM = Release|ARM
		Release|ARM64 = Release|ARM64
		Release|Win32 = Release|Win32
		Release|x64 = Release|x64
	EndGlobalSection
	GlobalSection(ProjectConfigurationPlatforms) = postSolution
		{D9FF0029-FECA-1BAD-DD12-8A69A8383EB6}.Debug|ARM.ActiveCfg = Debug|ARM
		{D9FF0029-FECA-1BAD-DD12-8A69A8383EB6}.Debug|ARM.Build.0 = Debug|ARM
		{D9FF0029-FECA-1BAD-DD12-8A69A8383EB6}.Debug|ARM.Deploy.0 = Debug|ARM
		{D9FF0029-FECA-1BAD-DD12-8A69A8383EB6}.Debug|ARM64.ActiveCfg = Debug|ARM64
		{D9FF0029-FECA-1BAD-DD12-8A69A8383EB6}.Debug|ARM64.Build.0 = Debug|ARM64
		{D9FF0029-FECA-1BAD-DD12-8A69A8383EB6}.Debug|ARM64.Deploy.0 = Debug|ARM64
		{D9FF0029-FECA-1BAD-DD12-8A69A8383EB6}.Debug|Win32.ActiveCfg = Debug|Win32
		{D9FF0029-FECA-1BAD-DD12-8A69A8383EB6}.Debug|Win32.Build.0 = Debug|Win32
		{D9FF0029-FECA-1BAD-DD12-8A69A8383EB6}.Debug|x64.ActiveCfg = Debug|x64
		{D9FF0029-FECA-1BAD-DD12-8A69A8383EB6}.Debug|x64.Build.0 = Debug|x64
		{D9FF0029-FECA-1BAD-DD12-8A69A8383EB6}.Release|ARM.ActiveCfg = Release|ARM
		{D9FF0029-FECA-1BAD-DD12-8A69A8383EB6}.Release|ARM.Build.0 = Release|ARM
		{D9FF0029-FECA-1BAD-DD12-8A69A8383EB6}.Release|ARM.Deploy.0 = Release|ARM
		{D9FF0029-FECA-1BAD-DD12-8A69A8383EB6}.Release|ARM64.ActiveCfg = Release|ARM64
		{D9FF0029-FECA-1BAD-DD12-8A69A8383EB6}.Release|ARM64.Build.0 = Release|ARM64
		{D9FF0029-FECA-1BAD-DD12-8A69A8383EB6}.Release|ARM64.Deploy.0 = Release|ARM64
		{D9FF0029-FECA-1BAD-DD12-8A69A8383EB6}.Release|Win32.ActiveCfg = Release|Win32
		{D9FF0029-FECA-1BAD-DD12-8A69A8383EB6}.Release|Win32.Build.0 = Release|Win32
		{D9FF0029-FECA-1BAD-DD12-8A69A8383EB6}.Release|x64.ActiveCfg = Release|x64
		{D9FF0029-FECA-1BAD-DD12-8A69A8383EB6}.Release|x64.Build.0 = Release|x64
		{3162B4FC-FECA-1BAD-DD12-8A69A8383EB6}.Debug|ARM.ActiveCfg = Debug|ARM
		{3162B4FC-FECA-1BAD-DD12-8A69A8383EB6}.Debug|ARM.Build.0 = Debug|ARM
		{3162B4FC-FECA-1BAD-DD12-8A69A8383EB6}.Debug|ARM.Deploy.0 = Debug|ARM
		{3162B4FC-FECA-1BAD-DD12-8A69A8383EB6}.Debug|ARM64.ActiveCfg = Debug|ARM64
		{3162B4FC-FECA-1BAD-DD12-8A69A8383EB6}.Debug|ARM64.Build.0 = Debug|ARM64
		{3162B4FC-FECA-1BAD-DD12-8A69A8383EB6}.Debug|ARM64.Deploy.0 = Debug|ARM64
		{3162B4FC-FECA-1BAD-DD12-8A69A8383EB6}.Debug|Win32.ActiveCfg = Debug|Win32
		{3162B4FC-FECA-1BAD-DD12-8A69A8383EB6}.Debug|Win32.Build.0 = Debug|Win32
		{3162B4FC-FECA-1BAD-DD12-8A69A8383EB6}.Debug|x64.ActiveCfg = Debug|x64
		{3162B4FC-FECA-1BAD-DD12-8A69A8383EB6}.Debug|x64.Build.0 = Debug|x64
		{3162B4FC-FECA-1BAD-DD12-8A69A8383EB6}.Release|ARM.ActiveCfg = Release|ARM
		{3162B4FC-FECA-1BAD-DD12-8A69A8383EB6}.Release|ARM.Build.0 = Release|ARM
		{3162B4FC-FECA-1BAD-DD12-8A69A8383EB6}.Release|ARM.Deploy.0 = Release|ARM
		{3162B4FC-FECA-1BAD-DD12-8A69A8383EB6}.Release|ARM64.ActiveCfg = Release|ARM64
		{3162B4FC-FECA-1BAD-DD12-8A69A8383EB6}.Release|ARM64.Build.0 = Release|ARM64
		{3162B4FC-FECA-1BAD-DD12-8A69A8383EB6}.Release|ARM64.Deploy.0 = Release|ARM64
		{3162B4FC-FECA-1BAD-DD12-8A69A8383EB6}.Release|Win32.ActiveCfg = Release|Win32
		{3162B4FC-FECA-1BAD-DD12-8A69A8383EB6}.Release|Win32.Build.0 = Release|Win32
		{3162B4FC-FECA-1BAD-DD12-8A69A8383EB6}.Release|x64.ActiveCfg = Release|x64
		{3162B4FC-FECA-1BAD-DD12-8A69A8383EB6}.Release|x64.Build.0 = Release|x64
		{02382805-FECA-1BAD-DD12-8A69A8383EB6}.Debug|ARM.ActiveCfg = Debug|ARM
		{02382805-FECA-1BAD-DD12-8A69A8383EB6}.Debug|ARM.Build.0 = Debug|ARM
		{02382805-FECA-1BAD-DD12-8A69A8383EB6}.Debug|ARM.Deploy.0 = Debug|ARM
		{02382805-FECA-1BAD-DD12-8A69A8383EB6}.Debug|ARM64.ActiveCfg = Debug|ARM64
		{02382805-FECA-1BAD-DD12-8A69A8383EB6}.Debug|ARM64.Build.0 = Debug|ARM64
		{02382805-FECA-1BAD-DD12-8A69A8383EB6}.Debug|ARM64.Deploy.0 = Debug|ARM64
		{02382805-FECA-1BAD-DD12-8A69A8383EB6}.Debug|Win32.ActiveCfg = Debug|Win32
		{02382805-FECA-1BAD-DD12-8A69A8383EB6}.Debug|Win32.Build.0 = Debug|Win32
		{02382805-FECA-1BAD-DD12-8A69A8383EB6}.Debug|x64.ActiveCfg = Debug|x64
		{02382805-FECA-1BAD-DD12-8A69A8383EB6}.Debug|x64.Build.0 = Debug|x64
		{02382805-FECA-1BAD-DD12-8A69A8383EB6}.Release|ARM.ActiveCfg = Release|ARM
		{02382805-FECA-1BAD-DD12-8A69A8383EB6}.Release|ARM.Build.0 = Release|ARM
		{02382805-FECA-1BAD-DD12-8A69A8383EB6}.Release|ARM.Deploy.0 = Release|ARM
		{02382805-FECA-1BAD-DD12-8A69A8383EB6}.Release|ARM64.ActiveCfg = Release|ARM64
		{02382805-FECA-1BAD-DD12-8A69A8383EB6}.Release|ARM64.Build.0 = Release|ARM64
		{02382805-FECA-1BAD-DD12-8A69A8383EB6}.Release|ARM64.Deploy.0 = Release|ARM64
		{02382805-FECA-1BAD-DD12-8A69A8383EB6}.Release|Win32.ActiveCfg = Release|Win32
		{02382805-FECA-1BAD-DD12-8A69A8383EB6}.Release|Win32.Build.0 = Release|Win32
		{02382805-FECA-1BAD-DD12-8A69A8383EB6}.Release|x64.ActiveCfg = Release|x64
		{02382805-FECA-1BAD-DD12-8A69A8383EB6}.Release|x64.Build.0 = Release|x64
		{A2383E13-FECA-1BAD-DD12-8A69A8383EB6}.Debug|ARM.ActiveCfg = Debug|ARM
		{A2383E13-FECA-1BAD-DD12-8A69A8383EB6}.Debug|ARM.Build.0 = Debug|ARM
		{A2383E13-FECA-1BAD-DD12-8A69A8383EB6}.Debug|ARM.Deploy.0 = Debug|ARM
		{A2383E13-FECA-1BAD-DD12-8A69A8383EB6}.Debug|ARM64.ActiveCfg = Debug|ARM64
		{A2383E13-FECA-1BAD-DD12-8A69A8383EB6}.Debug|ARM64.Build.0 = Debug|ARM64
		{A2383E13-FECA-1BAD-DD12-8A69A8383EB6}.Debug|ARM64.Deploy.0 = Debug|ARM64
		{A2383E13-FECA-1BAD-DD12-8A69A8383EB6}.Debug|Win32.ActiveCfg = Debug|Win32
		{A2383E13-FECA-1BAD-DD12-8A69A8383EB6}.Debug|Win32.Build.0 = Debug|Win32
		{A2383E13-FECA-1BAD-DD12-8A69A8383EB6}.Debug|x64.ActiveCfg = Debug|x64
		{A2383E13-FECA-1BAD-DD12-8A69A8383EB6}.Debug|x64.Build.0 = Debug|x64
		{A2383E13-FECA-1BAD-DD12-8A69A8383EB6}.Release|ARM.ActiveCfg = Release|ARM
		{A2383E13-FECA-1BAD-DD12-8A69A8383EB6}.Release|ARM.Build.0 = Release|ARM
		{A2383E13-FECA-1BAD-DD12-8A69A8383EB6}.Release|ARM.Deploy.0 = Release|ARM
		{A2383E13-FECA-1BAD-DD12-8A69A8383EB6}.Release|ARM64.ActiveCfg = Release|ARM64
		{A2383E13-FECA-1BAD-DD12-8A69A8383EB6}.Release|ARM64.Build.0 = Release|ARM64
		{A2383E13-FECA-1BAD-DD12-8A69A8383EB6}.Release|ARM64.Deploy.0 = Release|ARM64
		{A2383E13-FECA-1BAD-DD12-8A69A8383EB6}.Release|Win32.ActiveCfg = Release|Win32
		{A2383E13-FECA-1BAD-DD12-8A69A8383EB6}.Release|Win32.Build.0 = Release|Win32
		{A2383E13-FECA-1BAD-DD12-8A69A8383EB6}.Release|x64.ActiveCfg = Release|x64
		{A2383E13-FECA-1BAD-DD12-8A69A8383EB6}.Release|x64.Build.0 = Release|x64
		{B163D25D-FECA-1BAD-DD12-8A69A8383EB6}.Debug|ARM.ActiveCfg = Debug|ARM
		{B163D25D-FECA-1BAD-DD12-8A69A8383EB6}.Debug|ARM.Build.0 = Debug|ARM
		{B163D25D-FECA-1BAD-DD12-8A69A8383EB6}.Debug|ARM.Deploy.0 = Debug|ARM
		{B163D25D-FECA-1BAD-DD12-8A69A8383EB6}.Debug|ARM64.ActiveCfg = Debug|ARM64
		{B163D25D-FECA-1BAD-DD12-8A69A8383EB6}.Debug|ARM64.Build.0 = Debug|ARM64
		{B163D25D-FECA-1BAD-DD12-8A69A8383EB6}.Debug|ARM64.Deploy.0 = Debug|ARM64
		{B163D25D-FECA-1BAD-DD12-8A69A8383EB6}.Debug|Win32.ActiveCfg = Debug|Win32
		{B163D25D-FECA-1BAD-DD12-8A69A8383EB6}.Debug|Win32.Build.0 = Debug|Win32
		{B163D25D-FECA-1BAD-DD12-8A69A8383EB6}.Debug|x64.ActiveCfg = Debug|x64
		{B163D25D-FECA-1BAD-DD12-8A69A8383EB6}.Debug|x64.Build.0 = Debug|x64
		{B163D25D-FECA-1BAD-DD12-8A69A8383EB6}.Release|ARM.ActiveCfg = Release|ARM
		{B163D25D-FECA-1BAD-DD12-8A69A8383EB6}.Release|ARM.Build.0 = Release|ARM
		{B163D25D-FECA-1BAD-DD12-8A69A8383EB6}.Release|ARM.Deploy.0 = Release|ARM
		{B163D25D-FECA-1BAD-DD12-8A69A8383EB6}.Release|ARM64.ActiveCfg = Release|ARM64
		{B163D25D-FECA-1BAD-DD12-8A69A8383EB6}.Release|ARM64.Build.0 = Release|ARM64
		{B163D25D-FECA-1BAD-DD12-8A69A8383EB6}.Release|ARM64.Deploy.0 = Release|ARM64
		{B163D25D-FECA-1BAD-DD12-8A69A8383EB6}.Release|Win32.ActiveCfg = Release|Win32
		{B163D25D-FECA-1BAD-DD12-8A69A8383EB6}.Release|Win32.Build.0 = Release|Win32
		{B163D25D-FECA-1BAD-DD12-8A69A8383EB6}.Release|x64.ActiveCfg = Release|x64
		{B163D25D-FECA-1BAD-DD12-8A69A8383EB6}.Release|x64.Build.0 = Release|x64
		{04DD646D-FECA-1BAD-DD12-8A69A8383EB6}.Debug|ARM.ActiveCfg = Debug|ARM
		{04DD646D-FECA-1BAD-DD12-8A69A8383EB6}.Debug|ARM.Build.0 = Debug|ARM
		{04DD646D-FECA-1BAD-DD12-8A69A8383EB6}.Debug|ARM.Deploy.0 = Debug|ARM
		{04DD646D-FECA-1BAD-DD12-8A69A8383EB6}.Debug|ARM64.ActiveCfg = Debug|ARM64
		{04DD646D-FECA-1BAD-DD12-8A69A8383EB6}.Debug|ARM64.Build.0 = Debug|ARM64
		{04DD646D-FECA-1BAD-DD12-8A69A8383EB6}.Debug|ARM64.Deploy.0 = Debug|ARM64
		{04DD646D-FECA-1BAD-DD12-8A69A8383EB6}.Debug|Win32.ActiveCfg = Debug|Win32
		{04DD646D-FECA-1BAD-DD12-8A69A8383EB6}.Debug|Win32.Build.0 = Debug|Win32
		{04DD646D-FECA-1BAD-DD12-8A69A8383EB6}.Debug|x64.ActiveCfg = Debug|x64
		{04DD646D-FECA-1BAD-DD12-8A69A8383EB6}.Debug|x64.Build.0 = Debug|x64
		{04DD646D-FECA-1BAD-DD12-8A69A8383EB6}.Release|ARM.ActiveCfg = Release|ARM
		{04DD646D-FECA-1BAD-DD12-8A69A8383EB6}.Release|ARM.Build.0 = Release|ARM
		{04DD646D-FECA-1BAD-DD12-8A69A8383EB6}.Release|ARM.Deploy.0 = Release|ARM
		{04DD646D-FECA-1BAD-DD12-8A69A8383EB6}.Release|ARM64.ActiveCfg = Release|ARM64
		{04DD646D-FECA-1BAD-DD12-8A69A8383EB6}.Release|ARM64.Build.0 = Release|ARM64
		{04DD646D-FECA-1BAD-DD12-8A69A8383EB6}.Release|ARM64.Deploy.0 = Release|ARM64
		{04DD646D-FECA-1BAD-DD12-8A69A8383EB6}.Release|Win32.ActiveCfg = Release|Win32
		{04DD646D-FECA-1BAD-DD12-8A69A8383EB6}.Release|Win32.Build.0 = Release|Win32
		{04DD646D-FECA-1BAD-DD12-8A69A8383EB6}.Release|x64.ActiveCfg = Release|x64
		{04DD646D-FECA-1BAD-DD12-8A69A8383EB6}.Release|x64.Build.0 = Release|x64
		{DB82B4FD-FECA-1BAD-DD12-8A69A8383EB6}.Debug|ARM.ActiveCfg = Debug|ARM
		{DB82B4FD-FECA-1BAD-DD12-8A69A8383EB6}.Debug|ARM.Build.0 = Debug|ARM
		{DB82B4FD-FECA-1BAD-DD12-8A69A8383EB6}.Debug|ARM.Deploy.0 = Debug|ARM
		{DB82B4FD-FECA-1BAD-DD12-8A69A8383EB6}.Debug|ARM64.ActiveCfg = Debug|ARM64
		{DB82B4FD-FECA-1BAD-DD12-8A69A8383EB6}.Debug|ARM64.Build.0 = Debug|ARM64
		{DB82B4FD-FECA-1BAD-DD12-8A69A8383EB6}.Debug|ARM64.Deploy.0 = Debug|ARM64
		{DB82B4FD-FECA-1BAD-DD12-8A69A8383EB6}.Debug|Win32.ActiveCfg = Debug|Win32
		{DB82B4FD-FECA-1BAD-DD12-8A69A8383EB6}.Debug|Win32.Build.0 = Debug|Win32
		{DB82B4FD-FECA-1BAD-DD12-8A69A8383EB6}.Debug|x64.ActiveCfg = Debug|x64
		{DB82B4FD-FECA-1BAD-DD12-8A69A8383EB6}.Debug|x64.Build.0 = Debug|x64
		{DB82B4FD-FECA-1BAD-DD12-8A69A8383EB6}.Release|ARM.ActiveCfg = Release|ARM
		{DB82B4FD-FECA-1BAD-DD12-8A69A8383EB6}.Release|ARM.Build.0 = Release|ARM
		{DB82B4FD-FECA-1BAD-DD12-8A69A8383EB6}.Release|ARM.Deploy.0 = Release|ARM
		{DB82B4FD-FECA-1BAD-DD12-8A69A8383EB6}.Release|ARM64.ActiveCfg = Release|ARM64
		{DB82B4FD-FECA-1BAD-DD12-8A69A8383EB6}.Release|ARM64.Build.0 = Release|ARM64
		{DB82B4FD-FECA-1BAD-DD12-8A69A8383EB6}.Release|ARM64.Deploy.0 = Release|ARM64
		{DB82B4FD-FECA-1BAD-DD12-8A69A8383EB6}.Release|Win32.ActiveCfg = Release|Win32
		{DB82B4FD-FECA-1BAD-DD12-8A69A8383EB6}.Release|Win32.Build.0 = Release|Win32
		{DB82B4FD-FECA-1BAD-DD12-8A69A8383EB6}.Release|x64.ActiveCfg = Release|x64
		{DB82B4FD-FECA-1BAD-DD12-8A69A8383EB6}.Release|x64.Build.0 = Release|x64
		{AADD6473-FECA-1BAD-DD12-8A69A8383EB6}.Debug|ARM.ActiveCfg = Debug|ARM
		{AADD6473-FECA-1BAD-DD12-8A69A8383EB6}.Debug|ARM.Build.0 = Debug|ARM
		{AADD6473-FECA-1BAD-DD12-8A69A8383EB6}.Debug|ARM.Deploy.0 = Debug|ARM
		{AADD6473-FECA-1BAD-DD12-8A69A8383EB6}.Debug|ARM64.ActiveCfg = Debug|ARM64
		{AADD6473-FECA-1BAD-DD12-8A69A8383EB6}.Debug|ARM64.Build.0 = Debug|ARM64
		{AADD6473-FECA-1BAD-DD12-8A69A8383EB6}.Debug|ARM64.Deploy.0 = Debug|ARM64
		{AADD6473-FECA-1BAD-DD12-8A69A8383EB6}.Debug|Win32.ActiveCfg = Debug|Win32
		{AADD6473-FECA-1BAD-DD12-8A69A8383EB6}.Debug|Win32.Build.0 = Debug|Win32
		{AADD6473-FECA-1BAD-DD12-8A69A8383EB6}.Debug|x64.ActiveCfg = Debug|x64
		{AADD6473-FECA-1BAD-DD12-8A69A8383EB6}.Debug|x64.Build.0 = Debug|x64
		{AADD6473-FECA-1BAD-DD12-8A69A8383EB6}.Release|ARM.ActiveCfg = Release|ARM
		{AADD6473-FECA-1BAD-DD12-8A69A8383EB6}.Release|ARM.Build.0 = Release|ARM
		{AADD6473-FECA-1BAD-DD12-8A69A8383EB6}.Release|ARM.Deploy.0 = Release|ARM
		{AADD6473-FECA-1BAD-DD12-8A69A8383EB6}.Release|ARM64.ActiveCfg = Release|ARM64
		{AADD6473-FECA-1BAD-DD12-8A69A8383EB6}.Release|ARM64.Build.0 = Release|ARM64
		{AADD6473-FECA-1BAD-DD12-8A69A8383EB6}.Release|ARM64.Deploy.0 = Release|ARM64
		{AADD6473-FECA-1BAD-DD12-8A69A8383EB6}.Release|Win32.ActiveCfg = Release|Win32
		{AADD6473-FECA-1BAD-DD12-8A69A8383EB6}.Release|Win32.Build.0 = Release|Win32
		{AADD6473-FECA-1BAD-DD12-8A69A8383EB6}.Release|x64.ActiveCfg = Release|x64
		{AADD6473-FECA-1BAD-DD12-8A69A8383EB6}.Release|x64.Build.0 = Release|x64
		{4F35748D-FECA-1BAD-DD12-8A69A8383EB6}.Debug|ARM.ActiveCfg = Debug|ARM
		{4F35748D-FECA-1BAD-DD12-8A69A8383EB6}.Debug|ARM.Build.0 = Debug|ARM
		{4F35748D-FECA-1BAD-DD12-8A69A8383EB6}.Debug|ARM.Deploy.0 = Debug|ARM
		{4F35748D-FECA-1BAD-DD12-8A69A8383EB6}.Debug|ARM64.ActiveCfg = Debug|ARM64
		{4F35748D-FECA-1BAD-DD12-8A69A8383EB6}.Debug|ARM64.Build.0 = Debug|ARM64
		{4F35748D-FECA-1BAD-DD12-8A69A8383EB6}.Debug|ARM64.Deploy.0 = Debug|ARM64
		{4F35748D-FECA-1BAD-DD12-8A69A8383EB6}.Debug|Win32.ActiveCfg = Debug|Win32
		{4F35748D-FECA-1BAD-DD12-8A69A8383EB6}.Debug|Win32.Build.0 = Debug|Win32
		{4F35748D-FECA-1BAD-DD12-8A69A8383EB6}.Debug|x64.ActiveCfg = Debug|x64
		{4F35748D-FECA-1BAD-DD12-8A69A8383EB6}.Debug|x64.Build.0 = Debug|x64
		{4F35748D-FECA-1BAD-DD12-8A69A8383EB6}.Release|ARM.ActiveCfg = Release|ARM
		{4F35748D-FECA-1BAD-DD12-8A69A8383EB6}.Release|ARM.Build.0 = Release|ARM
		{4F35748D-FECA-1BAD-DD12-8A69A8383EB6}.Release|ARM.Deploy.0 = Release|ARM
		{4F35748D-FECA-1BAD-DD12-8A69A8383EB6}.Release|ARM64.ActiveCfg = Release|ARM64
		{4F35748D-FECA-1BAD-DD12-8A69A8383EB6}.Release|ARM64.Build.0 = Release|ARM64
		{4F35748D-FECA-1BAD-DD12-8A69A8383EB6}.Release|ARM64.Deploy.0 = Release|ARM64
		{4F35748D-FECA-1BAD-DD12-8A69A8383EB6}.Release|Win32.ActiveCfg = Release|Win32
		{4F35748D-FECA-1BAD-DD12-8A69A8383EB6}.Release|Win32.Build.0 = Release|Win32
		{4F35748D-FECA-1BAD-DD12-8A69A8383EB6}.Release|x64.ActiveCfg = Release|x64
		{4F35748D-FECA-1BAD-DD12-8A69A8383EB6}.Release|x64.Build.0 = Release|x64
		{7AA443A8-FECA-1BAD-DD12-8A69A8383EB6}.Debug|ARM.ActiveCfg = Debug|ARM
		{7AA443A8-FECA-1BAD-DD12-8A69A8383EB6}.Debug|ARM.Build.0 = Debug|ARM
		{7AA443A8-FECA-1BAD-DD12-8A69A8383EB6}.Debug|ARM.Deploy.0 = Debug|ARM
		{7AA443A8-FECA-1BAD-DD12-8A69A8383EB6}.Debug|ARM64.ActiveCfg = Debug|ARM64
		{7AA443A8-FECA-1BAD-DD12-8A69A8383EB6}.Debug|ARM64.Build.0 = Debug|ARM64
		{7AA443A8-FECA-1BAD-DD12-8A69A8383EB6}.Debug|ARM64.Deploy.0 = Debug|ARM64
		{7AA443A8-FECA-1BAD-DD12-8A69A8383EB6}.Debug|Win32.ActiveCfg = Debug|Win32
		{7AA443A8-FECA-1BAD-DD12-8A69A8383EB6}.Debug|Win32.Build.0 = Debug|Win32
		{7AA443A8-FECA-1BAD-DD12-8A69A8383EB6}.Debug|x64.ActiveCfg = Debug|x64
		{7AA443A8-FECA-1BAD-DD12-8A69A8383EB6}.Debug|x64.Build.0 = Debug|x64
		{7AA443A8-FECA-1BAD-DD12-8A69A8383EB6}.Release|ARM.ActiveCfg = Release|ARM
		{7AA443A8-FECA-1BAD-DD12-8A69A8383EB6}.Release|ARM.Build.0 = Release|ARM
		{7AA443A8-FECA-1BAD-DD12-8A69A8383EB6}.Release|ARM.Deploy.0 = Release|ARM
		{7AA443A8-FECA-1BAD-DD12-8A69A8383EB6}.Release|ARM64.ActiveCfg = Release|ARM64
		{7AA443A8-FECA-1BAD-DD12-8A69A8383EB6}.Release|ARM64.Build.0 = Release|ARM64
		{7AA443A8-FECA-1BAD-DD12-8A69A8383EB6}.Release|ARM64.Deploy.0 = Release|ARM64
		{7AA443A8-FECA-1BAD-DD12-8A69A8383EB6}.Release|Win32.ActiveCfg = Release|Win32
		{7AA443A8-FECA-1BAD-DD12-8A69A8383EB6}.Release|Win32.Build.0 = Release|Win32
		{7AA443A8-FECA-1BAD-DD12-8A69A8383EB6}.Release|x64.ActiveCfg = Release|x64
		{7AA443A8-FECA-1BAD-DD12-8A69A8383EB6}.Release|x64.Build.0 = Release|x64
		{4F4E7E5F-FECA-1BAD-7EA4-8B61A9309D00}.Debug|ARM.ActiveCfg = Debug|ARM
		{4F4E7E5F-FECA-1BAD-7EA4-8B61A9309D00}.Debug|ARM.Build.0 = Debug|ARM
		{4F4E7E5F-FECA-1BAD-7EA4-8B61A9309D00}.Debug|ARM.Deploy.0 = Debug|ARM
		{4F4E7E5F-FECA-1BAD-7EA4-8B61A9309D00}.Debug|ARM64.ActiveCfg = Debug|ARM64
		{4F4E7E5F-FECA-1BAD-7EA4-8B61A9309D00}.Debug|ARM64.Build.0 = Debug|ARM64
		{4F4E7E5F-FECA-1BAD-7EA4-8B61A9309D00}.Debug|ARM64.Deploy.0 = Debug|ARM64
		{4F4E7E5F-FECA-1BAD-7EA4-8B61A9309D00}.Debug|Win32.ActiveCfg = Debug|Win32
		{4F4E7E5F-FECA-1BAD-7EA4-8B61A9309D00}.Debug|Win32.Build.0 = Debug|Win32
		{4F4E7E5F-FECA-1BAD-7EA4-8B61A9309D00}.Debug|x64.ActiveCfg = Debug|x64
		{4F4E7E5F-FECA-1BAD-7EA4-8B61A9309D00}.Debug|x64.Build.0 = Debug|x64
		{4F4E7E5F-FECA-1BAD-7EA4-8B61A9309D00}.Release|ARM.ActiveCfg = Release|ARM
		{4F4E7E5F-FECA-1BAD-7EA4-8B61A9309D00}.Release|ARM.Build.0 = Release|ARM
		{4F4E7E5F-FECA-1BAD-7EA4-8B61A9309D00}.Release|ARM.Deploy.0 = Release|ARM
		{4F4E7E5F-FECA-1BAD-7EA4-8B61A9309D00}.Release|ARM64.ActiveCfg = Release|ARM64
		{4F4E7E5F-FECA-1BAD-7EA4-8B61A9309D00}.Release|ARM64.Build.0 = Release|ARM64
		{4F4E7E5F-FECA-1BAD-7EA4-8B61A9309D00}.Release|ARM64.Deploy.0 = Release|ARM64
		{4F4E7E5F-FECA-1BAD-7EA4-8B61A9309D00}.Release|Win32.ActiveCfg = Release|Win32
		{4F4E7E5F-FECA-1BAD-7EA4-8B61A9309D00}.Release|Win32.Build.0 = Release|Win32
		{4F4E7E5F-FECA-1BAD-7EA4-8B61A9309D00}.Release|x64.ActiveCfg = Release|x64
		{4F4E7E5F-FECA-1BAD-7EA4-8B61A9309D00}.Release|x64.Build.0 = Release|x64
		{7607E6C6-FECA-1BAD-7EA4-8B61A9309D00}.Debug|ARM.ActiveCfg = Debug|ARM
		{7607E6C6-FECA-1BAD-7EA4-8B61A9309D00}.Debug|ARM.Build.0 = Debug|ARM
		{7607E6C6-FECA-1BAD-7EA4-8B61A9309D00}.Debug|ARM.Deploy.0 = Debug|ARM
		{7607E6C6-FECA-1BAD-7EA4-8B61A9309D00}.Debug|ARM64.ActiveCfg = Debug|ARM64
		{7607E6C6-FECA-1BAD-7EA4-8B61A9309D00}.Debug|ARM64.Build.0 = Debug|ARM64
		{7607E6C6-FECA-1BAD-7EA4-8B61A9309D00}.Debug|ARM64.Deploy.0 = Debug|ARM64
		{7607E6C6-FECA-1BAD-7EA4-8B61A9309D00}.Debug|Win32.ActiveCfg = Debug|Win32
		{7607E6C6-FECA-1BAD-7EA4-8B61A9309D00}.Debug|Win32.Build.0 = Debug|Win32
		{7607E6C6-FECA-1BAD-7EA4-8B61A9309D00}.Debug|x64.ActiveCfg = Debug|x64
		{7607E6C6-FECA-1BAD-7EA4-8B61A9309D00}.Debug|x64.Build.0 = Debug|x64
		{7607E6C6-FECA-1BAD-7EA4-8B61A9309D00}.Release|ARM.ActiveCfg = Release|ARM
		{7607E6C6-FECA-1BAD-7EA4-8B61A9309D00}.Release|ARM.Build.0 = Release|ARM
		{7607E6C6-FECA-1BAD-7EA4-8B61A9309D00}.Release|ARM.Deploy.0 = Release|ARM
		{7607E6C6-FECA-1BAD-7EA4-8B61A9309D00}.Release|ARM64.ActiveCfg = Release|ARM64
		{7607E6C6-FECA-1BAD-7EA4-8B61A9309D00}.Release|ARM64.Build.0 = Release|ARM64
		{7607E6C6-FECA-1BAD-7EA4-8B61A9309D00}.Release|ARM64.Deploy.0 = Release|ARM64
		{7607E6C6-FECA-1BAD-7EA4-8B61A9309D00}.Release|Win32.ActiveCfg = Release|Win32
		{7607E6C6-FECA-1BAD-7EA4-8B61A9309D00}.Release|Win32.Build.0 = Release|Win32
		{7607E6C6-FECA-1BAD-7EA4-8B61A9309D00}.Release|x64.ActiveCfg = Release|x64
		{7607E6C6-FECA-1BAD-7EA4-8B61A9309D00}.Release|x64.Build.0 = Release|x64
	EndGlobalSection
	GlobalSection(SolutionProperties) = preSolution
		HideSolutionNode = FALSE
	EndGlobalSection
EndGlobal
